---
ID: "63bfb038-ed81-4af6-b055-2315093fb386"
Parent: "3945e2a8-e4dd-4bad-84b4-73d51027770f"
Template: "f1828a2c-7e5d-4bbd-98ca-320474871548"
Path: "/sitecore/media library/Project/starter-collection/starter/Icons/content-block"
BranchID: "00000000-0000-0000-0000-000000000000"
SharedFields:
- ID: 06d5295c-ed2f-4a54-9bf2-26228d113318
  Hint: __Icon
  Value: "-/media/63BFB038ED814AF6B0552315093FB386.ashx?h=16&thn=1&w=16"
- ID: 22eac599-f13b-4607-a89d-c091763a467d
  Hint: Width
  Value: 256
- ID: 40e50ed9-ba07-4702-992e-a912738d32dc
  Hint: Blob
  BlobID: "440dce20-820e-4bf5-b1b0-4c83c584e463"
  Value: iVBORw0KGgoAAAANSUhEUgAAAQAAAAEACAIAAADTED8xAABZ5ElEQVR4nO29eXgUVdcv2jX0PGGAMCUMkUkUIqBBBJzF9wWHNw4MioSEBM/33ef7457nO/eve853zr1/3Huf537nz/sJhDAIKJOCgIIgvgooICACyqC+zCAESNJzV3dV3WfvVbVrV3V1pzPQnaR7vbyxU+mq2rVr7bXX8FtrMbIsW4pUpEIlNt8DKFKR8knFBVCkgqbiAihSQVNxARSpoKm4AIpU0FRcAHmmohcuv1RcAHkmhmFMjxcXRm6ouAB62cIoUvdScQEUqaCpFywAUAaIStAJ3UC5giX/SoX2FOrvur8q/zr2pO18Df9ZNtyp01frFupJ2h1v6REkWSwM/mfC9LIsMwxDfhL1gHyGP9HfRJdg8P/UqzEMI2HGYum74P8RZUN3eooSgo6jIzK5LDnIoFMY+AOMmB6V4eLKUOFp8YkWhlxcG1fqw7Z7Tf04YZT4EfGw0QH0TZlIPZm6vuGaxgfXz3OG72tzqByVLBaWwaR9Bz8x/brzSNr77jkky7IkSRzH5XsgReo2EiWRsTAsqxNzPYF6zgKAYTCiKALry7J8/fr1q9euNd9pFoS4hWFYBssSFssQi8wioaKKT5PL4YNYICOZZLGwLD5dtwPDHkB0IzgJiS9ZsoBgV0QpOlER/SBPFZGGj4K8xWJPuZYqv1XRiy4qMXj7UW4J92tv8ukdCb6f7hSdlKV2P+0B6GvAsGRZkrRHZxg8r/BkoDPC+GH61C0udeTosdF84W/DlobfFMuyPq976NBh5WXlTpcLbQcS+hqL5gFtFfSwCnoBKDONhiKzDBsKhQ4cOHDo0KEb16+HImExKWq6DOhKMOss3kjp69A6DF4n5Bv45TEsOkj4nUHaAf6JOF5dMFhlwLyvY2DCReh1M2h5oM+IqQmjw+UwA6g8rptehmG1RaL8xMMi48A/086SfiVkWgYqC8ON1BuC6iURJY5RfyirXnsXiuqpPgqsLDNWVZ9bu5Esg6BRV4Jstzv6P9R/UuWkF196eeyYMbAbcCxnpm0V6gKgFc1vvvlm48aNN2/etFltNpsN7Qba28rWjMVTi9aHrD8Pb8EyfqeY3bBUkyUJvWciITX2Ug4RbsJ7jm4caEnJoqIfk4HKFiJYdYRuiKQp8IvCPJSoJQJX1d/VVSGho+neVKoqD8tARv+jLqJdVFs/DDwKqOTavgSrXXtS7Qf9NJolpjwO3kQsDKsudXyWJMmJRCISDdts9pdffHnx+zUen1sUkyzH6bapQl4AMIZkMrli+Yov9nzhtDvtDhueX6QRiZIoY4YC607dLjSWoK1Y8oGom9oDIu1JMQixrFWYHu078AoVAxYZbqAS6ASjhVHWIiUNkYxj4OtkneBD6BjZrXQnaFuQdoLhfHV1tLfiDe+OUoEUa13bU1RpTp4G5oCh75CBExQ3Wuq9NElB5DlaemgBoF84jmFYDhakKIqtra2jRlX85//1Pz88ukLdByyFvgBAr5Ul+X/+z3//5u8HSkr6i6IEo4rHYzzPO51uK89JaO9W3hFaBpqSan5NWiCSU1jgcUVPIa9UIuIb8wW6DeZ/ZZsAGapIVv2S0ynXsCAULZ0o65rZR/w/MOup2g5mWf3FiZmSfvaokehupIzM+H71vzLqtqC6Slmk30na2NRBmw2B6I94rmCBqROJ90ZLJBKJRmNWK2+320VR5Dk+GA56fd5/+9//bfSY0ZIksUgrVcRZXuzj/C8AmIU1a1Zv2vzxgJLSJBYMsVisX79+kydPHjVqVElJidVm0zvOdKM2fQR1kWQKqabINRNS/YbIYlQkK+2xNBuA3nLVaVOFRm1tbdeuXTv106nLVy47nE4WW8aRSHjAgIH/9//1/zxU0g9sBnAY0P7hQlkAwP0nT5z8P/7P/+5ye2RJ5jguFA5NmlT5ZnX1Qw89lEwmRVE0xMLatQvVvTirqUy9eLoT4ar6iISqmGl6Flyzndulo2zGbAgRkGhE9lGs1GF3hehAgWEj4liW4/lEInH02LHdu3fB/sbzXFtbYNbMZ/7L//avyDmGXUa5Z/18B8Jga2eZZDK58eMNjAWbRCwTjoSrqp6cP2+BKIrBYFCx59K/KFrvp4M1HfIvGC6S8ndQ9Ikyo9uLUr+sd6u0f1P6Nhm+r7piVPtVsTToTYbedlQnLj5OeJL6jlGJ7/YoMMsivV+KCzzPPf/scyUP9fvoo/WSJCVEi8/nO3j4u1dOz66srCSO77wsgfwtAMYiiSjader0mV/Pnevn7ydb5FgsPmbsmHnvzBcEQRRFUBAzc4ZB8Bj14CyIZvqUsxQxr0ZPFf1W9ximz5aFvyrrEZIxGG6hjZp27pK/qjehOT41DsWojA8XlPC20C1sSDxvrChJLa0tkyZVvvZa67ZtW+2cEzb/vXv2VlZWqo+hOqsKBAtElL4jR7+XRTRZkig57Pa5f50ryzLN/fkbIPgT2TSs0w5RnNc5yYZgC7ABUoyegY8N/+B0cvdM42eQEoK+DJ43PPKu7wWwG0sMI7GMhef5QCDw1FNPjRkzTogJFovFbrX/8usv9+7fU22A/ABg88dk2PoRk8nfL/7ucDosFkYQhIqKirKysng8nkvuN513zA0smL8w3A7yBENHpTB7ZXu64sSHOLdyKTKSdpeiYRkQzS0zb8mG1UVtibCQOrEeaL1L+cSy3LRp07CXTbbarMFQ8MKFC+CGo0ZSSGjQu/fu3b13T8U+WMaNG6+DTeWDVJELDKcCNPFfOnIZEgRQ5LF64XY0NPU4YfcODFy/YOBXsoDpgZGHkjNdTtkQYO0ZAW0ZTwSCEzkiQViWiceFkSNH+v39EokEx3FiUvzjtz8U7Yd4jeWCsAGQ559huGAwmEgksD0nWq3WgaWlEvY2duhaXV8yaa6g2JidUmBoyaJj5U5YKR2kzJydjchj0v6h82NGJ4pi0uPx9O9fEgwGOA4tqubmZjXMQAKPTCHsAMpDJhIJ8IQiZzvH2my2vMclivRAiWVZp9OJUHGYBxIJZA8gnKOCA8n5eCx5I1jwipRFSESElgW0ZJH6LDFElQJXLdF8UlAjfXsByKBgGMV9WthhkfoIyTjZQ/HOKnAkDSkly7mOzObLBlDUYsq0Isi0IvVxYkgA22hUgOOoIGyAVFunKPcLghgSuAQMHXIWGdM6CsQI1tAH2uE8WEFFyh3p5D22AQF7rqapkf8WTBygE7idIvWRTUCG3Bzdqy8cFSgVi1KkgiCGZC8p/n9IXYD/mKKe+mxZFJD9+kP6FKUi9Uli6Leu+sHzlR6f9x1AT7kOhBcp7wRKjwYbybE6wPYAuKW29IuqUCEQo6vgYszYzLFBmOdIMJ2XoSVvF6kwSEakILbV2GgBoUHVPLo8YGCLlE+S6exThfnV2EDOtYD82wBo4SuTUFwKBUEylUCdkuWNqtnk0jGY/wWgesVYBIwrBsL6NDEUFBx91hWtBn+olvFcKAsACJXsQxVpiiZAXyY5nVynXSEFgwaliLgE8jKWIuWcSFEZvd87D1HRPO8AWi1/VMqzaBAXuClsyT3lOSOMVK1USrJ2T0GOIvUOkg0VWHF+TOHEAYxEKmcWqW8ToxYCwoUvFBWAqrRXSCoQLlaO/ikA6SIUoheQ1MXzlRLxSl1uRFoRO+QGLaQdADF/PjNCi5QfnoFUSAJ+Vl86LpldGF6g1PJJ3VKNrEi9gGSl0xMBQ8OCkAuzS6Ramh5vAriDUXEZ9ARi9PJIzWDBYLUu2qnUFZS4L3y2FOACgMqb0DcTu0GxEWBExBV0if2e0LpNkiSbzW61WqFsqyAIXV8GdAoAaU+itVctmB1A129C2RmLmNA8k0zaDcuyzPNWu916507z7dt3LBbLgAEDBg8eLAhCIpHoXAlXqlu4+qIVJqBrWRfMAtD6YxXDYD2FGFgDoig5nY5QKLx7965Tp36OxWKoqrPd/vjjk2bP/ovL5YpGo51YA/qMMDU1UulqletNIG+1QVO7SJAOYH1oGXTgWTL3SH3QpxtIklDtbp/Pffz4j7t27WppaXW5XHa7HTj04MFDf/xxqa5uaUnJQ2QNZOm/17U6ltGN8Cea45V1kJtl0BO8QKRIllZJWU2PgAwJkjPTN13mpBFfV6hbuF/GJIqiw+FgWXbHju0ff/xJJBL1+Xyke7nFYvH7+/35558rVixvbW11OBydCF0Bf6doPMgPojb4Kxg0KOkPpdq/QIa2Dh3uT5EPUqI67RYfNwA+8uQA1BGwvtVq5Xne4/Hcu3evsXHlgQMHHA6n1WqTZYsgxCKRsCAkJElOJhNut/vevbuNjSvD4bDNZoNqh1neS60Niu09re1map+bQrEBCBZIaS6u/6MRLYgrCaCOCri3WpdWBa5R3HWiTXayZRlacZFNTFnt6WDB+u7CpncxbImZZiBLBV1Gli5vtVrv3r3LsuyNGze2bt0SjUY9Hg+uYs+EQqFBg0pfeOHFeDy+Y8cOvCREp9N169afTU1NDQ3L7HZ7PB7P8nXop51GAudU+ekRZVHSE7w5widajzpZlp0uF8uwcSGeTCa7Mlkul6s75tqEmbEpRxc7MOXa1LWNmrHqy8Xo6ufhklLZqgeSJMXj8fZHL6POnCzLbt269cSJEzzPJ5NJbOw6GIYVxWQsFn3qqelz577qdjtZFpWw37TpE5vNzjCMy+W6dOlSY+PKhoYGq9UKrR6yGRt9/zSfC6M4rrLidWLSwB/APdp6QG1VT564d+/exIkTBwwYmEwmcF/yjs0damDCsj/99NPNmzdpMdmJ9aB2mLPoxswq0Q0w9ZVC2Ni7aGFk1JELl4OHgcDYlS9iRKT6tGDZqrFCfDno2EeafylZ5WqFPTIAWbYMGjTo0Ucf1RmdZoPnMK1fv/6nn35yu93QsxH00nA47HQ6589f8NRT02KxeCgUZhhLVVUVw1g2bdoMt/V4PH/88fu6devq6upIt6+OTp3aBNqkVFTfV4HQ+1bQUbAQDMqD9kGSJIfDsfuL3V/t28ex7PETJ5bW1ZWU9AeJlT1JkuR0Ovft2/fll19yHCchhUopTNmRy+CcvnSti1WdllKGsKcPeiHqSmRCEyHo2QsOeBExBLGMtBmAtnOpChX1mypQeCsvy5a5c+c+99xz6ZQTGbVpQ9y/cePGU6dO+Xw+UE7gy6IoVVRUVFdXl5UNCwZDqOkvtoPD4VBV1VOSZNm8eRNo/16v7+zZs998880rr7wSDoczdibXVqPi9NYWvwKKKRA3qH6/U3rCsSySnGk1e5ZlY7HYmdO/WK02h91548bNX38998ILz3d052VZNhqNnjx50uFwwCtUGdfE3siolWr6jOl3FNcksG2mF8vS/iKVReAI2gzo/sfEgM5oOiO5LorikSNHqqqqIIKr/wIjSRLHsVardePGDSdPnvT5fMlkkmyGeGdg33zzrZEjRzQ3N1utVmr2uFCo7amnqmRZ2rJli9VqBV3oxx9/nDZtmsPhyNKyUoOeUBxXUwhy7O3I/w6ASJFq+DXLmTbrRCKBZwjZv1bemkwmOqE4yrJst9tLS0tv3ryJf4UmhaZTbzBnDU4q7YqgfijgLvgv1mDIGkEwD7MW3NQFgWAw5LhIvsCgvYISnypQwXBZkOuyzEYisfLy4Xa7XRTJRch3JI5jHA7HJ598fPz4cZ/Ph/vSMtFo2Gq18zziikQiuXp1U11dXWnpoEgkrPSyxsRx1mAwNOPpp6OxyK5du3meZ1k+Eom2tbW5XC5RFLOVR0oTPm1c+uzgwlgAaitCaMnZPjvLFpG4ivGu2clo/Ny5c0VRbG1tBcvSsJDIhqCyI0GtaiuBdPdRut6rGouGa6G+TrJA6BuRYvm658PqQOrCBse56iQCoAJW9mHtKcgFrdfviBHlr732Kr17kEdjWdbhcGzevPnIkaN+vy+ZRFMaicSefPLJK1eu3L17z+Fw8DyPHZ0r6uuXlZaWRiIReg0wDFqpXq9XVrQm1a/fATVSN6O5b5HdUxZAxwkpDIqE7VQKJcMwiUSif//+dXV1EN4H1knxSJDXCVY4+UwlcJD/EknfTtiOFvlGyU0xBXCtYhqCLxJ6SSiWI42iVywHxIKwAEAJcTpRQ3aDfghfczgcn3766eHDh7Hmg3qSh0LBZ555dt68eRcvXly1qjGREHjO6nQ6W1vb1q5d29DQ4Pf7Y7Eox/EwTqvVFgwG9+7Zy/NoVYiS6PF4fD6vJLUj/qm/asBfddoKyw2qIxnUmqz3TpJJ3LnbwRpAz4+3ezIKw7fU94EtNMXkBe+NbuyqByMbGF8HxqzK7s7Ui8UPiELpKT2IGJfL/emn27799luv14s1HzYYDM6aNau6urqtra2ioqK+oaFxxcqEINidDpfL03y3ecWKFR8s+8Dfzx+NRjmOlSTR5XJ99tlnd+/ec7tdFosci8aefvppn88fiYRZlmt3bNqnTGGfAokEQ7McEgpsh7CWJKOmmpT7o1P3VbdsWRaVFA2MRlL/Sdg7hAJb+KcoyyLWyCX8ffRPkkSwH/C5yJWkfk5HUnt/Jf8AkqC0lMt4VpprIUmcanUg7v/88x3ffvt3j8eD7WDUqnnmzBnV1W9EoyGWZcPhcMXIkQ3Lltmctng8hjxmdse9e80rVq5sbr7ndDqTyaTL5fz113M//vijy+WWZVkQhNLSgc8+84wQF1hkqGQ3/0ZJoRjEhZcUr8p+juXaVQRxoFW2MBKOGMOXSS/yLoxAdwVFm6GaFdAOWe2zTrUAxbydgRA9ypTgQaDBusHq6AQxlAGNxybLHo/3yy+/3L9/P8X9galTp1ZXvykISWAGjuPCkXBFxailS5c6HA5BiFuQyuS8e/dOY+PKu3fv+Xz+REL88svdLO5qy1jYhJD4y5y/lpT0T4hJJYSRJVEuUWJrFVZSPMjgRCKRFBKCICDlNfPza38EjwtgB7o4ZQbuBxAefSSDQk90du1nZwluSnBETDe+XFmWfT7v119/tWfPlx6PRxQlnueDwcDjj1e+++67yLcmi+BlwvYGFwgER42sqK9vcLvdOP2FdTpdgUDbf/zH/3fr1q1vv/371avXHA4HQkmEQ088+cQTU58IBkMogpY+5kahG1XUrxICo1DBEEAvqB1AyQ5FWgXe/TMHpBTMdLfvk8QcQ7FYVVNP58/uNDIvP6g3SZJ8Pt/Bgwd37Pjc7UZKC8dZA4G2ysrKRYveTyaTKpRNC8eifSAcLi8vr6mpcTgc8bhgsch2uy0cDn/44YcHD37ndLpA+SkpKZk799V4LK74gTORUePX0KDUtppjb1DeF4AiB7CPQ52gTFMAIqpdKFHnCFXnRQaGOSgDlBNtJHmpZ9857j98+PDWrducThcwdzDYNmkS4n4ZIfIlHP8iYBPlicAeGDlyZG1trcNhFwQBsmFisZgoyiyLfFPxePzVV18tKSmBJMmMA9GAvSleBPhzftygeV8AGqmol0yChCokQMekuoWkNDAk+iBBJcHBHjR7Gbj/yJEjmzZtgnQWhmGCweBjjz22aNEiEOF6xtVtbjzPh0Kh8vLyuro62AdkGa0fuE4sFq+qenLy5MnBYJAOEWQkZO7Rv+tr4hZWiyREmWKjpqQAyGEZEDOg66Tt/uqvZDQkgEX/6wUE3H/s2LFNmxBoB/B/oVBo/PjxixcvhhABmxEvDdH3WCw2cuTIhQvftVp5SQLDGrGpzWZ9/vkXOpQJYHYLfDkteFhgblDd8wJP64L9pueokcfuHH06Rk9lerIn0DC1HkeiKHq93h9//HHjxo0YqoA8NsFgcMyYMUuWLLFYLDTyJzOBq7SysvLJJ5+MxSABUnH4sqwSdOsmgt7xBWYE0/EQgotWkQjmWEtUQwXPVHeLC5rd6ZlJdZL2aJIkye/3//TTTxs2bLDZbCymcDhUUVFRU7OE4ziV++Usr+bz+fbv33f06FGnE0F98NWCM2bMGDhwYBbaP6GUF6qCfyF8ooi/blxQvaE/AK320xME+Bz9OThnD4s3FI5NJhOws+ds0L2CQPafPHly/fr1VqsVuD8SiZSXj6irq7PZrIIgqLKfaeda2C3n8Xi++uqrrVu3AtyIZZlAoLWysnLOnLmC0CEcboqKT2B/BBSd8z01z10iCUBcnUcDIk0R+QAJEEXR6XQ+++wzLMu2traVlZU9+ugEAPOoqRXdOHntgnl6Iomi6PP5fv7553Xr1vE8D6lekUikrKzsgw8+sNvtHSrmI1lkL4oefL1r10632wMnxuPxSZMm1dTUCEK8swaAUglBfb2K4quawZYCyQijYloE7G7GdWQNsCwrCMLTT88YMWLkvXv3Kioq3G53IpHELjlZDXz2GiO12wl0lV9++eWjjz4CvR+s3vLy8oaGBofDEYvFsuZ+WZJkn9d34MCBnTs/x8nBEHNkGYYThGQ4HHE47JLUsVQkwy0I+gXAMHlRL/OoAnVY1wOApCAIw4YNmzz5cafTgeUZCZwR3b0vVRbKlkQR4THPnj27Zs0aFid6MQwTDoeHDRu2dOnSjhaxkiTJ4/EcPnzo8x3bnQ4XKD+QemqzWS9cON/Y2BiPCzzPdcpvk3KKhhXPtfDKvxFMMKDZTCWgIwUhEYlERBEiYoZiKr0gOPWAZP+5c+fWrVsHgS3QfEpLS+vq6jweTywWy9pVbxFFyev1Hz1ydMvWLU6nA4HOGYsgCKq2ie519erVrVu3cFxXNQglmZmYAQXjBlXcLIT1s35yJWkIK7eK4MDCieBnepOrvlsIpPW5c+dWr14NEDeLxRKNRgcMGLBs2TKM489e87FgK8J75MgPm7eg0g+yheGwHjVu3LgFCxZgjKokiuiOp0+fOXHiRKcra+grISiBndx7NPLcKd78D5kWQ4Z0E8L6hbIDQO6Lz+f77bffCPezLBuPx/r3719fX99R7pfwWjp+/MfNmzdbrXY8m6go0OjRo999992nnnoK1oCaE8MfOXIkkUAQiU6QIflISRHOeWms/KtAhPSCJHVgJCHLdIYIgKdQuB8khd/v/+OP31atahRFked5rB8KDz3Uv7a2dsCAAVlzvwQeCL/ff+LEiY0bN+JUd5bj+XAkPGLEiCVLajmOu3///pQpU2bPnh2LxRiG4Xn+/v37bW0Bs6R73TBTXgpV9AmXjMFfyc++nWc3KMTnzVLBMiAxU5cKVFUoINYHXcXtdl+5cmXlysZkMgHVGQRBcLlcDQ31Q4YMMWTxZiQWbOjjx49/8snHPI+iBxzHRSLhYcPK6uqWOhzIf8pxXDweHzduHM9DYiQrSRLExTo6eF1xFCCU41FAblAtuTZL5V/N+FZmr1u8Zt0axu8qdajlBPDrjRs3VqxYEYvFoUKtIAhOp6OhoX7QoEHhMKrjkKVlJSKr13vq1CmMm0Dcjz1IodLSgfX19W63G3YSqKD4/fffQ90HWRZZlud5vr1ppDOSlbw5418LOCkeUrlpP6bJOwPQg5okbmioaorizOLGsux0olp/6i2yPSubrxny0E2PG/4kCEKWlR4lSXK73Tdv3vzwww+j0ajdboekIqfTsWxZw/DhI4LBoCqks40cnz37y8aN68F9hOsmRQYPHrR0ab3X6yXc73a7d+7c+cMPP7hcKBkgmUwOHToUSqqkHzYNK4QZMCAg1ddHesUVRlI8HQVDKHzsayN4cZ1/wICfVSuv0QU3MxvH5sRx3OnTp2/dukXyaJULKXXRdC+VvBWSoUsOaoPAYgx+hVx7tVKDOaKJSH3cgMg2efLk/v37twutkSTJ5XLdvn175cqVoVDI4XBgXKdgtdrq6+uB+0nthiy5/9dff/3oo7VYG2UZhg2HI6WlAz/44D95vV6IHuB0Ss+uXbsOHDjgdrshAJxIJGbMmMHzfDQabW8B0DNp+IIO0Jv7Rtl5rg0KSd9YDNPVQkEcoBI4FOBN2R/04t8wWVnNHZRY/Prrr7/88kuyg9McAyxOeJeU1iHfNH9JWu3nrPYTcnGWZROJxE8//bRs2TKv15thHwDux7X5VwQCAdB8QDtfunTpiBEjIS8xq+ICeOa9Xu/58+c/+ugjiwWMMVQzj2g+uAYEKh3p8Xi++OKLffv24ZAwwkgHAoHnn39+0qRJGbmf5KxSv+ten+oHVyFBuXeD5l0FwkS1CSNhQXUN0Akohp+dtAGweRc5ceIElEY0GU6auET28Yp27UIa3wE/b9y4ce7cuZkzZ6ar9AhKyJ9//rl8+XLC/clkkuO42tqahx+uCIWQ7M9meMB5Xq/34sXza9euxSnCgBoKDxjQH6IH8XicZZGZC2C4vXv3guwH7p86dercuXOhtEzm+xhwtVBxI/XhlFfdAR22r9QGxbAowDinPj2dnZhKnZwnSZLsdvuQIUNu3Ljh8XhMNXuoLQLvhLCj5rugNoF0Kj6J8Znq/YZyPZIku1yuoUOHphP/wP3Nzc2NjSuDwaDT6ZQkEdixpmbx+PETQqFQ9twviqLf3+/ixYurV6+RJAkwttFotF+/h+rq6vv160c0H5fLtXfv3i+++AJzv8zzTCAQmDRpIqTSZweG002U3tbXquOSEuE5pjz3CMMEVcJTs7E6ZtR2lN544w2e55ubm+GVmHJ5OrGdTrk3fNPMY4s4hl4DOHSFPsya9cyoUaMikUjq7gHlrFtaWlasWHH/fovT6YSIrMUi19XVTpgwIRAIdATpgDxIFy9eaGpalUgkYQ8UBMHr9dbX1w8cWAqVQKHs89dff717925K9qN0yvffXyyi1Qc1wrLdh/XeDuVY6szl2A+aZxtAb8tqq0JtHJbq4emOezMMru7kevfdd6EWi15a616SwTZol+8z+HlMCdgdI5eRNWnK/Q6HIxgMLl++vLm5GUr4i6KYTCaXLFkyfvz4tra2DnG/2+25fPnK2rVrkkkRy345Ho+73Z6GhoZBg5Q6uGAe/P3v3+zcuVMtJIHywh55ZHxNzWJJkjqUUkNIa2Ng/INa5w8aZfX1BUBne2Ve8XSpgu4UDJBdAK4eYpaleFe10uTkLFOHKVk/WG3QvWBScpQuwWtYRQyDVHlcodZ4ZehXFwqFli9ffvv2bVx7GZWskyRp8eKaxx9/vKOy3+VyXb9+bfXqpmg0BrI/Ho/7/f6amprBgwdD7Az0/m+//fuOHZ85HE7C/RMmPFJbWyvLFlHMNp0yM6n1AClkkK5tdJ9dALS/X+/j1DmDu1/2m94rPUFdRNrsNiXNMlZ1JLrGDl173WRXUeN6Jq4bkP2xWKypqenmzZugh0iSJAhCXV3d448/3tbW1iF/v9vtvnHj1qpVjdFoBPALAtJ8PEuXLh06dEg4DNwver2+Q4cOf/bZdrsd+Vhx8VAEhluypI5lUbCZ0nw6zKukyq+aBWtwg1pyTHnuEabm/io7YxrV+UFLhHTXl0j7vnbON7+AzjhWF5LpuWw6Sz0Wi61cufLq1aug+ciyHI9HFy16f9Kkyra2tuxbEgH337x5c/Xq1ZEI4n6GQd1GPB53fX2DGjlG3cG8XlRGZdu2rdjORnsapNLjDkgWnAMJN+3KS0l3bh7yW3OPBTKxLHW+4J5C2H+Hi2SpBkmGb5JdgmxuWkhbVwbfcKZul9NMICL7V6xYce3aNZfLBSGIaDTy5ptvVVVNC4WCAFjI5klwXUTfzZs3V61aFQi0QX+7eDzmdLnq6hBqCMd6Uaa83+8/efLE5s2bQTviOFQb6+GHK2pra3meTySSXYDs6yBxBpeD6l9upyxgH4wEq2VhFDdYD8twp32a7W5EqVsWqOZKlcWU+J2ZJUjJ/kQiuWpV47Vr13ApT2QexOPx+fMXzJo1K3u9H8x9t9t97dq1lStXhiNhVB4Lxc6SdqutrrZ2+PBy7D9Fer/P5ztx4iRAQVU4UKSiomLp0nq73dYhWHX6+VHYnR4iJfyg3Ecf3wGIsFTszh7G9N1OhkyddkiSRLsdtS1rbFx55coVwv3hcLi6uvr555/HSIds3xo4u27evLFy5YpQKGS3IdRQUhRZjl1SVzdq5Kgw5n4ARGAw3AYAw0FC2fDhw6GQRJe5vx3S7ZFMISXEKEkQfXYJGOoo0tXPTQjHpGySJDc1Nf3xx+9utxc0n1AoVF39t5kzZ7a0tKiwkfYJimjcuXO7qakpFAqD1YsCbRZLbW3t6NGjw5Ewh7sC+3z+n38+vWHDR2odCaT5DB06tL5+qd1uwyHhB/KG6Eq47XXW6bMJMUoSEN4O+t5uIGWfpy9JqGQ5w7BNTU3nzp3zeLyiiHTuWCz2xhtvPP/8C6Yxsszcf/fu3ZUrV7W1BaAwaDKZ5Hm+ZsmSsWPHhkKoHQbmft/PPyPZz7JQSIKJRCLDhg1raGhQi25ku+SyIcAgKZ813IsKBiKVUgonIUaZ2gLKZDQhgNrzvHXDhg3nzp3z+fyY++VQKDhnzl9nz54dDCKrt6Pc39i4qq2tFfDSoErV1NQ8Mv6RkKb5eH755Zf16z+Czqqg9w8aVFpfX+/1+iDzq9sflsTdCQY6X8kAPaEyHAUG6mviP1uCSJPVal2//qOffkItezGzsvG48Morf3n55dltbR2LduHmdq2rV6++f/+ew4H1fhy4raurGzd2bAhnC4Def+H8hfXr13McyqXEXqbYwIED6usbPB5PNIo2nAchj9X6lpAFqc+OgZqvhVEVghYGfdgMaIcAY2O32zdsUBpW4yRDFKAdPXr03/5WHYlEsucJjHLzt7W1rVy58t491NJLkpDsl2X5/cXvjxs3LhQJszbw93t/++23tevWAhwdV4GOPFTyUH19/UMPPRSPx7NPKOsoKfIetx2EI7raoAWYFK+2fFRIX/S2L9c4Ac3HZrOvX//RiRPH/X4/sKMsWxwOx9Wr1778co/L5SRfz3w1nC3g/PPPmx9++B/Nzc2AlwblZ9GiRRMfmxgKhTmWk5JI9v/++x9NTU2iKHE84oFYNNa/ZMAHDQ39+w8AiP8D1MXR89Huf12EIF3E8EGNxdIjCJ5ZMbZkpdMa6SfVN40DwA7ZbLZNmz45ceKk16vkFuJydzg+zDC7du3YtWs39CPKzJEQPbh/v2XFikbodA3fF4T4woULJ0+eHAqFeB5Fu9xu9z/+cWnNmjVgE7Oo1UXU7/ctXVo/AHP/A/V44pfNqvKONb5bxmLWPqavLwB1OkhlBzIrfXYBAHc6nc5t2z794YcffD6f2t9ULC0dGEMttxiWYzwe7759X+3a9bnL5YKO2ab1MoD7A4HAqlWrWlpa8JfRwVgsPm/e/CeffBJs6GQy4fV6L1++umpVoyDEIdwbi8YxELph4MABEWz1PlA/DN1QXoOZKKXN8kA9YgGY6ThSmjXQF5YEvH6Px7Nz587Dhw/hdu1JAOfMnPXMv/7rf6msnITdlJxFQiiGA1/vB1gyw7CQlUlfTRRFu90eDocaG1feuXMbsgUA6PbOO+9Mnz4dWhjhVHrP5cuX16xpEgQBZy0z8Xjc6/MgONDgwVGl+cWDf3zV302QD1gCKmmxheMGVYhOgaccQaALEeeornVAH7AKvF7vV199tX//frcbqTcsywYCbc8+89ycOSjP8L33Fk2dOrWttYVVwMneb775ZseOHXa7U4VVKyRJosOBcAqrV6+5ffuO04lQQ8D98+fPmzFjejCIFlIymXQ6ndevX29qWhUOh6GvQjwedyE40NJhw8rC4bCKcnugBBq/nJ4D5YLMCdalCBnKPQDy1pA304sXALRv2bt3765duyDXBCKvzz333KuvvxqNRiVJ5Dh+4cIFDCMfO3YctCO3233gwAFJsrz++uuxWIRczeFwxuPxVauaCGJUkqREIrFw4cKqqqpAAMl+SIK5efPGqlWNsVgcwgKCkHC5UBmVYcPKQqEOlFHpMsms9vokpTIcPg5vthBbJEE5ADUbCzoxEoC0gel7sfgHh0y/fv3279+/YwdS6zH3o468kx+f/Le/VQvxmCQhOziZRL3DFy58b9q0acFggNQA/fbbb3bs2O50onq0kN0iCMKKFcuvXLnkdiPZL0moden8+fOmTZsG0S6Q/bdv/7l69Wos+1EBuUQCcf/SpfUg+1WPZw4mlkFdDgmwQt3h1U7xeVBve8oOoE8mpF+GwebrxeIfSnl+9dVXO3Zsd7udsowiAKFQaOrUqe++9240GsEtkJEeAhwfi8UWLFjAcRxYyZCm+N133wqCUF1d7XRaA4FAY2Pj5cuXYCeBPMnFixcj9aktyPOopoPL5b5//35jY2Mg0AYJLkI8brdb65cuHTFyFMCqcz0LqNWkmhWtyDeUE6QW/svpG87/DkABwfX9o9Sm8OSApTcTcP/hw4e3b9+O8wxRv4lgMPTYY48tWLAwgdpQGyssQCfqt99+e9q0aYFAAIqUeL3ew4cP7d69SxASTU1I8/F6fTjahb68YMGCJ554AhCjYBy3trY0Na1qa2sDOJAgCFabrbZ26XBURCio5/4HN8O6K8sKFsiIfsGbvpxjluwhOwAiFBdEzgAVKKLWSdFnidLo4l5DpF37pk2bILDFsmxbW7CyctJ7772XTCYA+2A4i2WRBQzOHFmWjx49CvuAx+M5evTo+fPn79+/T6yISCSyYMGCqqoqyJFHsGqcTLxqVWNzczO4hqBBWE1NzejRo4H75Qeu99NlDQilvD5lL8jD9p7/HYDUgDCEBMmroVJJelAt2040rP7kk0/sdpSNha3eCHA/1ubT1gICXSiRSMyfP3/69Omtra0wLbhNYKvNZoVys5FImPZ44kZGtmgksnbt2jt3EPcrUFCOW4KhoB1KKugOMmVrtMeDDkT+LxegG1QHG8aN4A0zgO1gEio25BD2Du4/efLkxx9/bLfbAW8cDkfGjBlTU1OD8wxRlm2GK5A1MG/evOnTp8diUYKfg0Jr4TDKFnjmmVmhUBC+zLJMMimuX7/+6tWrYGqLkshYLIsXvT9hAiqhpbYVzA2R0A3JEdWeVzbEvwqmRZKBaEXfBA8oywQi0jv4nm5aeurUKYy4xJkmKMc8DDnmFotS1rPd64DPh+e52bNnu1xOQErD6opEIm+99fbzz7/Q1hZgGKQ+yrJstzv279938eJFjwcbx5IoJsXFNYvHPfoIsiU4NrdwGyblA5BaJYY6UnCd4hXnD3aHoQ1RkQ1gDqfOl6EcdI82AwCYeebMmXXr1nGYwN8/cuTImprFViuS/Vlq4VA++v79lqYmVM8HRYixqoC5/80XXnge18RloZoq8M/9+/cA44kKDqHd450Jjz4WDkdYjsPbbM5mj1GNXU1yqR5P7R2raNA8yLf85wMoEBjM/1gFzLAN9hrzF2s+/rNnz65duxYEP8chf/+wYcOWLVumtuxFsr/dBQDcn0wmm5pWXbt2lfQjCgYD1dXVL774YiiEgrh0nESSktOnT+c47t69+yzLvL9oUVVVVTgUgui6JafEUBWEtJWAC68i8D9t1mnY6Bwugh7hBSKwTyVJOFP9HKmHrwEoxODzeS9e/G3t2rWyLKJucwwTjUaHDBlcV1eHuT/KcYq/n2yDZkVzlTxJWZbXrFlz7dpVn8+P9w0uFAq+/vprL774YktLK67goNwc28dMPC48/PCYf/qnf7py5crYsWOHDBkSDIYeNMotPdHuTg0FjY/qXrdSHzG33WLyvgCIryf7VW/IFugJpJVxhzzD3377valpFWZfhLqJRCKDBw/G5f89RPYDJ2g5oSn9OCBbgGGYdevWnT9/HjBzEDt74403Zs+eDcGB1NFgXF20vLx81KhRgiCQUs+5mYsU0nV+oDc9U9dXjt9p3o1g8IDJLIoBgFJo7jLDP+lOeD1qH2D1jeuu4sLLgtWK5EsshvIMa2trcdnxGOZY5UHU9sZGAmcOxyGH6UcfffTLL7+Q+iiQJfzyyy+HQkiopx0Qaroh4Hbinali++CIavCjg/+TIwXiBiViTysxSW3jKd9W0iZB/yHUU14qEGTZ4hJUK+iy436/D6PtBwI4R/26TD87TaAhYLOZ//jjj8+cOeN0OoH7g8G2V155Ze7cV4PBEIQMM45IqWnXgTbkOSSSF08nxRdOp3g6C8w8/kWT6iIgozVnnTwSyP5bt241Na2KRCKAto/FUOHlZcuW9e/fH2POWH1zFEP3FIX1IYxlt9s//viTEydOQE1ci8USCLS98spfXn/9DXwplX96LclqVcCCdYOmMXbTvlQ0VBUd1LOQocD9d+/exc2Lgg4HirwC2r62tnbw4KEkz1AtM2peLAj0fhY3H92wYcPx48e9Xq8q+4N/+ctfX3/9jVAohCcBtJqeJ9gzUhqlXwcJKxA3qLEeHkWYx7UgiSLscSyMuDtgsnpEc2zg/jt37nz44X9ACSpA3djttoaGhrKysmCQNLAg3K9hvPW2L8qIt1qt69atO3bsGOj9LMuGQoE5c/766quv4QoRdCmlnklMurERAwDF7NTCKMgkwhsjNgNz3SCjB5RGRGtffWhSaF97x0gs4p2RCDyiReSfAwCUf//+vRUrlt+/3+JwIMRlIpG0Wvna2rrhw0eopWdFs7PJMsD/wbkBNptt48aNUB8Ft65hQ6HgX/8659VXXwuFgj2qs3d6Src1YcibDteIIj+UJZCqFfZ9FUjf9tQ4b/C7brunImV5Fv/QsLq1tXX58hUtLah1F0Y3CDzPNTQ0jBs3NhyGglZKS4g0hGYA/J42m23z5s0nT570elFVUOzzCbzyyl9efXUuAHh6Ye0wSV/rQMO8KB4/ZU/I2/h6QiTY5M+w0WPZj1QdYHq1pYiWUW3JH0HzokAgsHz5h3fuKMm4ySTKZqytXfLwwxW4gQUJs2QYLQt9KBwOx6ZNmwDzrHo8Qy+++NLcuXMjkWhvN3ktFI5d3wdIUXGJdVQgblAdqTNihMERYU9vndgYIPHF/KgE0MAiHA4vX778zh3UuA5nI4qyLC1ZUvvIIxMCgRDF/ZnUYqiEZbc7tm379NixY263O5lEGCHcifq5v/3tjUgkrPZj7NMk0yZfQcQBaIYwZw61cKIxKUzfWzKnBCEqaF7U2Nh48+ZNKMIDGS21tbUTJjwCKSnZbOtY72ecTuenn247dOg76MVrsTBtbW0vvPB8dfVbkUgMYzzROrH0epIJFEI7hpqjwQfSMiKnm0APkSsEJpV6MOWreS2cKIqizYZK5jc2Nl65cgWKb0IlkoUL3504cRKkpGRzKXjNDodzy5Ythw4d9Hi8uIQtEw6HnnlmZnX1mxj6D+hOtvfvADKNCaWCAODvUwvkY4dILk2dHuAGxbNAmlXrO2oZoOQAHSMSItebAAZm2hMJYfXqpsuXL3k8biyuUNYiLj/4eFtba/Z9uxiGcbvdn3766aFDhzweryzLVqs1EGibNWvW22+/o+bIY1+hrrt6zyfZDLFCVHxjmBpnCYMnEPAwBWYDqF1TYEKgz67OP0h91tYDlSaWo/mCAK0kiWvWrPn9998h1wQ7PYUFCxZOnToV+/sRXrXdVwhfcLlc27dvP3ToILZ6kSUQCASeeeaZt956OxZLkO7D+AyxV6WDMimSK12nZ6pQtHoERQgKagFQlQBSU14MRNtJOc0SBr2fYZg1a1ZfvPib2+3BJccR0O2dd+ZNm1YVDoc4Dlm9kJaVBfe7d+7c+c0333g8HozxZNvaWmfMePqdd+bFYjF4LioPrpcSi3/SkW/G/DsF6QZVeFcrDmP0B6fuAPkBdUkSgiVLkrR69epffz3n8XjUpqXR6urqGTNmtLW1UTOZyT8LD+B2u3ft2rl//36PxyPLEs9zgUBg+vSn3377Hcz9dBUwA/qjd5GkfjAB/CkqT4obNMevuSfsAAACU+ukZnrRNAIsR/oPBuWjbMa1a9eePXuWwJIjkfCbb1Y/++yz0LSUUZCq7bbTQkUO9+zZ8/XXX3s8blwHjgsEgk8++cSCBQsSCQF7PMGDJDOMpHZM6X2wH4ogEKalPai6HVoeUCaRCo/lGrmaRzeoAg4jXUEyag70DqBoSjmYKAxLRtmMGzZsOHPmjMejtG2MRMJvvPG3Z599DkD5YL3oc/9MCMpa7cEEHk+GQZoPqgz37qJ4PC6KpJ2wISTSS3cAC8X6qcotYH90+Ha84AvNBgDpr6YEUgKAxo0RbZKokloJ0QdHGJhpBXAO1nxEaKL40ksvQTKuwYBrj/s9XyHa43Y78aXYYDA4derUhQsXJhIC4EBVUGQq9dI1wOCf8KYIJgLWOZZ9upbxRC8qCDconQyKf6qbISXaM3UDwFrHAyTcuI7ftOkTAk3DLBuaPfvl1157HRfhST3JNJqBErv8/n579+7bvfsLl8stywzHcW1trVOmPP7ee++JmOCtQ8UH6h/pK9zrtCBG/4F63YAGVaYPzH1t88zxQ/aEHYB4iGkhYWpCgekMeBJypPuJYRie52w269atWwCWDCla4XD4L4j+GolAIQbYr9vx+UiS6HS69u7du3v3LpfLBcifUCg0ZcqU9957P5lE3E+l9vbMnM9OEwGuG2ICig+UWhyY9XWBoD69ALT3rOGcDaFfk0xWyiJ8UElhYIfZ7Y6tW7ceOXIMN6xWoGnPPffcnDlz4nEwVdX+lhl9PrIs+Xzer7/+eufOz8F9xDBMIBCYNGnS4sU1CD+k4/6+RLL6M+38MKqftxDRoCTxgXp4UvKE9vEbwop0uEB+cK27tm7devDgYcyySBcKBoMzZsyorkbpiCg1E7GszrmR7mper/fAgQOff74dlyhkeJ4PBoOVlZWLFi1C5dqUjPU+TKypqQZBf/xR9fKqRVEKxAukEZSExh8Vx06KDZQKhtP10ei2kagB2s8///zgwYNeL/J4chwqxPD000+/9RZA02iNNtMilCSUI//tt99t345aWmD9Xg4GA5WVk95/fxFgp9X6KAVLsvoBz6rqCi8sNGiqyU9MIqoeKHWm5jg2b5nYFXK73bt374YALbSwDgaDVVXT3nlnXhy1b0HuC3X5pfX5QK8Kn89/8OChzz77FJqcMgzCeD766ASs+cjJJFKr9A0QCohkBfWmTwFWUv8KDA2qVAPTlUHXKudQWAAaU0UOdBv3QN39PXv27Nu3D6JdwP2PP/74vHnzBCGuQtOogZvdHd5fv37+w4e///TTbQ6HA/T+SCQyYcKERYsWQzML7PGks6X6MDGZ/kienvh/C8MNquUBKyyOZQJGwyuBYTUPxmAAUNhpVCWle8bPMIzX6927dy+EqKAUcyAQqKysfO+99xKJBC7hDwFawzAMT4VCOX6//9ChQ9u2bXU6nVDiIRQKjh49uqZmCa5XFSc3peJ6BUYyaLJaEEDFggJn9P0dgO4HRp6dFhYGRCGpCgrUbayv6v3OvXv3fvHFF5DdwvPI41lVVbVgwQJovIUrzlIlTM08VHA1p9P9/feHNm/eDC2JADQxbty42to6nucFQcBd4CGSTdv0fZhkk0OY4aXUZ8el4gqkNiht2mZ4YLpxKlH9u2eCoPimw+HYt2/fF198obbs5ULh8KOPTpw37x3cmSLVUcOkqwrq8/mPHDmyadMWh8MJJkQoFIJuABzHQT109daioQyu3kdeEMRQNVBUn3KuKf82AIl+oFLZuhiw/ismsyN3C8h5//79n3/+OW62hYK2wVBgwiPj33t3IS6sn2hPH6W533fs2JEtWzbZbDZU1hB7PMeMGbNkyRKO4wTUBg8UvNQoKXmcPr8bSLoQATJ6AQ6dYuAV1AIgOh9hNqpfJt08WPljyofOJ7ZfunRp9+7dDodDyfdNihMfmzh//nyWRU1ZUhMRqYosmgkL3P/jj0c/+eQTnreBmA+HQ6NHP7xkyRLQfOg8SRXjmYcc8J5AMrF3U0p8FQ4alMB+NIaSLbhENPyK9GND9b/uLwXHMEw4HCY96iA4M2PmTK/HH4vFGMpJD3FfQ3oKIPiA+0+cOL558xbcCgBB6EKhUHn58CVLaqELGHQ4pcx6w1MUzjJgIWdIFW2oS0bB1gZVCHolAOFOSSZgMj0szAAp6SSxLBuPxysqKoYNG4qRbYBCs2zZvOXGzRterw+3szW8Eg3Ziz37rCRZfD7vzz///MknH3McD7WrIpFIWVlZbW2t3W4XBAGfjpD9afeuAlL7NaIjwZTgL5RAmOFRlR7BRNZq9ePNv58Ze5xhEikjAwtvt9v9z//8v5SXD08kkI7O83w4HG5sbLx+/TpOWFHS0tWTSKYiWhuSJPXr5z916qcNG9ZDIwzg/kGDBi2tX+pyueLxOHQjVZMb9Rseuawx1tHHNwQZzwLkwRttIDnXjTzyXxkOcmIoMyBLeWiqEbVrRKKL4yJWks1m7devXzAYOHLkCO7aomA3bTZbOBxevbrp1q0/PR6Urq7WJ4XdADR4RpJkj8f9888/b9jwMYB7WZaNRqMDBw5cunSp1+dD3M8yFhzZoO/enpM7Z4Zgng1uqAqrKxGkWEc53RD5HtA2B6qhKFp41gKAGMeGhKNMTlUo4ONyuXiev3PnzokTXx87dqy5udlud/C8VZYRE2PXkC0cDq1ataq2tnbIkCGRSASbsJoPB3K7fjn3y/oNG3CLLkX2Dxw48IMPPvB6vbFYjON43AmOjFZd9qg5tEm1L734fxBMYLhyvhUvuhFobvuC9YQFQLdNRpmBqrIBRzLMBYtrhJAlRDYBQ6VE4xXg+i6Xi2GYq1evHj169PTp04FAq93u9Pv7gYUaj8eSyaTD4cCVOl3BYHDlyhX19fVlZcNDIVLuCmk+Ho/nwoULGz7aIEuSlbdaGEskEiktLa2vX+rz+VA3ANwDT/+8aR3e0BCMWro0JLYbKd8cT5FB41f4Px/F/nK/AGhRrZpCUPk2q9LwJGBk2MEJsAJS7aDqKm7HhQNSXq83Ho//+uuvx44du3DhgiAINpvN6/XDWclkMhaLlZeXV1U9+d13B1tbW3E6mDUSiTY2on1g+PDh4XAYakN4vd4LFy6sXbs2mUxarVYLlv0lJSW1tUv69fNHo1Ek+7HVC28Z8B36NUDLY7AN6GfptkgfTbgGdVcvwnY3eFsHhmcUqZFLLSjPkWCChKP0g+wvIFk0byl1HvWaQeEJhYLffffj8eMnrl+/KsuMw2GHrUCWpXhcEIR4aWnpnDl/raqq8vv7jR49euXKxra2NqfTabM5wuEo7AMVFRWBQNDv91+4cGHdunXQsFGW5Vgs4vN56+rq+vcfgJsjccjno4BdLJJkcTodoNppzlbdJBiMBMiIN7ZO6tjMqt1X9Ye7KmBl9LAEEN4tRKuCkGEHKODcWQJ5b5MKRmGn4uAyDaY3QEcV55rL5Tp58uSuXTvv37/P8za73QmGlygikc+yzJAhQ6uqqqZMmeL3+yOR8N27zcOGIQ/mihUrIpGI0+m0262CkFi1alVDw7LHHnvs1KlTq1evTiQSNptNluVoNOrxeBoaGgYNGqS2BtP2IoZhbTbu5MmTly9fxhVQoDewIuaIVE7l7+xff4ZzO7RsGLokpWmysyyPGDFiypQpomja7CNbMoxKc4YqplGua4PmfgGYBr0xRwAsLttnT1WEdP32JAlVMmxpafnss8+i0QhuOQHeGykWi9nttscem/jkk1PHjx/vcDhjsRj03LVabcFgcPjw4f/8z/+8adOm27dvW61Wh8MejUbXrVv3yiuv7N69WxDidrtNlpHN4PV6PvjgnwYPRtxP9UHC45CRMb137569e/fimoqg52iYH7pRtqUHENMe2x0+fDgSiTz33HOk5VkX7qUhgDXFVelo2ccXgMUs0VGmZHj2Dw/8hFQO9VfNxSHLFp7nz58/H4lEXC6XKIqSJAtCfMCAAVWIniwrK8O1DaM4CoaK/8CZHMdFIpFRo0ZVVT356aef2Wx2SUKWcTgc3rhxI9aLoA+S4PF4GxoaysvLoB66fmwMx/GJhHDy5EmbzYFbJ+UH7NUhYtJ74cDJe/bs2VmzZnULg4JPmb6doiAWhhtUI5hzrP11iD9S662mJo5Z/vGPf4B3X5Zlh8M2e/bLU6ZMKSnpJwjJcDgsy+i9UnmJiqPTarWGQqGjR49arVYsp9FhnuehcxGwAtZ86ocOHdra2oo1HyOJouh0OisqHv7+++8NbzqDxpKNFWhyKeJCURoPmeNV6dPJ5sOqEZB0CwCOsCwbDofLysoA2tRlNgVthyqLmSfK/wJQFGJJtrC4SWBnxSSVYYj2UZ7nWlvv/+Mf/7BabQzDRqPhadOq5s6d29LSEgyGAI6Cofk0i0CYLMnzzjNnzly/fgM4XhRlUUza7XZIE4tGo/3796+pWTx48JBQCLmG0o0nkUi89tqrViv/5593WJahWuUpBoD6RYUXCf9lX2MddGfwBqinac10aAFhVL5NLHKLOgbNiKL/VFZW9tJLL+GUhs7rPyl1xJSP+ar/nucFoILM8GesD3ac/RXfP4hqsgZ43nrlyrXW1lbcw0KyWq0TJjwaCARxGRIOfKMQiqRcLoprUpKkH388Bq85kUiUlJR4PB5cEt0bDoe8Xs+SJUsGDx4UCoUz9MJgGIQntdlsb7/9ViKBa0krt0j7prOMA6a1HMjzK9cBGwNJeXoLMrAaQ/1K70LwXzo4Y7Vacf1GpYZX10jBw6qNMYyGe5/3Aul8DgCt6SYtGSxddNnff/8D792WWAwxcVlZGRQktFiQdwjMVqvVJghxAj2CMPCtW7d+//03m81msVgEIT5lyuRnn32uqanpt98ulpaWLly4cODAgZm5nzyaKEqRSCxNzUOd/mZm/GX4vsLl2ikgts2WkL6njv4GsumfyMohbYuQdQaw1m5iTSz1wO+hu69iCVsKRwXCpNQFxWjPLOeXThUg2QKKvs6ybCwWv3z5EtZP2EQi+fDDFU6nEyq6uVyuQ4cOffvtty6Xq7q6etiwYWriC9oQbDb7iRMnYjHB5XIlk6LH45k4cSLHcYsXL/7zz1ulpaVOpysajfI8n6W01isbmg/UgH2g+SoFJ2/6q+EczYxMp/2bDs/Szh8pRa3bpDK5LkIJKseQACBTwfRtMJwOC0lEIx0Uy6JCpEnXdUBNS5LFZrPeunXz7t1msGI5jn300cewNp/E6b97tm3bFolELl26tGfPF1rBbmz+trW1nT59BtphxOOxkSNHlpYOhgDQiBEjOc4KTsDspJR5qVD9X43+XD33Gx4zG+p6Zhlj9q9bCPYTUHmphgBqN1DTqEjfWwApE4paxCCHAAbEgmLe7kUMBRJ1MpXn+V9//TUuJFAmrpAYOGDA8OEjotFov34lBw8e2rdvv9fr5TjeZrPbbIjRcXCHkWXR4bCdO/drS8t9QD3IslxZWUkswmg0qipRnXtS8mozqUOqDdrpkkd0wcaelmMpw0+lpipjlP5qfbjcLYM8qkCa6QnJ0QyucwJHsr4IUX40BoIqthcvXrRZkZYiJOKjRo1yOu0syx06dHjXrl04/Rc5dljWMmvWM5QdYkkmxVOnfobCDaKYHDBg4Pjx4wUhDtfvuPdDNlV19C/XgAalKXu5S2uD6QyJPDscMdFyStGC1E1Pc+Lm0gjOc4skpRU2QYd18ql1fgyr1Xrjxg0I4oK3Z+y4cW6359ChQ9u3fwamLVoYQuLNN98cPXo0xkQglcZud9y8efPKlct2u8NiYQRBmDjxUb+/H/Z7dFqU0l4/yANJhejoT1DOgEownaBUjGDP2QQY5T9aT1DNE9qtulbvKY2oP0wLy8xkyJQnF0AFaC9evIiDNZZkIunz+iorKw8cOLBz5+cOB6pUJUlyNBqprn5j+vTpkUgYuB+7Su1nz56F9QAdUSdNmgRFgTr7bsjjaJV01VawBgSH8vT6lZb926EZPQ8lZjtIBttd5wYtBBsAiOZ1ujZG5o2AzSbT9+LFiwiobGEj0cikyspz585BhVrIvIlEUJOLGTNm4BYviFd4nvf7+0WjkdOnzwDSIR6PPfxwRXl5eTQa7Y6oJ2lyQev3qUoL4eDOvZcH3jKn+yI/0CZPnxOpukG7Abfd29ygOqeAUivGnKR2K51cu3b9zp1mm80mikmn0ymK4saNGzkOBYMYhg0EWmfMmPHSSy+HQkGet9rtTlFMNjc3//bb76dO/dTa2oJXDhJFU6dOhYzeLgcoaLZWOJ64eihkqCm4o0MMrRnZvaGxtowfWoUwKigw4iDq+wsAXCtqs1RtCeAdEU9Ih6+IZfn58+cFQfB43MmkzHH88eM/4nQwDsekQlVV0+bNmy9JssPhbmm5f/LkT2fOnLl69Uo4HOY43m6348LlySFDhjzyyKPhcFS9dlfWgEHAK1cD2AHUjKCO04s/mylIV2zCkGagg8rml2RFz0EQLcUNioNiSq3o3OaF5RENikhLBdZJAJr7Dbm/9HEjAZDzl1/OWq3Iial69xEwE1eqCj/99NM1NTW3b/95/vz506fP3Lhxva2tDaP2bV6vD8DSkiQFg8E5c+a4XM5wOIShct0Qn079VQ3Q0quCLLPOsQCxi4xI255DMimMAbJeBQITyVcgaFDNc08XpTILgGXLEBjv6bh8+fLt27chW4WOXyaTybFjx1ZUjFyxYvkff1wKBgMWCwr6ejxeUElFUQSgC8/zTzzxxPTp0+PxeGpluAz3px6NHEnlvwzsaKiEl31E3DBFcC4kHmAHu9J8rScqRTL+qTqD9AZBTvLC8p4PQIO3DJ4WEsnPag1IksTz/NmzZyHf1zB9HIfKnW/evCWRQOB+p9MJf00kEvF4XJJEu91RVjZswoRHx44dO3jwYBwEMzQE6CjRVi/94AYNT9cXPkWEZ0n0YtNPl3KjHsT9Mnk1WtCbNMejtv6cbAU9YQcgh/Bu2NmnhppW58+fB/iD8X4M09LSYkPJKSgrMplMCIIgiqi+w7hxY8eNG1dRUTF48BCbDSVAJhKJLr+AdBIXgj/0n1JLT3eI+2G16IDWZopQDyKGoL5T859IY4gC8QKBOUSVH8TgKNVjrmejdgr+uFyuixcv3rlzx+lELG74AsMw2C8kYThDwuVyjx07/rHHHhkzZlz//v2tVmsikYjFYriGc7cAv7I3OmksUyeIGND0XNF6EQlB9LhlYElFvyrv3VIoXiCaMEhAAcIxJlixTOo4ZDadPn2aTiuBsADDMMlkEvR7l8s5enTF+PFjx44dN3BgqdWKKtfGYjGARneN79PJ+3ScTeOCuuWVaz5W/QXzX/7VlJRIAFHbyGZQGF4gQsoUUDIbEHGwJ2Q1EwB/uHv37rlz5xwOBywGgLjFYjHM967x48dPmDBhxIgRpaWlVqtVwIpOPB6Hb0LHrpQiuN1CqX59A0Co61E2Q0WtTpCcY7mLM1HR1MMmgNMBsV5YAG5QnYlGR77Vz3o3mYoRzzwxwO6Qq8owCMYjCHGPx1NRUTFhwoQxY8YMHDgQklnjmOAUQzpsNynNmU12sgbo5zKoTNmwgAmOur27t/sni1lUoZv5kRQ/xhNu2J2wNpxbyldZFOUDkgFaXTQ1JmL8Pirkg8PDTIbs2wEDBsycOfObb77hOG7w4MGTJk189NHHBgwYABX6gfVJDngqqcnvXaF2vVU0u9NmK/TayMYBagBU03ASElBLd3q64xK44Ki4xAPkQmMNPJ3Rm+oL7es2APXkphEApSE7054uCxCgl19+efz48ZIkDR061Ol0JBIJrP0LmO/xbdL69VODtZ2gdl8dsVNpQAfNdpmt1YyIVEbEmjR0OTBHCqa5poXS/eiz5AcXQlayPqiMsAJNikcpANgpTDcMpVz4dL5L+5IpHo+Xl5fjRF4hFArhbRb0zHZPh/uSBQkM2gn0f2YONmTfGxhLStMzz6A1GYetfjT01aR9aKnjgT+xKbsWfYSs1QfDmtTYDUnxhVAYizID0mD/cCFBg6RsZ15wEiPR740Z65BEnvkKpFhbljm1hjtkxytkZ0v311TT1mAwmJKyW6rfTB0bzXSsmQeCoZjPsAweDBn9HCoaNIeU7zgAFs+KfFNxkcqfdFUSstzQMwiPDDXHDcc77Ykw7Fdpx6hXe2jDQEqjipijifSDpM+lAXD0wXQDTrWFHjwXKssNDD+oa6QUScEVs5jCUIEoGaPESFUPgd5aelDTYVathMZmGuR0NuZpBo05FbBA/xTNLmJYLeRv2GmbdpVlWMBwnPRYsIBCjvdb+r4mV+g+piSOP91HBBEBKagULCsAIxi6qygKB9LWicpu6BnRPUTXYIMihzzPE4EHmcFqaRpiD2hjoOrkpI4qGxdqau5LVqPulA2aed6Ir1nWBJCaiJKmKAsCFNJ9TDpNZMtP9foh1seJMjkrmZj3HUDRg/ATGzR0uuRJdxKEiu12eyQSaW5uBgg0FT+mC/koSA3VRWu6NafzX2nfT7Xt6BJougKxxrJtyn9TnyJlMJmXVlpRIps9FLX+tVGVlJQ4HI4uFgbN8ER5aZeUZzQovHqlxmXaumjdPB3QIP7ChQvbt2/HJXINoehMZGBi2r9EO6/SXSwdr7d7d8o2TTsbGXtMtasUWUi5wpTjygj9fv/8+fPLysq6tgZ0sXAicvLlBs07UIRMOlUkPeU73bsJQKh479699+/fpwW+Wb1YNXdJXSQ0qUe0VG7qL+luDb2bpNTFYFgPBoJtCpoMpI7BcBb5HnVB4zWp78i0PKL+6YhhmBs3buzZs6c7OBVyjMytphwnxeffDar8AsgoowTqfic0MQDABqDREPQXtAWpaC/dZQKy9N0MTJ9acA5bHWrWaMoA0g0pnUA1Bcky+hx0ukI1/X2wlwBbZekaqbkAEJtUjpExGmue9vV8AEXdJA1yUp47Sy941jfG8+twOKZPn759+/ZIJKL/O1HMaA+JwR9vvFoqL2ZUq7J6EFNmTccZ9EHDZxDyWg5yFlewpHA/kQuzZs3CjT+glGqnyejYpZRJAGX0fRvARNmho5r6CGg3E8TLqqqqhg4deufOHTrgBaE3UwltMGoNNcozvzO9QmJsjGd6qoFTTddS2kLntH9f0Su1Qsypl2XUhZHhLpIkDRkypLy8PBbran8kYjKhn7hBrRZ/yB7D0VdUILXNEfjElKwwFteG0fW+ZpjuVIcAP1deXj5q1KhseCudmCdHTNtPZF1AVzmpu5a93l5WlRz95GXgeFOCtApBiKtdRTpPquGkkwtKFgjoApbCaZAB613/FqBikvbGtA7C3RwTAIioJc9k2tw7Py6RzATYKvyxq/EZUhlRZX+yMebaGZSfBQDOT/wRG3kMp3ojYCZoFajbo2Ea5dH7Ro8i5UNfJpmW+opPDH7Jzwz0hNKIiOFpPqSnRP+hT1L3FuDPDTHdcQmlnwN9wUKpDZoa8aISw8hhkgHTsyu9FqnjRPLvdF1ooGtkbvfkPO4A6PlFpfyOekjH6CS/qQfoKUXqdsJgPuItIN0NLbmlfMOhZbUrjiyzqJuhsVywqiniEjJF6lvEGIPuyocC6RGGb8/q9T/z8LjSR7VIfYMYyvegNY/VCgUVigqkkDYXSnVgONjnbd/CJVnLPFBFHsaj4GO5Vnfz1STP9LOm/1Cx2O6PABQp7ySbAT0Kt0WSJvhpvzAK/ZLob1EH6qMkg/HbAWR4n1KBVC+Y8pPi/hQXWZH6Hsmpv+e6P0CeF4BxuauYB1o37IVxoiJlIM3XqbUoJ4yQc3dH/o1gQppJpPxuUH6Ka6BvkKx5gcz8/rpSOH2+RRJNGmAXftX0n6IB0LeIUdG1ZAUAXlvJPCoUI1iXMgJOYA39Q+VkFVWgPkCMrgIKAfyonXLUUiAEEZ8zymOneLOjqG0g/qCgQ4t830dIpoQYJeQZGQNetK2gkNygHaLcKoZFeqCkVWI0yjhIlCmsHSCN28u0zUkPMtmL1D2kzxRVGycXzA6g4b+pdjm6XBmdslTcB/oCMWbVkxSlt5sr4PT4hBjF9MXinoJIweZomgRc9Aj1aiNYxvn1BAtEcv4oA6BgFgCilO0OpcMD6TsHF/m+d5OsU2lJxQBSI4z8BXcCyiH1hLIoii8MOcB0kRFScofOC36g7gKCzS06Xh8QpcyqTAHi80H5NitxvpeiDuGEOP2fiTNUlzn6AAZBuD9zm60idRepyr5auaXQ0KAq6Y0efcl7ZUbwPpBq/na7uUR2mCLljIxYiNwnxec9JVJXBcJYHwiO0sqSRt3IqfRaykNaaqERQ+WA61X+PLRIyn9ZFOIFRUVCTb4m68cJrqFunyPa2i5uAg+QcHo3AbugzhD6vxcYGhR5xJDti4U/zntPDYNQXesedNlIMDaKCyBHRLyeFDqoA9Ua+0JZFFSenOGwFFAw4XSh8vyNrUgPiDB/o1w/hWTsBdJKBZo4Qvp4IIyjm6woKyHla2afi9QbSaY+s4TtNf+DsS5OX98BcDly4nmE4qCGioh0F5Mi9QVitYQY4gyl3KC5fc/59wKpbcKKOk+hkExw0SkvnUqUKQwViBSbB4mQ0htY2RvV/qRFMFyfJVnZCQpMBVIVIVMUuKb2qOUi8h22K1KXiXL46EqiE+8faZddEDtAIiFKkqjhQFnD7oebZ6MU0qKDso8QY2EI4BFHwdStX1GFGdQuojB6hCFKJhOyjCqEKjFwSQHGpnqF4UOXu1MVGvW4wDaD28xALzYk4XQ9J2VcBjanGTF55ier1Up6g8qynEyi3aCnvbOOanR5HQPRG2n8SI+YT1ltUBuPx9X2ZGqXaEM5hMJJiXS73TzPyzLie0EQWlvbOI7vnf0w8tvohWZ6GtXXg6DdDMNwHBOPR1tbW+EtS5Lk8XjJ2igoNKiy0EtLS/1+D+69jNj+H//4g2V7bzH0PMpaWvAb8kh70GyyLH/v3r2WllYs9dACGD5iBPwpX1IvbzsAw6DWsy6Xq6Li4XA4KssWu91+7ty51tYWm83WOzeB/MaqDSX0elz0UJJEm8169uwvsVicZdlkMmmz2R6ZMB7+SjXKLqDq0Ohpp0x5QsLdknmea2tr/frrAx6PJ48ioXcSuFPIJkC32ewR+o8oJp1O5/XrN44d+9HhsFsslng8PmL4yIqKh/WKf6EsAHhqdPfJkycPGTI4mUjKsuR2u3744YeDBw+WlJRAd/K8J0zkirryUAAnQYq0vpEU6en7oAfApF9m6H2JouhyuUOh8JYtm3GjeQQASyaF2X95ieM4SZLAJoYocAElxIBPwOfzvfjiS+vXrx/gHCjLks1u37ZtWyQSefGFF0XkMYhJEuqkpxaQVLDkdJd2w1XVDx2fRyUhLS8LrOt5CMRfDJ+Je7HdqgJMR1xYpuOEBWASp2cYC8/bbDbrtWvXtmzd/Oet2w6Hg2GYSCQyfvz4WTOfkVFjOFaBxKnlUiw5pFwvOAPB3aPR6H/9b//1j98v+fy+ZCLBMkwkGnnkkUdmzpw5bNgwh8PJsQg5yODSiSZsD4yLosVqRpESV1dKS6jJ9UpQzZhYb4BfqK0LyRipr+qGnfIFonJQif2Kv09rh0j/KcOcZPYIUtfRhpcNnirlkozZAkh7X2X+8E/9r6SZg7ZFy7IsCMLdu3dPnTp17NixeDzucNjxNiUlk8n/8T/++/jxj0iShGM7cr4SkvK8AIgL7Pr16//t3/6trbXN43EnkwLDsNFozGKRB/QfUFJS4vZ4eJ6TJfQ/VRGSWJZTSqegutIohIwupdWZVDYMgFHgDwzLcQrvKC8QRgADkfDFqJC8ji2ULlbqGQTJqxO9wBja+qLc2+kZ2pjrY7oA6M/0ilJJ0is/OkWRbJ+GqzEqEF3lY2NFAhKU0t8dlC6WrG4NxoMmHE0j/EEUxZaWljt37kSjUafTicQPgn6xwWDbv/zLv7z00kuSJLIsZ8kr5X8BgH+AZbk//vj9//33f79x7YbP75MwMSwrJUVRTGLehLkWEY4c/US5BMqb0ESf+kMVURTMTtecELOw4cFTNgK9KMKpfMq9FMAGKXGtnoMPoEWIxJyyFuBcI3PTT0/fjnzT8H2ygRi2FP1FyFZgcKcYHoSMitGby0Rq6DqXG2aJui+rh7IzqUPlOA5inRDFj0QiDMP8p2UfvDT7ZVX26x429x2he8ICQNMtSWiC7t27t3z58iNHjjAs43K6YILgPWH5ikS9KtQNOya9+SoRR/2LlxkG5Z+lPq96QY2PMWQ9dXKoJWHQeswfiqYM75W+VmccqXRGkfJAeCYyMxO1CZjrVASNoh8YXTYGp7KqOw+NYTAsElmW4/F4LBateHh0w9L6iZMmikmR4/Ms+3vOAlB4i4iEw4cO7dq1+/c/fo9FYwzLsDiBAtgU+0szXIRwAto/UlnKFEqEWtUrOpQizvHe0iFERvvac+6JlBVTVZQU9Z8xmDpZMoP5zOj1NWV1wU7O8/ywYcOef+H5uXPm2O0OURI5pPn0iPoDPWQBKERv7hcv/nb+/K+XLl26f79FFJNka055AUomnbJtMyavnyg/Bk1a3axNV5Ximshm1PohdfSl6rQXA5sajOZUFYh8Vp+CNl2UmHoWeoUMJ6olG8hBU6LHafIdYgOzLOf3+4cOHToBk81mw+g3ieXI3BYXgBmlaodF6gMkYX9/7rX83rcAgMD9D1NGxF721O4pGb5AbQ4mZln2BzNfvHPU7ulphpcJZCxTp6Q+eycGTOaWBC5R9Y8exvo9Ih8gAxk2AdPpM1UG0jgKdW+U9qikezF6b4mRD7I5aBiS4ZsZBt/R09ONXH8QnlpRddIN3pLe/Zpu2ZuOM1Xn7JnUc3eAvkp5cfYV4JizpOICKFJBU9HWLFJBU3EBFKmgqbgAilTQVFwARSpoKi6AIhU0FRdAkQqaigugSAVNxQVQJEsh0/8PBjmEfVgoSMYAAAAASUVORK5CYII=
- ID: 6954b7c7-2487-423f-8600-436cb3b6dc0e
  Hint: Size
  Value: 23069
- ID: 6f47a0a5-9c94-4b48-abeb-42d38def6054
  Hint: Mime Type
  Value: image/png
- ID: c06867fe-9a43-4c7d-b739-48780492d06f
  Hint: Extension
  Value: png
- ID: cb09946f-3218-4823-87d2-d5007c199a96
  Hint: Dimensions
  Value: 256 x 256
- ID: dbbbeca1-21c7-4906-9dd2-493c1efa59a2
  Hint: __Shared revision
  Value: "c5c1e88b-d7af-43f9-b82a-0f3ed1da6dee"
- ID: de2ca9e4-c117-4c8a-a139-1ff4b199d15a
  Hint: Height
  Value: 256
Languages:
- Language: en
  Versions:
  - Version: 1
    Fields:
    - ID: 25bed78c-4957-4165-998a-ca1b52f67497
      Hint: __Created
      Value: 20260908T231011Z
    - ID: 3f4b20e9-36e6-4d45-a423-c86567373f82
      Hint: Title
      Value: "content-block"
    - ID: 52807595-0f8f-4b20-8d2a-cb71d28c6103
      Hint: __Owner
      Value: |
        sitecore\zach.escabedo@sitecore.com
    - ID: 5dd74568-4d4b-44c1-b513-0af5f4cda34f
      Hint: __Created by
      Value: |
        sitecore\zach.escabedo@sitecore.com
    - ID: 65885c44-8fcd-4a7f-94f1-ee63703fe193
      Hint: Alt
      Value: Content Block component icon
    - ID: 8cdc337e-a112-42fb-bbb4-4143751e123f
      Hint: __Revision
      Value: "8d3e23ab-4e06-4d12-9afe-79468ecf9d20"
    - ID: badd9cf9-53e0-4d0c-bcc0-2d784c282f6a
      Hint: __Updated by
      Value: |
        sitecore\zach.escabedo@sitecore.com
    - ID: d9cf14b1-fa16-4ba6-9288-e8a174d4d522
      Hint: __Updated
      Value: 20260908T232027Z
DB: master
