---
ID: "2228510e-34d4-46f6-a960-67677bdfa0d6"
Parent: "bd31e716-085e-420b-844b-0fbfc166880d"
Template: "04646a89-996f-4ee7-878a-ffdbf1f0ef0d"
Path: "/sitecore/layout/Renderings/Project/starter-collection/starter/Components/ui/avatar-block"
BranchID: "00000000-0000-0000-0000-000000000000"
SharedFields:
- ID: "037fe404-dd19-4bf7-8e30-4dadf68b27b0"
  Hint: componentName
  Value: "avatar-block"
- ID: "06d5295c-ed2f-4a54-9bf2-26228d113318"
  Hint: __Icon
  Value: "/-/media/97bff8c17b2c42bfbaa214f9d821230c.ashx?thn=1&db=master&v=2"
- ID: "1a7c85e5-dc0b-490d-9187-bb1dbcb4c72f"
  Hint: Datasource Template
  Value: "{71CF4F4E-4D1A-483E-BB41-5066BAE26501}|{F7EBB3F8-50CD-4197-B638-490BDE71CEBD}"
- ID: "256ef004-c9b2-4087-a19d-d2649dc52f33"
  Hint: Scai Handle
  Value: "avatar-block@1"
- ID: "7d8ae35f-9ed1-43b5-96a2-0a5f040d4e4e"
  Hint: Open Properties after Add
  Value: 0
- ID: "a77e8568-1ab3-44f1-a664-b7c37ec7810d"
  Hint: Parameters Template
  Value: "{846A6193-E21B-4CE7-BE91-D13E30D7588B}"
- ID: "b5b27af1-25ef-405c-87ce-369b3a004016"
  Hint: Datasource Location
  Value: "./Data/Avatars|/sitecore/content/starter-collection/starter/Data/Site Shared UI/Avatars|/sitecore/content/starter-collection/starter/Data/Site Shared UI/Authors"
- ID: "dbbbeca1-21c7-4906-9dd2-493c1efa59a2"
  Hint: __Shared revision
  Value: "a0d1b5ed-f3d6-403f-8f25-80d6e846cad3"
Languages:
- Language: "en"
  Fields:
  - ID: "30e85e5d-e00a-4864-b358-7624d511deb4"
    Hint: __Unversioned revision
    Value: "7ba84aec-02d5-41a2-9477-4c34afd41823"
  - ID: "b5e02ad9-d56f-4c41-a065-a133db87bdeb"
    Hint: __Display name
    Value: Avatar
  Versions:
  - Version: 1
    Fields:
    - ID: "25bed78c-4957-4165-998a-ca1b52f67497"
      Hint: __Created
      Value: 20260813T214850Z
    - ID: "52807595-0f8f-4b20-8d2a-cb71d28c6103"
      Hint: __Owner
      Value: |
        sitecore\zach.escabedo@sitecore.com
    - ID: "5dd74568-4d4b-44c1-b513-0af5f4cda34f"
      Hint: __Created by
      Value: |
        sitecore\zach.escabedo@sitecore.com
    - ID: "8cdc337e-a112-42fb-bbb4-4143751e123f"
      Hint: __Revision
      Value: "da2d5adb-82d6-4c94-94dc-d84917954d1e"
    - ID: "badd9cf9-53e0-4d0c-bcc0-2d784c282f6a"
      Hint: __Updated by
      Value: |
        sitecore\zach.escabedo@sitecore.com
    - ID: "d9cf14b1-fa16-4ba6-9288-e8a174d4d522"
      Hint: __Updated
      Value: 20260908T232204Z
