---
ID: "8b6eb47a-465a-47dd-9f56-b87b07e4d046"
Parent: "bd31e716-085e-420b-844b-0fbfc166880d"
Template: "04646a89-996f-4ee7-878a-ffdbf1f0ef0d"
Path: "/sitecore/layout/Renderings/Project/starter-collection/starter/Components/ui/card-block"
BranchID: "00000000-0000-0000-0000-000000000000"
SharedFields:
- ID: 037fe404-dd19-4bf7-8e30-4dadf68b27b0
  Hint: componentName
  Value: "card-block"
- ID: 069a8361-b1cd-437c-8c32-a3be78941446
  Hint: Placeholders
  Value: |
    {7446B688-A9C5-4B97-9315-D87E72513DB5}
    {721F160D-AF23-46FC-9EE6-166CCDDF36BB}
- ID: 06d5295c-ed2f-4a54-9bf2-26228d113318
  Hint: __Icon
  Value: "/-/media/9fc9be7dde6940f3bdd5d8f00b0a81d1.ashx?thn=1&db=master&v=2"
- ID: 1a7c85e5-dc0b-490d-9187-bb1dbcb4c72f
  Hint: Datasource Template
  Value: "{A3489B92-0122-4C69-B45A-4006A9C20A26}"
- ID: 256ef004-c9b2-4087-a19d-d2649dc52f33
  Hint: Scai Handle
  Value: "card-block@1"
- ID: 7d8ae35f-9ed1-43b5-96a2-0a5f040d4e4e
  Hint: Open Properties after Add
  Value: 0
- ID: a77e8568-1ab3-44f1-a664-b7c37ec7810d
  Hint: Parameters Template
  Value: "{871D3D4D-19FC-41DC-BB4D-B641397D60BC}"
- ID: b5b27af1-25ef-405c-87ce-369b3a004016
  Hint: Datasource Location
  Value: "./Data/Cards|/sitecore/content/starter-collection/starter/Data/Site Shared UI/Cards"
- ID: dbbbeca1-21c7-4906-9dd2-493c1efa59a2
  Hint: __Shared revision
  Value: "70f62350-62d2-4746-b5f8-78bdff6b92da"
- ID: e829c217-5e94-4306-9c48-2634b094fdc2
  Hint: OtherProperties
  Value: IsAutoDatasourceRendering=true&IsRenderingsWithDynamicPlaceholders=true&UsePlaceholderDatasourceContext=true
Languages:
- Language: en
  Fields:
  - ID: 30e85e5d-e00a-4864-b358-7624d511deb4
    Hint: __Unversioned revision
    Value: "50d7517d-c767-4b51-aee5-bf4342e1137f"
  - ID: b5e02ad9-d56f-4c41-a065-a133db87bdeb
    Hint: __Display name
    Value: Card
  Versions:
  - Version: 1
    Fields:
    - ID: 25bed78c-4957-4165-998a-ca1b52f67497
      Hint: __Created
      Value: 20260813T215040Z
    - ID: 52807595-0f8f-4b20-8d2a-cb71d28c6103
      Hint: __Owner
      Value: |
        sitecore\zach.escabedo@sitecore.com
    - ID: 5dd74568-4d4b-44c1-b513-0af5f4cda34f
      Hint: __Created by
      Value: |
        sitecore\zach.escabedo@sitecore.com
    - ID: 8cdc337e-a112-42fb-bbb4-4143751e123f
      Hint: __Revision
      Value: "52c14e0c-7a51-47a0-b992-b90a9d288d78"
    - ID: badd9cf9-53e0-4d0c-bcc0-2d784c282f6a
      Hint: __Updated by
      Value: |
        sitecore\zach.escabedo@sitecore.com
    - ID: d9cf14b1-fa16-4ba6-9288-e8a174d4d522
      Hint: __Updated
      Value: 20260908T232208Z
DB: master
