---
ID: "ab4c34ec-12c5-478f-8a1e-742d822649c8"
Parent: "0b3fcecf-f46e-4b44-953d-a38d19b4b913"
Template: "04646a89-996f-4ee7-878a-ffdbf1f0ef0d"
Path: "/sitecore/layout/Renderings/Project/starter-collection/prospera/Components/ui/card-block"
SharedFields:
- ID: "037fe404-dd19-4bf7-8e30-4dadf68b27b0"
  Hint: componentName
  Value: "card-block"
- ID: "069a8361-b1cd-437c-8c32-a3be78941446"
  Hint: Placeholders
  Value: |
    {5BC64EF3-482A-4905-B41D-78125F4A3C21}
    {EAB4FFC4-96D4-45D2-B095-A6BFA951678D}
- ID: "06d5295c-ed2f-4a54-9bf2-26228d113318"
  Hint: __Icon
  Value: "/-/media/9fc9be7dde6940f3bdd5d8f00b0a81d1.ashx?thn=1&db=master&v=2"
- ID: "1a7c85e5-dc0b-490d-9187-bb1dbcb4c72f"
  Hint: Datasource Template
  Value: "{2CC4D412-D9D5-4914-B40D-193613399A67}"
- ID: "7d8ae35f-9ed1-43b5-96a2-0a5f040d4e4e"
  Hint: Open Properties after Add
  Value: 0
- ID: "a77e8568-1ab3-44f1-a664-b7c37ec7810d"
  Hint: Parameters Template
  Value: "{F9A9FF96-3951-42C6-A489-60F95D73E030}"
- ID: "b5b27af1-25ef-405c-87ce-369b3a004016"
  Hint: Datasource Location
  Value: "./Data/Cards|/sitecore/content/starter-collection/prospera/Data/Site Shared UI/Cards"
- ID: "dbbbeca1-21c7-4906-9dd2-493c1efa59a2"
  Hint: __Shared revision
  Value: "573e9c6c-cd79-4766-91fe-460e7bb0ca2d"
- ID: "e829c217-5e94-4306-9c48-2634b094fdc2"
  Hint: OtherProperties
  Value: IsAutoDatasourceRendering=true&IsRenderingsWithDynamicPlaceholders=true&UsePlaceholderDatasourceContext=true
Languages:
- Language: en
  Fields:
  - ID: "30e85e5d-e00a-4864-b358-7624d511deb4"
    Hint: __Unversioned revision
    Value: "e239f961-e23c-4e3f-bd83-7947ebad6476"
  - ID: "b5e02ad9-d56f-4c41-a065-a133db87bdeb"
    Hint: __Display name
    Value: Card
  Versions:
  - Version: 1
    Fields:
    - ID: "25bed78c-4957-4165-998a-ca1b52f67497"
      Hint: __Created
      Value: 20260916T013939Z
    - ID: "52807595-0f8f-4b20-8d2a-cb71d28c6103"
      Hint: __Owner
      Value: |
        sitecore\zach.escabedo@sitecore.com
    - ID: "5dd74568-4d4b-44c1-b513-0af5f4cda34f"
      Hint: __Created by
      Value: |
        sitecore\zach.escabedo@sitecore.com
    - ID: "8cdc337e-a112-42fb-bbb4-4143751e123f"
      Hint: __Revision
      Value: "2331d771-9cc8-4d95-a892-a454f97ea00f"
    - ID: "badd9cf9-53e0-4d0c-bcc0-2d784c282f6a"
      Hint: __Updated by
      Value: |
        sitecore\zach.escabedo@sitecore.com
    - ID: "d9cf14b1-fa16-4ba6-9288-e8a174d4d522"
      Hint: __Updated
      Value: 20260916T013939Z
