---
ID: "779aa8ea-0656-4168-921c-c70488d82e56"
Parent: "095103d7-b399-4717-ba90-028349f307fa"
Template: "f1828a2c-7e5d-4bbd-98ca-320474871548"
Path: "/sitecore/media library/Project/starter-collection/prospera/Icons/tabs-block"
BranchID: "00000000-0000-0000-0000-000000000000"
SharedFields:
- ID: 06d5295c-ed2f-4a54-9bf2-26228d113318
  Hint: __Icon
  Value: "-/media/D0DC54C6976D49F0BE7CDFDDFAEE6FE5.ashx?h=16&thn=1&w=16"
- ID: 22eac599-f13b-4607-a89d-c091763a467d
  Hint: Width
  Value: 256
- ID: 40e50ed9-ba07-4702-992e-a912738d32dc
  Hint: Blob
  BlobID: "26ae7ad7-ccdf-4b8d-adda-d0e1c3771d75"
  Value: iVBORw0KGgoAAAANSUhEUgAAAQAAAAEACAIAAADTED8xAAAz0ElEQVR4nO19C3Acx3nmvHZ2F28QIAkSIMUHQFkgKFGK9SBlOjnRdhRXObJEWb6UI/uq4vOdfXbpLko5dnLlR53rKilX6u5yiexYcnLlsiTLtnwuV1Kxo5clSvJJCilSpChStPkQAIIUSIJ4LnZnp/uq++/u6Xns7uzisbNEf2QBi9mZnu6Z/+/++3/qGGNNQWGlwqh3BxQU6gnFAHWDWnuTAMUAdYOu6/XugoJiAIWVDcUACisaigEUVjQUAyisaCgGUFjRUAygsKKhGEDp41c0rMVoBAhIxxSRVCV03hhj+Cw+iJN1nbQQPtN3J4wD+nN6G0yuFv3gB3XyMdhLg14tNUEvjLqXwkoAobmFXA+kgxDSMDZMU2sQIISwphmEGwTdC/ZRWEGokQHIlEt/U0LSDIOIUq7rnDt3Yez82Pj4eG5uDiFkmqah61i6gN3VNwOzpSPQE2AtHZOZHC7H9J+GNQS/yDHWDjmTtkMPscP0InoxJj1Mp9Odq1b1rl+3fn2vZZGlD2OMMDINnYuC0Et/XxWuatS+AlCKRYZBZv2z75x96aWXDvzrgdFz53I5QvqUPrGmg8TBp9dKDUY7CEQJN6zbjLeAjQil65TosU7kH8ouBvnNpSRdN7KZdM/adUNDg7t3796+fYisBi4iZzHhKMSsClc1al0BMAKCOnP2zE+e/Mlr//ra7OxM2s7Ytm0QwYITEG09IHRL37DpP9gn2CT4yRAHf1AiF2cRKuf8wX6TX5QZCCOyVhF2kesUivlCLmVZ2we337Nv386dO0EognWM303xwIpALQxAhRNy7U9+8uQTP/rRfC7X0tJqGjqQNMaISNikXY9e6QQNnMApmCLAAMHpXydTPTAPOZnN+LE6HGqKsCURyAwi8cDA5+ZmkaZ96IMf/Hef+lQ2m3Vd1zBMeh1S+rEVgqoZAKi2UCj8zd/+zTPPPNPe3mGZJkJI17VCwSkUCoZhptN2KpVi5Bu8IRVfQqRfond05ub3Zb+pcAOTPuGJEnM23IeyAT1R110XzedyLnJTViptZ0g7hGf1yStXBvr7H3zwT3p71yPk6pRVlF5ohaA6BoCNqlMofPObf/GrX73a3d3tuq6u68ViMZ931q5dfe17rt24YWNnZ2cmkyE0yEkIiNXb0Yb3uzAvM20mk2eAfD2VKjnM1pWIkZTRrtImi8Xi5OTkyMjI8bffHh0ewbqWTacRQpZlTU1NdXV1fe0rX+vb2Idc1zCNkLpVQVvpDEDoFiFD1//H//qfTz/1dFcXoX7D0GdnZ1etWnXHHXcMDQ01NTUhjJHrIowIAZVoW+h8grp/mN1BVOIzffjagJ0hJqWSLbBhmKblOM6pU6eefe7ZU6dONzVlsaZZpjE7M9Oztucb/+0bHV2dGGG6HVBS0NWPOAzA5mPXJWrNf/ynf3zooYe6V3U7xaJpWrOz00NDQ3ffva+tvS2XmyUaFSHxMw1oBIiaCG4fJWyUJ+iFGC5gT24YejqTwQg/99wzTz39tG1nDEMzdfPK1JXbbr3tS1/6ktCr1nwjhattBaBSvn7+/PkH/+RB5CLTsHRDm56e2b171z333OM4RPo3ZUMYFWniMEB0t0oT36J4LpDhGHpba9vLv3r5ySefTKczxCpuGhMTE1/4wgMf+tAHXdf1DUfhKkUVq7yu608++eTU9LRlWbqBZ2Zmhoa23333PfPz847jmKbpbUmp9FKK+uUGqzq+iDCIPki/cuXKrl27fvdDv5ubmzN0HbmoqanpySd/PD09bRiG8hFaCYjFABhjwzDGzo+9+NJLLU0tCKFCweno6Lj77rsdx4HFocx8X77lwJFlEjyoKdk0zanp6X9zxx2DQ9vn5uY0XU+nM2Pnx/a/8EIsJZXCCmEAkFj2739xamrSTJm6oedyub1793Z0dDhOgduPhMaH6BfLNygkbMn2tPhit14a8pdusfh7d96ZzTaB+cK208/tf8EtEu0WtKM4YYUzADGRYoxff/2gbds61pyC09fXu2PH9blcTogKMpFUpBeJEH2fF0jWISov0wj/gLVCobCuZ91NN904n89rmpZJp8+ePnP6zBlw8pOpf1E4oR7sxFynFCfXwgCgpbk8cXlkdNS2bU3T5nPz/f0DLS0trutGXsAMVZzKkqxOgb65rrt9aLtpWUTYM435/PzRo28Q1geHvEUdyPI+DeFEpS/7ra8iBtA07fzY+enpaaIYoUrR3t5ejIPUL22CiQAN2wPXdYvFopZgGIZRcJx1PetWd692aFdNw3jjjTcCEhpe5PlY/F9qXG1zPw45Di8xA9AnePHixaLjmLpZRG5TU9OaNWuKnpTse5dk++i6lmWtX79+C0V3d3fCXwByyaA2XbOx6BQ0rGXSmVOnTk9MTBBLBu955ORZalw+gRD8okJvjR4MtrC4b1fM/TGBY989fFb4Qs9+H/gmdIS59sa6NfND05aNAcCfYXZ2lhvEsGVZtm1L3YWnrGvY0DTDdXE2m+3v71+zZk1LS0tra2tvb+8111yTcB7QNG3r1q1gGLEs68rk5LFjx0AKks8hLuAcZfyF5MMgQ8mSFPyP3KssRBOAiaWeLLoIuaUi8kpei8m18d9RhNN66JBvuIEvQk6PpTopHrhMb4soysURgchPEGPA2wZ8CvwMYIhHouvGhg0bUqmU8FnAGLe1tQnHIS15MAzDcZwNGza0tbXCSBFChw8fDgRzQv8NDnksOAjk/WcTves7yP77IDXDL2ROtYj+D9xLQyQeyXUp0WOMdGLkJt4e1KdVd+k35QeO6aCAk+VB+XsVXOSrlNwCIh8Mhz0V+Cw9EHhK3gOROwbMvbgzadyYYNYdzq10bwjGXmb30qm7chGhlpaWTCYjZkehUG9vbx8fH0/sOlAsFjvaO3v7+t469pZlWZl0+tixY/Pz8zAWsISYplksFs+cOfP22yeHR4YvXbw4MzMTHQYNzqj0DRO6hAckOQWKYB7ZZRYYCuYN8fSEQzgnTXomcylEhAuov6Bp6LadaW9v7evbODQ01N+/1bbTsL8P8KoAoiEQYPA+feb08beOj4yMXLhwIZfLUc7h6mL+9nmAHXN059puEe5Bv2XjhgF6T0ayEZHT4FHAl+KLkH8XGWJbW0dPz9otWzZf957r1qztgVgUFyGTRmLJ19Y2t8ZhAM8dX3SOLhzgMMndN/lrgQfKB5DE+b4UDFMfGNj25tE3NU1Lp9NjY2PH3jx24003IuSapjUzM/PUU089/8Lzo6Oj+fkCuNCRCAP/hMgplnpaS56sXCQQlMB9XuHxejsoUCZIV3le31IcKX/gkA4AlhgqJ5DlwLZTvev7du26be8HPrBmzRpCMr5wHzbBG4aRy+Ve2L9///4Xfv3rk/O5PBfKDLZDITKtP2iacK+88vvWAsYPNMTVu4omJ+CbRdpZOVuBeAweCO+Jhmm0OVkl2tvbBvq3fWDv3l27dpmG4SLXIP0El0uxOulLuALEkCPJqpDP5yE20Rs1HWOhUIgbBlAPgFP3ls2bm5qaXEQ28S5yDxw8cNNv3WSa1vMvPP/444+Pjo5m7IydtjPpDDXj0ZACQcj0xYlJMTC3+cxqlMrZQ5JPY4Gb/GrmERtMbxFoU5ZzIGsGRmhsbOyxxx/751/8/KN33f3Ru+4yTIMsBaZJ7oeI87mu6/tf3P/DJ374zvDZlGVnMpn29ozcDGVDxmE81pTRJnu7IuyPsgsLvMM0BhVWNxqhzYLzpAht+id/WAgmUBgiF7fYI4IXwxpxisXXD71+4PUDQ9dt/8T9n7juukHigiA2qTAn1yktigA2DDOXy1++PLGqq5M7PBO2AD1SYqkfFjPHcbq7u9et7Tk7/I5lWqmUffz48fPnzz/26KO/fGF/Om13dHRqNBYUY1woFh2niJEL71omfA4fcYcOClqIeCC+STHilOD6KnzLTdNMpVIkA0AmnclmCvnC3//9dw8ceO3zn//8unXrXeRqWDdNMvE//PDDzz33bCqV6mjvgCWLeLg4haJTpFI4rCwioo+vS+yD6Ka3gomAVCbU8eAPetzQqajmjVlaSaSoVinAiQ/UNIyUbVummTJNq7lZ07RjJ976yle/sm/fxz5+38cJQSGk6aaIOKwvA5DhWJZxbuycpmurVnXCIBzHGRs7Pzc3RxzmkskATPjGtm339/f/5vQpjDU7lRq/OP6Vr3xlfHy8va2VzJxky4hm52Ytw+rsWtWzZk1zczPs0Nh8DBOwrhkkxJ69bipMwLaPHgCxghzhKnqJEWjwGp2fSZw+bVYEAVGyhFa4/hSkU9KU67r5fOHy5UvjFy8V5uezTU22nTZNs7Oz882jx7785T/74he/ODg4SGaiSxf/8i/+8sSJEx0dqyC2u+gW5+bmUlaqu7uro6OjubkJ5CWgR6LfoOuV/KzCkd4seokNgq8V3gOWo7bBvMjGznYUbOVj8jYiO3yyQZ+amrpw4d3JyUnLMrPZrKbrzSTmRHv0+98fHTn3hc9/PmWbPEJdWxIGqLZhOi40PDx86fKlbKap6Lpzc7NOwUku9fuloK0D/fbzvwSqKhaLU/np5tYW6gFuzsxMZ5uzH/zAB27fffu2bdtaWlq0hGFubm5kZOTll19+/vnnL1++0tra7CK3rb1tZmb261//+n//xjfW9Kz96le/Nnbu3KrOTgcVTd2amp5qbWn58J137r799s2bNzfTWTY5cF338uWJI0ePvPD880eOHDFMM5PNaK67atWqX/7yWbfo/vEf/xe2H44WFSugskwCnvE//elPv/vd77a3txeLRdu2P/vZz1JPOMfHHqA04GumCworAxskBCWpwk8AdDTf/ta33333XWrr8Ca56ZmZW2+9+Q8/cf/GjRvF6bIKqKLznJAAA9nv5INSoBybgonhByQSvqUOB3+K9sXn8fHxxx577Nlnn21ubqGaRH1mZmb9+nXt7e3Hjh1vb28tukXdMGemZm655ZZPffL+3r6+8KDoH95jkU8ok8AvnO8joC/2DZYvlKBeDzcof3711Ve///3vDw+/09LSRjQTlnX58qWPfuSjn/7Mp0kgq2HWwABxVgDWj8r0y7cu8JMq3zylspZgCNUkclFzS/OWrVtGR0fT6QzCrq7pLkKFfP6Tn/zDfffcyzadkPGohJtQmTUzkmQjrxX2TlnUqHgXoUFfvXr1Aw88cO211z7yyCMkQYFmNDc3j49fvHDh3dbWFmrFN3Kzc/ff/4l9+/igfI6JssATcaMy/lHlXaeCOdG4WUwYeCPzYYIW65ZbbhkaGvrWt771/Av729ta3WJxVWfnz/7pZ9u3D+66fTfRjYL+iu1FYimF4voCkQAXYu+qbFCUjf7JJ32AzNxu0d02sA2IAEaLMPrc5z637557wSQJtqZkWvR43DORNhFCd9555wMPPFAokIUadjjZbBaGMDs390ef/qN9+8igSKh30LTHrftlqX8ROuy/X6lBmSYz7TU1NT344IN7994xOTVlGAbR+absx3/wg/lcnkoZUqjtorlCwAYxQstxFXoXgkm4t7cXBDzTNOfm5m64/vq9e/eCRUnWpicZwAnFYnHPnj2f/OT94MgIXEHCgKamfud3fvvDv/dhZiZrkEHBEDDG/+lznxscHCTuOZqezTadPnP6l889RxRZJCSdu9nHk4firAAlG2qI2b1auK7b2tq6adMmYtDQtFQqNTw8MjMzk/xNfBgmTdl01113/dZ7b5qZmQHudZxie3vrx++7rxFzH8FSZlnWZz7z71N2Cmx/tm0/89zTRZKloep3FGcFkA0e7IgcyxJ5VcPRSgADAwNCMXr+/PkTx08EBtUQAxQv5w/+7R+kLOKdZZhGPp8bGLi2p2ddwN+7UUAln+KWzVtuv/19M7Nzuq5lMpnTp8/85jenNF2HrLTxX1Cc8XO1jkTxcVpvCBIJAyxi11xzTXNzM3i/IYQOHT4U5azSAABBeWBg29COHXNzc7qmW1bqwoUL5LPeGEOIBMZ47947UikLU++bfCF/6NDr8AWcEHN0cb1BJRt9yeIXATTo0wVrQGdnZ09PT6FQ0DTNtu1jx46RcIjGS5TizVa33npLsUhimGw7NXb+wvDZ4YAbRQNBJ6Zf/dqBazf0bcjP5zHGqVTqjTfeoBnNBEmjRYsJDuhJwrQd7WzYoBzAJZ+BgQFwFbZTqZGRkXfeeSfKT7gBADSxfXCwtbW5WCTq/3x+/s03ic+f7LAJv7VGACzLVsraeeMN+UJe1/RMOnP27NkLFy7oGi3XQomWOMsumAE88wTz7+eSUOVeNsbDLG0S3ro1TZOHmqaZy+UO0fAAyAGzkLCV5Qd0ldQF6e3N5/O6pqUs640jNNqhgd8S6fhNN95kWzai2+KZ6eljlKvBl5tWw1oEOwD4+fO1svQ80UAEEQeO46xdu7a7uxviY6xU6vDhw+BC3EBzvwBCRN153XWDruMSNyc7fer06YsXL5LFwW+cbhCQbOSahrdt29azfl3Bccgxw4BJiktB1C5bCdUpAUS68aseCJEscZs3b3YcB2OcTqdPnz59cfxd2cIvLYryE1meUPfqAF2+/vodpkVcxyzLvHLlyttvvx3a0TUKGxi6broIZTKZ7dsH8/M5EsJhE+/dmWmi7WXGW7x4DOC3+5c8p8yfDQSRK6W/vx+mfMs0Jycnjxw5Kp2VOCovA5gUt227trOLeXBhTYPMFw0JJoiQ17Rz505u57YuXrp44sRxz3HW/44il+5q7ADSsbIXcO9irSEhvLWKxWJfX197e7tbLAL7HzxIFW0cwhwS9PxN3jwKJNLa2jowsC2fJ6qttG2/deytQp4k9pN2wA2iFAI/beqYMzg42N3V5TiOYdAYpgPwjiCeWKs4I1feBIN/RSjUo0THIIrCsxw0HoSNr1gstrW1bdy4seA4mAZJnjhxYpqusHybteQUs4j7DWjqxut3IkR2NbZtj54bPnPmtM+ntUFeGoREAFe3t7cPDPTP5+cx1tJ2+ujRo/n5vEm4umR5iloMYdSjWXj5lWtYVpJQNtQaGtu2baNZGoi9/eKli8ffesunE4O49yXDYrqd0aZ23LCjtZWk9CPGo3zh4MGD8maGvNhGWLiF0yjoZoZ2XI+I8z1KpVKjYyMnT55kter8MdkLcoar7U009I4ZHOM2b94MSSDBGxFypdD6YsIZRGsIwHzZ07Nu65b+fL6ANWyn0ocOH0Yugij4yLDOhINx9Y4dTU1NxMShk5D0Q4foO4I45kqvp7IatOZH0ojqwgDAJNzX1+dQRVs6bR97603HKZh6oypDdV2/YefOYtHRsJbO2GfOnBkZHSEhnSxoPZbYkBwAfff19fVt6MsXCrqup6wUWaVJGLIZZzBxXSFq7lw8SSy5sCxr69atYBJOp9Ojo+fOnnmHK0NjKdqSA8hOcP2OHem0TQ181uzs7FGq2mL8DOkYGgewLBuGMXjdoOMUmPfu6Ej8DAxVi0Bxlnyf05jId9aA+wGWK2XLFjAJ05wXuSNHiPYQ4tzpdqhhmMCg7+6aTZvW9awHNyfTNA++fpB/FaOqT/IABLlt2zYSiU9rfk5OTQ6/Qz2d5NDOEsxQXYmk+AKvnBdRHGq4xwueoatXr167di1IQcTp6uhRssI2oCOxphMSsW17cGgwXyDRDul0+uTJkxOXJ3Qm1MV19U2gFEQqlFJHFdd1Lk1cDsTElCLdOGrQqh9HpMs01jXhq91AcF2UzWa3bNkCPhHpdPrXJ0++e+FdXTcgPW5DbRtZV3fecINB+29Z1sTExJtvEimIDqcR3SIImpqa7JRFN/Q6Rtr8/HwgZcEibIJ5uG+NkQBQNq+x/CipslkrFt1t2661LFNU1QZPMozc2iaIOgKI+7rrBru7u6nxiBw4cOCA+L6xhiNAFmSawQ7+Fx1WkqIiD8Rdx0Vu3IqnNcQTjN9PKgUVent7gWLgWR+g6nOd5uForOlSGI/e85735PPzmqbbNA3w3OyslNS1QQETLN2fUWMf11KTWUzKOFn1JrgBhd14RF+RB4RTUFNT0zXXbGLK0EzmxIkTVyaucKerZKHioOCEnTt3sqKAKfvd8XdPngw7xjUSGH17WfNk9wVZTK2eASIfSvyD8dtcasAmvqo1SsrxhPr7+2ETmbKsyxOXjx8/zkMukjVlVpzChfGora0NDHyOUzx4kMV8Ni4PcFALse+ILLzotTvDLW5E7PI86EAFimrrpojToHxGe1s70TqTbRY+dOhQgwoMMAusXbt269atsFm0bfvo0aPgH6E1LvQIJST/whfUVVNQ/BK87KWYb6pK3BD/7o7jtLe3965fT8MDqEn42LHCvOxKWU9U2wdQF+7YsYOptmx7dHR4ZJjFfGqNiXAAZNg/PyzPx3aGo8UIygjTNT+4MjN0+MyKTckNaosK0zQ3b9lCTMIaKaY9dn7szNkzNeqJFxtVJzCm519//fUs5tOyZudyR48ci6k6XDZUu2eTICviy5FDxdygQn6K0AItxTMqn2V2iVaMimZzMAlv3rw5bWdI6gHTmJ/PHzlytH+gnwhFzDW33GoZmYUqMrNsOIdu5MmB1LPiQvmnGFrw1lhzkbvpmk3retaNjY1lmjKmYR46fOjDH/kwxmTTz+uuIFYRK9SfMjlxI4dTKqFv4Cv5z8jRyW8k8haezl56e2J3TC33Ro0VYgL3XroZYvnnnjjqIGISXrOme3X3+Pi7aTOdSlmHDx/ad+89DWkSpjAz5u7bdz/22GPZbIZEO5w8Pjs909LaqjUgRFZ3WpeGMYdQfXLWiNBYWDGD4r2/G3DbtyhAiCSO3rR50+joiG2TmkKnTp964oknmpubyfQDfjbCo5i/BdmHKnILLgrKAWi9iIj35E9ZHs2v4VzT8hV0AvSSd9MD7uXLl23bLpLqScbMzMz3vve9jbSgLSm/JbkRsNAHXtAjcFco/RWJ8EPgQiOvLCUaI+7L1FlGTO3SRB56dJCniuWCNk1rbi4n1SAlVYn8m2B23TJUiLlqQW3suH/r1l+9/DIsuAihRx99lIefsrNK5BEuaWampCCdTAsFMaU2lSlEkTWgCbnKEMtHH+arEAdB/nckKpMx109kWSnIF010Qan0z3/xi6JLMsIHa5fxQl5yBvxgkafoak8lGNKrfsN5A+ukvBh/MhWeHbnM0+3QeC0jk0lL1i6Pc8pHssetD1BmMHXEchYd0zW94DgbN2zo6OiYy83TBOl6e3t7hIo5TH9CouUOWp7kCvZLeZoKSclstuTeagGqC3U0QL6+przLeQcQS3hDfpCaN0KU5iuTb1hRixPrSFUWEcGlXjgyqydOPtOAU9FP6SJRisrXLfCyFO4P8oPx1TqodRMs/REj93+Zbdziolqr1sLhOE5rW9umTZteefW1dl5Su9oOhFZ/7016Wms/YzNSrE4FEryr73t51dGhvmMNz9HHg2JhqR0SuXgCW+SJrBStJCxprGJtVHvliLDyChCdTMIwLMuSq2HL50drHhofwG573v/+ixcvzcxM8/pufvmHDBpUxtFvrxTDwOGgtqZKsgyricLaEllawaxSK4sEKLF2wCvmrFvyLMZEkctynLWaTu1UU+PvZJlrGZkZpHO52Vl+EiviLqlBgw+nqj2A4X+a5JZbtmzp6uqCbQc9iMJlBHi/USlrA4i7TJrla2CpofqfgjR/ssNkPyRX6uQ98op9si0n9YsSvu9eihn++qR7sf7AlguawxgPDAzcvnv37Ows53PfHBP4syLKq0cDasFInWAZDWMZhSwPAdNk7QjbIcgyEJezy0xnZTpZ/qD8ciNHXf6OohHTNC9duvRf//zP5/N5asymBb79zYOwEG62ik0w+E7BcKAYraQBLGNCj2QAcNaIr0AMC5ilRE5+vDqjfkku5d/KbuEkF3FHR0dVN1BYUpC5WNJHhwWTUhxVWQ0qJ0GR0oGQRNshlqIaEUYobAqhzMeKxvJZVqg15GKy/rnIu314bRGztbgXZEGCPV4wg2QoZiVgIhEf5GGCog24gq3MXLwhORSEyTmmwSvyhPhn1oCKfYs5qcdBtf2Mf36cM+Ec2I95iG2qirMH8EQgKRtmqW4ZpEiHP1MaF+2Y+CQtib7TeE1S+Q0JyZjrd8lBQn9RCi+5Ta9ItdCCwWf/Q5EVjvKzpv3UDNBw+1tmLFFqUonpjFnVmTWgYt/KN65Xc+tqqT++6TC+t2KpfUKkJFatGjQgrrGWS/RElhYklTF/6WVGFRKm4WTfhjK0tIWFb8Gc4UVQtCBL/6VvzVWW0pBjBUAu7gy3FNcuG3DZYsblz6wWFVk6chsQVw1axsoo3yVEHwt8Q2Ede+RN5UXJt6qUbbzavsU9P/6LXPQ5PmnQl+VR0Ov9syxvs+KiF7tEUpTGfYFqePnKkgrfuGQXXJgiGwd5qspuKjQSYIUP65pqjgkO7A6FaoxcKN2mFjaIP1fX0GZk44r2r1boQlRn0qy3aeTKGH3hQfHS7RptLVa4+qFzPyhxgMXCl/OGqM2V17d9lIxKCgoJAPew8+vcAbVmhZD1x2FVehKihxQUNNDdeW5Tnuea9NOH6jSyUdkRg3U4FBTqCRImENj0ldMlxk2LIkg/xABxkrArKCwHeH53tgnmewCZyGsxhAXrvvjFIfbt4o1CQaEmULIXwo9Q08vm/zChxs0KYZqkOD1vgjnDVIw2UFBYZuk/siJFmQk6ji9QxDHZGUFyy1HrgELdwJ0eSRZmOCJtWUv6WcRZAYJXyk1JYVlqKVBIihwkgkDoDzlRYvVq0ErzuiB9Nf0r1B8+fScPXxHK+rA4swhB8XEiLxUU6gFPDVrK2bS6Ekllv1cikEI9AUlVuA1YVvuAJTfatzJuUHyJaAP2QamDFBIC5vnA974V1aC1pEaUrGPQKGt8wZ1XUFgEyLXx2BEvCkqrPShe9v6PH9enoLDsEHGIso4+GnELZJRJdHVVlBVRuJogPBUWRw1aPiRSWQAUEgg5JZacRXRh8QCRkctVFdBWUFh6CH9oJr5IGXqCpy5yggoFhXqBZeXmJA/HRPguRcRMXUWNMOH44PsOUhsrKNQXnLADmYfBSQd2qZEiUBwtkHcZS6UduLVaHBQSABYUz1P4soM8HRv8Fb5qoeV9FPUrJFP3H5M440SECUeiaFlHqUEV6o6a81ZVUShbbrna/iko1B017wEAcn5wr03JzUhBoW4onXA2mFg2gFoy9EfmpmUnKVlIoU4QySDkYMWKZBlfCyTq/8hVAgLJn9WeWKE+gLqv4k9mDSC1JRj11p4e3VOpCt8K6TaK4hUSAjlwy+8MVy5iMW52aGFPZnXSFN0rJC4bopf/kNuDKwvkcbRAtElarJZUCZPYgN1NqUEV6g0fQcqs4EvXEOG4GWcTLJ3Dnasj7Q4KCnUEL4Ya/kZ4g2oLswQD1YdaUTsBhbqDUCCTVTy1jKDMMtEscZ3hWKU7mPuldpTwo5AE0AqhUPJejwwA8JcVrdEblHJB8Aq1AVBICERKOMk51CNOvNCYYCjYiKOqB6i8iAoJAOwBdGESE7K5VEE0uAjEL5LHS/ZG65bUIqBQZzBCJVM0FYfYkYAjdO2pEXlwcSjKXmlBFZIDv4gistbiUgQfJzWiX7Zhu2zpb/J/oXEFCgoLARV2xGQf0NIT4gROCDtuWlXfKaT5UTpQhbqDULchbMKe+6c/gVVNalCMUZkEiSomWCEJkJz1aXZ0+CjceEqL6dWlR8eYONgBKygjgEKiINQzWMqEVdFPp7rUiJ52FW6pbMAKyQF4fhKBJSACLcwbFMDZSJG7QkIR8NX3SygLUoOytlRQvEKSAY46wYOMMktK7HHVoMLB2p92xTtBQSEBFoAKjg8Y+yoeVV0om3rcKVdohaSDeS3496iRO9YaDVhywIGSfxQSAx+BC9qUqLRqb1CsS8ZlKv8QRwuRfFrJPwpJQTQlEspfUKFs1ri/CXljoHhAIRHwewGFLMHRF1VcAXwilCJ3hQaBHBATCAuuKTcoa5XDf4LaBijUGSEilNOje+eEL6zKGzTa7qvWBIW6I+yzDIf5H7XvAXg6oLI7CQWF+oLQKE+N6CUzJGp7LyCmxqD48tKNkn8UkgG/i74WzOFZszcoqYoUvJUieoVkIxS5HlHdq9pK8Ui4QvubVnKRQv0huSdQaSdoCV5QXiBfipXa6nAoKCw1GNHDtlXk81yMQtm+gBh2SE38CgkDJ31Jbe8lhgjmyao9JjjixooZFBIApuwE5x9fEIwIYdQWsgcoJUWplFgKyQNbBjBP3FZylo5bIKNUA6BlUouAQrIqZASCd0uXCYufGzQiq4Ta+yokCCViYAQ/RE7TlVeAQE1IGSooXiHJWBRv0MpQalCFRMHz/PTUoGG30CpKJJFz1ESvkGQEZ2HPbFWhQoxSgypcddKO73BgE1tLPEAwE6iieIWGAE+Fy4g8nBm36j1AmPTVBkAhCQgSoecKwX6XotIq7ABsOfE1Te+lFgSFZIHlxwUP0PIiSxV1glmJ7OC3ivoV6g9GhzQ3HK6GPuOXSGLuFaBJkpNjKSlIoe5gREhLA5DdLo0Oi0OUcb1BeVo49necIvQKCnWGNDXXvgfwoir5ahIKt1FSkEKdUUI5GUzqE0ZcNahB1hQvOFIRvULyIQXFL2gTDCKQQasvRQheagOgkBBgrxYYi4CpKALFzw7N9teQhFqpQRUSCKkQnqy7h/qQtQbF+9KAgh2A5whSVmGFBIFRaMmdQM15gaRSe8FCxPy4koIU6gqeB93vvs8o06saVps3qJrjFRplAwC7AD3gv7YIQfFsJxCxACgOUUgAGBUyiV8qESMlSvQqRtZaIolagCOyQy/mSBQUqged5OVidgCwCwOR11ghhvsCIRpdQ63NxOBcSbukoLCciKZD5gQKe4HaUyMyZyBp+QjWHqu12woKSwSuu6dij5wjulZnONB+hryAFPUrJAEihzOb7WOTpbEI1ZiUGlQhEaBxL0zfg/jfFa6JGxTP7kDtABgpcldIHFidbEKc3Bwm7YdLTdPxg+JJo5ELi5KCFBIHrrUXqs/avUEr3UjJPwqJgN9EFczpX7sznJxUSDSiiF4haZB9lYWqhlP+AizBgUKT4TTRSgRSSB4C3qDROtCqXSHCUNSvkATI2nn6WZ7yy5FoFXuAUoKU2gYo1B1kv1uOBvFC1aA8z4qa7xWSvgfwl0jyFoFa9wAgTmHKY7z+qnyC4gqFJIBYqLywGC0csFVjQAw42QlXiOB2W8k/CskAEDuPVQykRixJpBUZgFWZhFBgsLYRXlBEr5BA6DQzluQCLRFq7blBQX6icWWkfWCzcnGWCgp1AadFFgOp6wb3Bq1dDcrUqJAcaLE7rKCwmCAiilQanmOhalBpBSA/gkuJ2gYoJAFMQKeZG9jG1aNM8VWtIhBlLOJeGpZ5lBSkkKy8KF4a28qIswlWs7tCI4UFi72vpAb1woVrLJMayVBiTVGLgEJCEKkGpZ+jidSIG2smFcfwu8Sp9UEhKeCJQaW0EN4crS3MGU4idH/9YaUaUkgo/N6g0YhLvrzmsIJCI4BlB6pMsXHVoKWhMqQrJAIRMj6q7LIQWw1a7saVz1FQqANiUKWS4BWuEiCfwBNQg5bEQiPCeBLS2N1UUFgChKgzEBTPfof5obIhDGM38mitXVVQWHxABTuhqhHRYaK+0UK8QX1tsfsFvUFZFKaCQgIQDogpmSyxsiGsYq1JpQVSSJg/HM/kwxYE5DtlAXaAMlDTv0I94RVwoRn8JXL0FY2srUge/CxJ4koNqlB3eDI5K+XouTCXF9ErMoAn3pQoNKmEH4XEgDlCY41qbkSC3AUFxUMTtFI8g0iSCMK/kv8VEgIpMYocEEOypdecG1T3ZUY3wN1OBQQrLCvialm4sOK/lhcOW8geAIpwk00G+6F4QGH5EJPMMNf/i4J5EqEu2BVC1wxD1vuLuyo1qEJCwNWfktpnwYWyQ3dgEccKCsldKITkzgK5wqkiqrAEG5KxWdwq6q4KCvWDl7CQFIoXxbFLVgiudgUgq4midIXEgggmIPxAAhPPQmUITX4thbI5qDgVmuzVBkAhIfBiH0FOl9SgZfRIcRiAuFIghIXaXyb6OC7XCgrLAT77y1og2T4WyQNxC2WDn1GcIEsFhboABHTZEsArZnNFfq2WYH4Deo8wGykpSCEJIGkLmRxUvlpMrYWySWZo/+5aQSE5MKQNLg5ViFlwoWyWb4sknA5+o5hBIQEI0/eiBMSIxsQPBYVEwlcbTPyogLgMIKy/ZKuhSiQpJBAhMpS8QZn+snYRyDBIsQ1PyyRBiUAKSQGtXyTInJIshMdE0C07p+o7+JtR1K+QHLDgFBoVGRNVxwSzRUBaTZQUpFB3UJ/PoMU3DlnWmhlOTfwKiQL1AsKsWLDMA/IpC9gDCLc6UYIj8JWCQjIAvqARtL5QS3DFthQU6oZAkIpXIgn+qr1QtmjQMyXIQj9CJNxY7QEU6g6eE8vbAXPKZKlSFmYJLiFCKW9QhSTAH64l5YegkruUNGghMcFRhK6oXyE587/kDCo8Fzxv0Mjr4rhDi3p47M8A0SsRSKHukOiPeiwLH/5Kpb3ipEXxYguEwKMmfoVEgaQt9E/Lge9LlfStQg1aYppHUsyBgkLd4KVwI+EAcoUYvAjeoNCWVHJDfDCwipVXSACo3M/pmafuZN+URtyYYD8DyWygyqcqJAPgqwm5cf0kWcoVtDoRiOYXJfsLhMh/4DlVKl4hSaCJS4iwQmZ2KRqm5DpQBQMwWjd0jDByaeEwmi9UTp+7OKNQUKgSLkLIdYFGdU2zLELYIoC3zIVxs0Jks1nyC2FD1+cL+dm5Wf9OQFG/Qn0ARDgzPZ0vFHTNoPSKs5mM/G0ZMSVOUDyh7K6uLsuyMEKmYeZyubHz5/22YWUKUKgnzp07N5ebMy0TYc227dVrVkv+Qd40HabSOAxAfvasW9fa2uoiBAzx9smTgXNK60kVFJYcJ06cwFQ8cV23va1z48aNkhqUqekj3XZirQAYa91dXevXrcsXChrGdtp+/eBBJ+8YhiB6I2whVlBYagDVzc/PHzhwIJvNaBp2CoUNGzZ2dHTI4smCRCDq8unquv7em292io6u6Zl05szp0y+9/JKuG8hlNSh1rFYAheUGcokd9oUX9w8Pj2TSGV03im5xaHA73a5iX4TAAnKDksIYmqbt2bOns3OVUyxqmpZOpx//wRNTU1OGSXkA07xEagVQWEYghAzTmJyc/PGPfpzNZqgeyG1pbt61+7aAhrKMz3JMS7COEFqzZs1vv3/PXG5W18kicP7C2Lf/7u8gUwTCci1iBYUlBibUD5T9ne88fHF83LZtwzBmZmdvfu97+zb0IYwMntGwPOKoQQ1RcOb3P/L77W3tTrGIMGprbd2/f//D33nYoHBdV4lACssAjLGLXKC6f/g///DiSy+1tLS6Lpn+M+nMvn33MlMweIVWoslYgjt3rECGYf785//8t996aFUHkYUMQ5+cnNzz/vd/9j/8x9bWVhEgZoDMpKCwqACCNk1T07S5XO6RRx555pln21rbkIusVOrSxPin7r//Yx+7DyOkMwqsbJ6KyQDEmAzsZBjGX//vv/6Xf3mqa9WqYtExDHNqamp97/qP33ff+963ByxwCgpLB9dFr776yhNPPHHm7NnW1nbkulbKmpiYuO22W7/0p3/qdwKtvCmNr7phIZeaphUc56/+6pv/71evdHR0IES24fP5eSfvbN6y+eabbx4YGOjp6WlqyoogAmFMoAVWRQEbcmcwIEQmNmUhbv7Kr4F6r3LNSskplajGaOuQyZHbw6GGjpfaCx6QP5kYuwe4U/mKjIe6SG4uHZRuxPRuhtSuDj6F0sFw2TbRQuDNRZpYIg5Kh7zO0E7CrX1t0v7ogUZDPQHQjCNeeaDo/oDLjXgLIoAK/gJfAXph4HJBI4EzvcsxkfhxoVAYHx8/ffrMK6+88taJt1Kmlc1mXRebpnHlysT2ocEvf+nPWlpayPvkRd0DsVzRQ61WcMcY6bpRKBQeeuihp595uq213bJMaGQ+l5vPF3Rdb2luTtkWdUiSXYUo8fNn6+8WUaISJ26vx8ylm3tZiKBOHRvkPMZJlMJpKASzQvAWeJ4Yqpxl5wBhk4PkCWEd8YvppZxIhNlQdBXOoj/J5f7c8yLmmjkdAqdz3xApJLvEe2Bd5ZOCmA5kMvHmCMOX+d6bWtjtpbHDET6NiCb4KOA4pvQaIEYg4gBVsNlKUq6IalysNUz8EAifcAbi84vUN95rWUNPnffZO2BnRs7fruvOzs4Wi8VUKpXNZulpBkJ4cmpy1223PPDAf25paSF6IU/8RnHMUzUwgJds+mc/+9kTT/xwdma6qbmZOEpAAQGMXddFiFbUpg817JEkle4gb5XTjTQrR0xRbEGglCwGSXIh6aQ/MG1QtvFK2TDSKvEARL9EGUxfZvnQh8in4Xu+wiwIzEB9E4Fz+Kwmv1Zg0dA0LGYBMVsKZvC9S3YpEHwtXrm45KsX85Q3GwifSuhOhZnVSyAlxuexs39FAu6hn7i/pcwMcjQibHyhWRe5s7Nz6Uzm7n1337fvXsOo0RRbo/UKgzu0oQ8PD//k/z752iuvTM/MpWzbTqVIFxmNkg4JaQSGySt4AKXCg5YWQZgRfF2SZw7RDKlSwEuh0ai0QFYY8g9qA2KNzPSihcjBkk0VNCg9F85Jvj7EAX/zPqEhqrwUW858GmSx0olFICBa+U+ljxpeRrXdLNF5na9a4SWAE2LQ275cc1478Ppk7zGQT3Xd8Aq8izQ+Uod8YVgIoQJBPptt3rlz57579w3090eGqsftYY26S3oR0bZSjhwZGd6//8XXXn313Nj53HwOEx0tfXkGKagBNrnA/MclFCac8IXfm9JgahdPjK245BBxwPAnweAUxt2/YfEnIg6TIZkkwuOl2VohRBsxIl+lTXY5X3qYrCX1X3wOzOvyS/e+ImuaWLtgJwKSH58BPZlLlkrEpMimB9+YfSeRmdXrpryWBrrMBo2lwflG5LXMBEk/R8DGiT1k705cEBK7Kv+SyrsvPR+QQaXnJA3WT5ZA3IZhZLPZtWvX3njjzj179mzevIWZwxagdazdf0HknxN6T8dxRkdGzo2OXZq4mM8XEELplJ1K24w1Qe4UkjrdIoSEXPZkCJXDEf68+DLJ5B8siEnE6Iv9HyN62RzOVm8pZI4yCOdByWuWkqM3DyNZiuaLBN/IsxHQKRiEGcKwSEh+QqKHujqcD8OPkTM59Ij71sJTE5Ik29yx6YIugvAGgZDYw4IXSjdJTLL2tiHeTQWZYo9lecMgufm4mq5DYqXy9sIliCJAUUIQhufHngTpsoYo+/PxMRHLt012HMd1idY/nU53dXX19PSsX78+lUrB/EumQ0J7RNzX6sUATGhR6n+F5QKYgQm9LTgOZSEebOGbExENmuWSHBHxhIjGYvX5t769jpgs2cTnnSB/KyYe37fcZVXkAONXcLFKyNMRd5RUOFGNC5UHmQZL3DrykhKdDC7xJe9YYbAR38bvOZuC9Vg9L9d4+U76bw1LjKxECTdeSnEp7UAkr57FiMJKrgtnxW2NrCRZivaXuoWFXK6cz8NYVi1Qg2LR6UYRcaNjZTGAgkIAatuqsKKhGEBhRUMxgMKKhmIAhRUNxQAKKxqKARRWNBQDKKxoKAZQ0FYy/j99dojnC484VAAAAABJRU5ErkJggg==
- ID: 6954b7c7-2487-423f-8600-436cb3b6dc0e
  Hint: Size
  Value: 13321
- ID: 6f47a0a5-9c94-4b48-abeb-42d38def6054
  Hint: Mime Type
  Value: image/png
- ID: c06867fe-9a43-4c7d-b739-48780492d06f
  Hint: Extension
  Value: png
- ID: cb09946f-3218-4823-87d2-d5007c199a96
  Hint: Dimensions
  Value: 256 x 256
- ID: dbbbeca1-21c7-4906-9dd2-493c1efa59a2
  Hint: __Shared revision
  Value: "a63edc8c-5753-44bf-962c-bbbc5342166d"
- ID: de2ca9e4-c117-4c8a-a139-1ff4b199d15a
  Hint: Height
  Value: 256
Languages:
- Language: en
  Versions:
  - Version: 1
    Fields:
    - ID: 25bed78c-4957-4165-998a-ca1b52f67497
      Hint: __Created
      Value: 20260908T231106Z
    - ID: 3f4b20e9-36e6-4d45-a423-c86567373f82
      Hint: Title
      Value: "tabs-block"
    - ID: 52807595-0f8f-4b20-8d2a-cb71d28c6103
      Hint: __Owner
      Value: |
        sitecore\zach.escabedo@sitecore.com
    - ID: 5dd74568-4d4b-44c1-b513-0af5f4cda34f
      Hint: __Created by
      Value: |
        sitecore\zach.escabedo@sitecore.com
    - ID: 65885c44-8fcd-4a7f-94f1-ee63703fe193
      Hint: Alt
      Value: Tabs component icon
    - ID: 8cdc337e-a112-42fb-bbb4-4143751e123f
      Hint: __Revision
      Value: "1e3cf8f8-d73b-4c61-a1d2-5ddbd004210b"
    - ID: badd9cf9-53e0-4d0c-bcc0-2d784c282f6a
      Hint: __Updated by
      Value: |
        sitecore\zach.escabedo@sitecore.com
    - ID: d9cf14b1-fa16-4ba6-9288-e8a174d4d522
      Hint: __Updated
      Value: 20260908T232031Z
DB: master
