---
ID: "0d43ac3e-38f8-4b87-a369-12f736e1ef0e"
Parent: "944e27d1-d29d-4892-b5bb-01e25edcc8a9"
Template: "7dae6839-465b-4364-a4e6-658ff5f1dbbd"
Path: "/sitecore/content/starter-collection/prospera/Presentation/Enumerations/Graphics/IconName/clock"
BranchID: "00000000-0000-0000-0000-000000000000"
SharedFields:
- ID: 256ef004-c9b2-4087-a19d-d2649dc52f33
  Hint: Scai Handle
  Value: "icon-name@1"
- ID: 85ade29a-4684-4471-8a2d-a0937f1e85fd
  Hint: Value
  Value: clock
- ID: dbbbeca1-21c7-4906-9dd2-493c1efa59a2
  Hint: __Shared revision
  Value: "37d013c5-72fe-4c2a-8834-e744d25fd339"
Languages:
- Language: en
  Fields:
  - ID: 30e85e5d-e00a-4864-b358-7624d511deb4
    Hint: __Unversioned revision
    Value: "2341d21b-e48f-496d-80ec-cbfda7b7caa6"
  - ID: 577f1689-7de4-4ad2-a15f-7fdc1759285f
    Hint: __Long description
    Value: Opening hours, wait times, or history.
  - ID: b5e02ad9-d56f-4c41-a065-a133db87bdeb
    Hint: __Display name
    Value: Clock
  Versions:
  - Version: 1
    Fields:
    - ID: 25bed78c-4957-4165-998a-ca1b52f67497
      Hint: __Created
      Value: 20260813T220229Z
    - ID: 52807595-0f8f-4b20-8d2a-cb71d28c6103
      Hint: __Owner
      Value: |
        sitecore\zach.escabedo@sitecore.com
    - ID: 5dd74568-4d4b-44c1-b513-0af5f4cda34f
      Hint: __Created by
      Value: |
        sitecore\zach.escabedo@sitecore.com
    - ID: 8cdc337e-a112-42fb-bbb4-4143751e123f
      Hint: __Revision
      Value: "8f72b7db-eb52-47b8-ab9a-c1fbc1542171"
    - ID: badd9cf9-53e0-4d0c-bcc0-2d784c282f6a
      Hint: __Updated by
      Value: |
        sitecore\zach.escabedo@sitecore.com
    - ID: d9cf14b1-fa16-4ba6-9288-e8a174d4d522
      Hint: __Updated
      Value: 20260813T220229Z
DB: master
