---
ID: "f3dacc65-e696-4969-a91e-91ccd7e632c0"
Parent: "cc896c61-ddba-43a6-a3c9-ce5a1e6c97be"
Template: "f1828a2c-7e5d-4bbd-98ca-320474871548"
Path: "/sitecore/media library/Project/starter-collection/coreworks/Icons/avatar-block"
BranchID: "00000000-0000-0000-0000-000000000000"
SharedFields:
- ID: 06d5295c-ed2f-4a54-9bf2-26228d113318
  Hint: __Icon
  Value: "-/media/97BFF8C17B2C42BFBAA214F9D821230C.ashx?h=16&thn=1&w=16"
- ID: 22eac599-f13b-4607-a89d-c091763a467d
  Hint: Width
  Value: 256
- ID: 40e50ed9-ba07-4702-992e-a912738d32dc
  Hint: Blob
  BlobID: "ac2521c0-eaa7-42d8-972e-43436f0668f6"
  Value: iVBORw0KGgoAAAANSUhEUgAAAQAAAAEACAIAAADTED8xAABWgElEQVR4nO19B3yU9f3/3T23V+6yByGQCQkkJCEkYe+pIOBe2FZatYXaZbG2/1pbFdG2vn618NPWURcq/gQBGcoGCWElJGSThOy9bq/nnv8r9yGffn0SYsYlubvc++XLF4TLPc/zfT57chmG4XjhheeCYRgul3u7f+WN7s144cVoox/q9zKAFx4OxgHyr6wPeBnAi/Er/rs/4PUBvBjP8GoAL8Y1vAzgxbiGlwG8GNfwMoAX4xpeBvBiXAdGvQzgxbgGf6xvwAsvxrIswqsBvBjXeTEvA3jh+egn2+s1gUYEfdafsF4DKY1u90/kZ743q+/FEGpCvaUQwwKcHiuwwOVyeTznq1a4ClwI3iX5fy8Gi1sn6WWAIRMitwe9P2O3200O6B0wGo0mk8lgMBiNRrPZbLPZaAe6VTCfDwxDURSfzxcKhSIHxGKxRCKRyWSSHvD5fatru90OL5HH43mZoTeQwuFwSAniZYDBiXkgMta/Go3G9vb2NgdaWlra29s7Ozu7urp0Op1erzebzRaLxd4DmqZJnsE/ky8JwHOAz+cLBAKpVCqXyxUKhUql8vf3DwwM9Pf3DwgI8PX1lUgkffJDP8zpBcCrAQYq5kmiZximra2tvr6+rq6utra2rq6ura2tq6vLaDTabDb8PAkWxQ/k0qx7AJoG/oF/oihKLBb7+Pj4+fkFBweHh4dHRESEhYWp1WryEvD572UGpt+eKU+FlwH6ANIcRVH4Q5vNVldXV1FRUVZWdvPmzaamJq1Wa7VaUUhTFIVMQqqL/uMPA0dvLmIYhqZpNKUYhuHz+QqFIjAwMCIiIjo6OioqasKECUKhEL8EuIhHUdzxxwDMd80eEl4GuAW73c6ycBobG0tLSwsLC2/cuNHY2GgwGDgcjsABiqKACvFw0RAHsEQ+/rVPxrhdqIf1md5vCn4IvMEwjM0Bq9Vqt9slEklQUFBsbGxCQkJcXFxISAjrSW+nE5jb04pHYhAM4Hlyore8t1gsN27cyMvLKygoqKmp0Wq1HA5HKBTy+XwQwyxCZ9nxpNGCRj/LaWbZJCQXwS/iUYM1xeVy+Q6AwiGZgYwLsW6Gpmmr1WqxWDgcjkKhmDhxYvyUqUkzZsTFxgpEt9QC7XBIens144oHxqkGALrBd2+xWMrKyi5dupSXl1dfX2+xWCAgA4GX3tKdpDOQu0DuENURCoUQwJE7oFAolEol/FUikYhEIgj4kBwFv261Wm02m1ar7erq0uv1BgfAmYa/WiwW4CjS9MKnIO+T9F5sNpvFYrHZbAKBICwsLDExMS0tLS4uDgwkuDqyFsfj0L/gHncMQJo6dru9rKwsOzs7Nze3trbWZrMJHeDxeCiMAUBM8EMgUzhWiUSiUCggJhMUFBQQEODv769SqeRyuVQqFYlETrlni8ViMBg0Gk1nZ2dLS0tzc3NDQ0NTU1N7e7tOpwOugHgReiMspkVmA7XA5/NDQ0OTk5MzMjJiY2PhVzBC5ZFsMK4ZAM10jJQ3NzdnZ2d/++23VVVVJpNJJBIB3ZN0g6Rgt9stFovVauVyuVKpNCAgICwsbOLEiREREUD0Uqn0dpdGLgKG6V8asT7TOwbF+matVgv8UFtbW1FRUVNT09HRYTQaGYYRCoUCgQB+l0yfocNgsVjMZrNIJJo8efLs2bMzMjICAwPhm8lYLem9eCRjeDgDsKx8hmHy8/NPnjyZm5vb2dkJWScW3QOTMAxjtVrNZjPDMHK5PCQkJDo6Oi4ubvLkyUFBQWR0hRV9v10hw/AfpHe6gPUZg8HQ1NRUWVlZXl5+48aNhoYGrVbL5XLRce/N3nYHb1ssFpVKlZSUtHDhwsTERDgrm81G2leeCk9mALBY4HUaDIYLFy6cOHGipKQEgiR8Pp+0c0DWIkHw+fzAwMCYmBiIooSFhZGkQCabxtB0ZhVHsPIV9fX1xcXF+fn5paWlra2tVqtVIBD0Zniu4+ZtNpvJZOLxeJGRkYsWLZozZ46Pj08/jrLHwKMYAEmBJP2urq6TDtTU1PD5fLFYDB8gRT7Ke6FQOGHChOnTpyclJcXGxpK2jetnWNHSY5GswWAoKyu75kBtba3FYgGTj/NdVwFUBKSug4ODFy9evGTJEn9/f/zOPkO0pLXGcUN4GgOQBk9LS8uxY8dOnTrV3NwsFovxlZOmjtVqNZlMFEWFhIQkJyenp6fHxMRg1U3/IXMXBzI5MoPNZkOnv66ujqZpsVgsEAgwhIXHYrFYjEajr6/vggULVqxYAWkEj/SSPYoBaJoG0u/o6Dh06NDJkyfb2tqkUilGM1mizmq1+vn5QTAkISEBgzYe9qb7THcUFBRkZWXl5OS0trby+XwwjbDUAnSI1WrV6/UqlWrBggVr164NCAiAw/GkqjtPYAAyzaTX648ePXrkyJGWlhapVCoQCFgv1WazGY1GiqJiYmLmz58/a9YstVrtkXQ/EE7o6Oi4dOnS2bNnS0tLzWYzCAuwiyDbAGxgMBjUavWaNWtWrVoll8tZeT33tX88gQHgbVEUxTDMiRMn9u3bV1NTI5VKhUIhGrjwqsDakclkaWlpixcvTkhIwCin+9o5zrKOioqKvvnmm4sXL2q1WolEAqeHpj+Px4NcxIQJE9avX79kyRJQF5gecd+jc2MGID3dwsLC3bt3X79+XSgUisViVmwHLFo/P7/Zs2cvX758woQJLL3BGa9gvnsIdXV1x44dO3PmTFtbG3hNLCFiNptNJlNCQsIDDzyQmJjoARaRuzIAJnQ1Gs0nn3xy4sQJmqalUikptyiKAtIPDAxc4oCfn9/4FPmDUggdHR0nTpw4duxYQ0MDyQaYmDMYDFwud+HChQ8++KCvry8ZKnU7beB+DEAK/tOnT+/evbupqUkul2NdDZA+TdN6vd7f33/JkiUrV65UqVR9hvO8uF2JlFar/eabb44ePdrY2Ej6Bhg41mq1AQEB99133/Lly1EVkDWqHHeAmzEAvqGmpqb333///PnzIKLQ04V3o9frZTLZ8uXLV69eDVLf3TX1WImYzs7OIw50dHSglIGPURRltVqNRmNqaupjjz02ceJEd5Qv7sQAWLR46tSp999/v6OjQ6FQwNtCX02v1/P5/NmzZ69fvz48PHw85DJHNKdGOdigqalp7969p0+fhkgRmX6mKEqr1crl8vvvv3/NmjVkMNotLCL3YACUSTqd7t133z1+/LhEIsEQJ2nuJyYm3nfffQkJCV6Dx+lGUVlZ2e7du69cuSIWi0UiEdmfabPZ9Hp9RkbG5s2b/f39SX3r4jzgBgyA7yA/P/+tt96qqalRKpWks8vlcnU6nZ+f3913371ixQpQ017SHyGj6Pjx459++mlTU5NCoUCLCHSsRqPx8/PbvHlzRkYGqbHH/Ob7nArhHj3BeIh7HOBwOGKxmJQ9ZrOZpul58+Y9/PDDfn5+rE4XL0Yi8tbZ2bl79+7jx49DRwTrdVit1rVr1z788MN8Pp80h1wNg2OA0VRkWBYPfR4dHR27du3Kzs5GkQMkzuVytVptaGjopk2b0tPTWdanFyMEuueQr1y58t5771VXVyuVStITgwLExMTEn/3sZyEhIVBWPbYK2f2a4lHnlpWVvf7663V1dT4+PjabjYw/mEymJUuWPProo0ql0uvpjsnb0ev1H3/88ZEjR6CayGazAZHxeDydTqdSqbZu3ZqcnDzmb4dkADcYjIVmzNmzZ3ft2mW1Wll6Fg5306ZNCxYsQJnk4s6WJ4Hp6c4Bmr5w4cI777zT0tKiUCgwZUZRlMlkYhjmBz/4wZo1a1hDN1znZbkQA8ChoCbds2fPxx9/LBaLoXgTy040Gk1KSspPfvKTkJAQr7PrIqKqra3trbfeysrKUiqV/51B5Oi80ev1GzZseOyxxzCX7FJdBC7EACjLaZp+8803jxw5olAoyJmENE2bzeaNGzc+8MAD8Fevxe9qgYpPPvkE2vPJoXRdXV0LFizYunUrBE9dKiPpQgwABK3X6//+979fvHjRx8eHzL2bTCapVPrEE0/Mnj3bG+pxNdA9Vv6lS5d27drV1dVFWq0QyUhMTPztb3/r4+PjUpLLVRgADqWjo2P79u3FxcVwTHBvFEVpNJrJkyf/4he/iIiIcDUR4gXLM66vr//b3/5WVlamVCoxbsHn8zUazaRJk5599tng4GDWSxw5W+h7h3yNPQPgwTU1Nb344ou1tbVyuZys7ens7MzIyNi6datCobDZbLebEu6FK8DmeEEGg+GNN944e/YspCzhn0C9BwcH//73vw8LCxu1V+nqg7FA9tfW1r744ovNzc0ymQyiaZAK0Ol0d9xxx49+9CMw+r2y38XB9IgzhmHeeeedL7/8Ui6XoySmKMpgMPj6+v7+97+fNGmSK7zQMWMA4Eug/pqamj//+c/t7e1oOKLL+9hjj61du7b35FovXBlMj+Fx4MCBd955B2exgJ9gMpmUSuXvf//7qKgom43m87u5Zaymy4wlA4CoqKmpeeGFFzo6Okjqh9mDP/3pT+fPn++NdbojmJ73e/r06X/84x8wDhUEGUVRRqNRqVT+4Q//LzJy8tjqgTFjAIidNTY2Pv/8862trST1w1yqX/3qV6mpqTabDSIGXgZw34Lq7Ozsv//973a7HUawIA/4+Kief/75iRPDxzAuxBvDMZ0dHR0vvfRSc3Mzi/qFQuFzzz0H1A8rtLzU747gOgwemqbT09OfffZZPp9vsVhwEK9EIuns7Hjxxb80NjZC8me8MACYNHq9fvv27TU1NTKZjEX9v/vd7xISEqASbpRvzwtnATO+QNxJSUnPPfecSCQieUAqlTY3N7/00ktdXZqx4oGxcSvtdvvf//73oqIiuVwOoWKYPwOyPz4+HkoIxzxC5cXwASlLm82WkJAAPADbpYAH5HJ5VVX1jh2vms1mst/SMxkAM7hvvfXWhQsXIFEC4SAYPr5t27apU6ei7PdaPh4AruMlgoCfOnXq7373O4FAaLXeqhu1Wq0KhfLatWtvvPEGay3D6Ig/3miSPvg6n3/++aFDh1QqFVo+sEro17/+9bRp00D2ezz19367HqzuuD1Tamw2W3x8/DPP/IbD+W//AE1bVSrlyZMnP/jgA5zhPmp1cqOnAex2O5/PP3369Icffgh1Png0RqPxpz/96cyZMzHm4/Ho/XY9m+E5Dg4HHkhKStqyZYvJZMKnpmnax8fns88+O3bsGPSRjdpdjZ4GoCiqvLz8zTffFIvF5GhyrVa7adOmRYsWgX7w1JgPrs6jaRpX6OF2MNh2iv/Ujzb47yI+d9MY3B49AC2sP/zhD2F/B/wrwzAymexf//pXUVEROYPIExgAlJ1Go3n99detVitspgC7sKura926devXr3eFrLhzgautgaxvjW3h8XCzHTwv/IHqAf4czg2XTJLffLvVq+4VG127du26des0mu74D+kr/+1vf2tvb4diitG4n1G4DET9X3311XPnzkH7IlJ/Zmbmb3/7Ww8bVIh7F8kn0hsMrW2t9bV1ra2tnZ2dOp0O2vlh97BIJJLL5bD5PTAw0N/fHxa0ADxvlqO954leffVVqJlDqtBqtTNnznzuueecNan7dlMh4M8jHmgHw2bfvn1nz56FImewfAwGQ1RU1NatW8EJ5ngEsGYJ1xSUl5eXlpaWV1Y0NjZ2dHQYdHrQBkjQ5FoXoAChUCiXywMCAqKiouIcYK2vY61Cckeu4PY8+JYtW5qbm2/cuAHpIJqmlUpldnb2559/ft999+GxDPNaff51NMaiAPUXFhb+8Y9/FAqFyHw0TQsEgr/85S8REREuMj1maMDTIxcTdXR0XHagvLy8o6Oj27Pn8wU9y67Jrdr4PaztQzabDTZdc7lcpVIZFxeXlpaWmprq6+vLUggseeZGzMD0xMQbGxu3bdtmMBjANoZHMJlMzz//fGJiItrGwymYY/0ueVAjyADwnoxG47Zt2xobG3GeD4/HMxqNzzzzTHp6ugfU9+OCAg6HU1paevz48UuXLrW3t/N4PNhViivJWEfd58mTygH+AOvr7Ha7r69vSkrK0qVLp0yZ4jEjH20OArh69epf/vIXjI7AjqbAwMDt27fD9MthPubYTIUA8b9r167Dhw+rVCrI+ILpf8899zzyyCMe4PhiFVdhYeGBAweuXr1qNpthbCOL6Ht7ruQSA/L/t9uICrttBALBjBkz1q1bN23aNNbQX/fSAKyi0T179rz//vtoJAOdLFu2bOvWraQScPoDOp8ByEL/7Ozs7du3y+VyHBOg1+vj4+P/9Kc/9R6WNIZF4YMFaYQ0NDTs2bPn22+/tVqtUqkUXBo0XnFvO03TYNjAb0GRH24shUgRDuB3mEvdHyBXm2HS0GAwUBSVmZl57733hoeHu/umD3vPYf75z3++cuUKUAuGyJ955pm5c+eyJt8MihPGoCMMHgDuvqOjA9YzwmsWCASvvPJKaGioO4orluKmafrAgQN79+7VaDQymYzcvtqT46QtFovdbhcKhT4+Pv4O+Pn5KRQKWEMEiU/4mF6v1+l07e3tbQ50dXVB3Rh+DK8OJQM6nU4ul69bt+6uu+6CKQxuqk6ZHgZubW3dtm2bRqMB/Qnmn1Kp3LFjB+xxG7IDMAYMwOPxdu7cefToUVRqMML26aefXrhwoUvNBRja01VXV7/11lt5eXkymYxcxQci32KxWK1WmUwWERERFRUVERHh7++P27nRyCG5hTR1dDpda2trdXV1eXl5TU2NXq8XCAQQRQDdAl4HTdNarTY+Pv7JJ590kQ7D4ZsML7/8skwmw7YBrVa7YMGCX/7ylyPUF+V8BoAnycnJ+fOf/wyz5NGkW7JkydatW9037IP0eubMmX//+9+whoPcosXhcMxmM4fDCQsLS0xMnDp1qr+/P1CqzWbrvZ+d9c34T2gFWSyWtra2oqKi3Nzc+vp6Ho8HniIaCWBVikSixx9/fPHixe67v5HpCQq9+eabX331FZkZ0Ol027Zty8jIQLnpxOdyMgPAY1gslm3bttXV1YlEIiB3i8Xi5+e3Y8cOaJF2l7dCAiXQRx99tGfPHhDn5H5pi8VC03RUVNTs2bNjY2PFYjHogaHlsNCHhlCS0WgsLi7OysqqrKyEXAG5tAv847Vr1z722GPgJ7ijiGEcpGgymX7zm980NjaKRCJ4QIvFEhAQ8Oqrr0qlUqcTj5MZAI7+k08++eijj9RqNUZ+gInT09Pd991AzfbOnTuPHTsGaVpy0rzRaAwLC4Ptq3w+32g0OssxxfiBWCy22Wz5+fmnTp2qr68Xi8XgDOCs7M7OztmzZ//iF7+APZnueM52x23n5ua+8MILEomENB/uvvvuRx991OlmnjMZAG6uvr7+N7/5DSopuPvFixc//fTT/Zj+rqys4a2YTKa//vWvFy9exFk3QHkWi4XL5S5atGj+/PlisRhI3+nEh+UVYrHYZDKdPXv29OnTNE2DjoXPwFEnJSU988wzEEtxx9AQ7SCS//3f/z106BA6kPAWXnnlFTJz6hSaceZ7guP+5JNPIKsHP7FarQEBAY8++uj3OOOu+p5QC7/22mvZ2dk4sBHcUKPR6O/v//jjj69cuZLD4cD+0JEQvVBHCaXjXC53xYoVjz/+eFBQkF6vx8vRNK1Sqa5du7Zjxw74mHvVySEYhrn//vuDgoJAuOBszI8//rh3bc8wwXOu+C8oKDh//jzZ5ms0Gu+9915fX193VMpoZ//P//wPjCuFFjYcgT99+vQnn3wyMjJSq9WOzuQiXIMZERHxxBNPJCcn6/V6JAWbzebj45ObmwtTGHrXXLg+KEfMV6VSPfTQQyaTCZMhcrn80qVLV65ccW73sNNeGDR0fvLJJ2gAQMVbQkLCkiVL3I76gW7gtt99993Tp0+rVCrS5dXr9YsWLXrkkUfAQx3NqC6Ol6Io6sEHH1y6dKnRaMR/pWlarVZnZWW9++67blpoyHPc9oIFC5KSkgwGA1IOj8f79NNPoUTKWVztHKIEQrlw4UJ+fj5m8kB2PvDAA27a4AvG6Ndff71v3z61Wk1WLhgMhtWrV995551Q0jwmvA1V9SaTafXq1XfccQeEXwE2m02lUh04cODEiRPYZMhxH3B7qkIeeOABTAAzDCOVSktKSk6fPg3P7pSHcs6bg6Td3r17yWYXvV6fmZk5ffp0txP/tyrF+fzS0tK3336bDPaD6F2zZs2yZcv0ev3YMjZuyFy0aNEdd9yBBgOoL6lU+vbbb1dUVIxac4nTlcDUqVPnzJmj1+sx/C8Sifbv3w/azzkXGv5XQH3LhQsXSktLJRIJFreIxeK7776b44YAkWM0Gnfu3IlVKKTls3jxYrKdb2wB3siCBQuWLVsGBgPIS7DNdu3aBYzBqrFzF2zcuFEikUA83W63i0SiqqqqkydPkoUno8QAfV4MazYOHDggEAjIVzJ//nwIWvWueHNlYLnB7t27KyoqpFIppuX1en1ycvLKlSuRzjiuAXC3li9fnpqainEhmqYVCkVxcfEXX3xBLvTluAm4jvqI8PDwRYsWwUNhZvDw4cMkVw+HrgbBAH2eHbi8ly9fRvGPA4/uuuuuAX6JSwHimyUlJYcPH8aEPISzwsLCNmzYgMldjovBbDbfddddEyZMgCFTWEy2f//+8vLyMRw/OGQAia9btw53hELq4+bNm+fPn2dVH46NCQSi5auvvsK7Aat04cKFoaGhZM7C9WU/Obr0o48+InUXTdNCofDuu++Gth4XpH6QlyKRaP369eRUBVhevXv3bnQlOe4DnkPqBwUFLViwgFQCfD7/yJEjrF6IoT3asBgASKSgoKCwsBDq3uA1KJXKNWvWfKfvxk1SksCx2dnZeXl5aPyA47tkyZKIiIhRjngOCqCmJk+evGTJEqPRiIaQTCa7evXq5cuXyaio64skLtEhtGbNGlACIHAlEklpaWlubi7Q29A0wK0qkuHfIvAi3Ci4iXPmzAkLCyO7vzluAoiv7d+/Hxs1gfojIyMxHOHKdAOOypw5cyZPnmwymTD4xuVy9+7di1P33EgkcR0UHxwcvHDhQgwHgaj6+uuvyR662z0OqzWPVYU+dAYAeV9TU3P16lVM/drtdqlUunr1atYnOe4A4Njc3NySkhL0Z+DmlyxZghFeFwdYCMuWLSM3Wkul0uLi4pycHNYAWsYdngiwatUqHKVst9tlMllubu7Nmze/N9nHGq9C1ooPXQNgSfrJkycx7ADiJzU1ddKkSaT1z3ETwLkcPXqUZVRMmzYtNjYWjQoXB6isuLi4+Ph4vGd4CyAynV5OM9KAXF5oaGh6ejomhqEQ6/jx4wOZtcqy95yjAYDcs7KyoGwV25RA9iDcRdXCI1RXV+fn50M5MUgagUAwb948pwyoGTWAmJ87dy52LIDdfP369aqqKnecO884bnjZsmXQLQlPJBaLL1y4oNVq+/TK+rGIyL8OkQHgWK9evUo2LpjN5sjIyGnTprljwAGeKCsrC0tZeTye2WyOjY2dOHEiBBY5bgJ4F5MmTYqOjsYSCXDPvv32W/dSy6zEcGxsLPg2kBBobm6+dOlSb3nP+S76NIFufTNnSICvOHfuHBI6VMbPmzcPxxs5JU8xOgD33Wq1Xrx4EQd4AWbOnOkWlk+fT5SWlkb25YhEosuXL8N+CvcqEOL2FEXPnTsXiuFQaQNLkw4P63f7f0zecPbbFRYWgrUAdf8qlWr27Nms6CfrD64JOMqKiorq6mpoMcHZTJGRkWQ4xV0A6isyMjIgIAAoBuoI6urqqqqq3C46x+m528zMTD8/P+gTACuouLgYuqVJy37gXzuU9wpXunjxolarxUpPo9GYlJTk7+/vXuYy+UTXr1/HDVYw2SEmJkYmk7lyt1o/gBr6mJgYFJng01+7ds31dXJvgEHh6+ubnJyMIonP52s0muzs7H40QP/vbigMAAo0OzsbfSxgu8zMzP69b1cDKxhSXFxMhvkpioqJiSGDoW4HhmHi4uKQpSFCWlJS4qbT1e2Od4FmNty8UCi8cuUKdqEMVlQNmgFAwFdVVZWXl4tEInS5QkNDk5KSWF1RLh4CwnuD6r2amhpyJJNKpQoLC0Px6XYAryY0NBQLaaBEtL6+HsKjjPuM4iOVQHx8fFhYGOhqKJCuqKiora0d2o69QTMAnNqlS5egKAA4z2QyJSUlQe2AGx0oAE6tqamps7OTZICgoCC5XO52BWQkoCA0KCgIHF/QAO3t7Y2Nje4l+0nTQywWp6SkoLHK5/N1Ot2VK1dwggZnRBkAbiInJ4eMyAoEgvT0dPhA75yzW6ChoQEbSuChQkND3SX7ezsAxQcHB5PNnEajsaGhgTSaGTd5RnTG0tLSUFSBFXT16lWc0T2oxxkcA4CAh0iCUCjEaEloaCjM7O4n4OriaGhoIJ1dHo8XFBTkLpTRDxiGCQgIIF8KwzDAAG73mvBWY2NjseobGKCioqKhoWEIE6QHxwBAEPn5+Xq9HrNFFoslISEBo4cc90RrayuaxWArQx+w+z4RGTlB5x7+39zc7F7WPwLKP4VCYWJiIroBfD5fq9UWFBQMwa4bHAPAkeXn55MHyuPxUlJS8DNuJzXhoTo7O8loiVAoxAo/twaUQ5PZPR6P19HRgR9g3McEIjFjxgwyZMfj8fLy8sji0BFpiYR0ekVFBVpgVqvV19c3NjbWTSNreNtYZQXBBFhc514P0icg/yUQCMgBcjqdjowbct1KFcBtR0dH+/v7Y45PKBSWl5eTM1QG+m0D/yhQw82bN9vb25EBLBbL5MmTfXx80PZyr9ME2O12rPaB/wsEAnIjg1tDIOheUEY+C8zx5bibqAKAjFcqlVFRUegGCASClpaW6urqEXSC4XvLysowAgUGWXx8PAYT3fFAcYML2TzhAeu3yBIa7O/BIC/reTluBSC2+Ph4bE8FX7S0tHQEGQCudOPGDXQWwVSIiYlxxyrz3kFbHPqJ69rdkThYINcKkT906+fiOp5oypQpuHkRLDpggJGKAgGTVVdXkw6AWq2eNGlS7yVwbioj8SlgZ61LzT4ZArBLm2zkh3g5hMx5vTa1uQXghidOnBgQEACNwhALqq6uJqu5BsLwvEEpnYaGhtbWVpj/AwwwadIkmIVILnN1O8DYcXKio8ViwZPluC2AuK0OYIwcygdIo4jjts59REQEmQ1oaWmBFAerJqIfJh+cmVtTU4MVECBaoqOj3fcQAXDzZB0H6DqYdc5xZ8BrMplMpFyEhlo36tboDbz5yMhIMrplMBjADx44BscAlZWV5FwNiqIiIyPdqO6/T8BRwvBnrA+zWq3Qa+d2xEEC3pFOpyNL+ux2O2y4sbvbrDgScNtRUVHk3kEg0f5/kWUO8QZ1verqaqgFAvEvk8kmTJjQ5/e6HYKDg0knnqZpyA1z3BxcLre9vR19AJCd/v7+nvHWwsLCyIkkFEXV1NT0z9WkOTTQqRDY8tvY2Ag9AHa73Wq1+jngvh4wifDwcDSLAY2NjW5NHAAul0s+CLzK0NBQjpuD6yA2X1/fwMBAnHdEUVRTUxP0iw0k6jXQqRDwy52dnR0dHegAWK3WkJAQyLG7YyQBAXceEhKCxc8QUmhoaDCbzW6tBMCZaWhoQFsOxkNMnDixz5k5bgSM/ISEhGC3A5/PByoduGMziLfb0NDAGs0FgsR9fSkAvP7AwEBsn4WjbGlpaW9vd9+KaHiKjo6O5uZmzARbrVZ/f394cTx35m2kt5CQEHJ5uF6vh1I/Z0aB4EotLS1kOJnL5YaFhbE+46agaZrP50dFRUHjCA4cr6qqcncGqK6u1ul0pN6eNGkSuVuScXM3ICQkhPyrzWZra2sbEQ3Q1NSEf4awa3BwMP7ETTUpifj4eHRmoBSipKTE3cuBoAMYS3ftdvu0adPIDDHXzV9cQEAA9maR3Q4DfKgBMQB8V3NzMxRBQJBEKpVCMMGtjw8AUn/KlCmkGyASiSorK1tbW91UCUD3Y3l5OfppkAEABnDfnTEIIDw/Pz+JREKOZ4aGzwHi+xkARYVGo4FVtXCUSqUSwsnuW1NFgmGY4ODgyZMno+NLUZRWqy0sLCQNBncBVAgXFBR0dXUhA8O4uJCQEJZaY9z5xfn4+JCdG9jt4DQNABRP0zQOYYQZ4j4+PjgVwt3VKLA0l8udNWsWVECgDZ2Xl+fElWyjPBgrJycHJsvCM1oslszMTMzkcN08eA13LpFIYHs5+sEajQYVgnM0APSL6HQ6Mp2uUql6Cw/3lSVwmhkZGWq1GpYgwSzBmpqa0tJSrBRyozqZ0tLSmpoa7AWDysVZs2b1Jnqu2/IA2Dw+Pj6kBtDpdLDA05lOsMFgwKGk2JHQZ9URxz0BcjEgICAlJcVgMJBFEOfOnXOv3kjQ2GfPniU7Bk0mU2pqalBQkNvtreoHQH6kBoAn1el0HOcygMlkYo2IAgbwDOonsXLlSnI8ukgkunHjBrkxycUBO0pycnLKy8thcj26BCtXrvS898VxkCLJ6lDIOEB7ZBAmEBrHAIVCgYfoAbIElUBsbGxycjLZXcrn848fP45lsBwXBvgtGo3mxIkTaPxAmeTMmTPj4uJYS8u5bs4DcP9KpZJMT9lsNuebQHq9npUFAwYg4eLEMRDAI6xfv54ceyEUChsaGo4fPw6LADkuDIjeHjt2rKWlBfuWQPyvX7++94c5HgEfHx+Sk+12u1ardb4PwCqoIhnA3QUJSwnExcXNnTsXEqjwvDKZ7Ny5cwUFBVKp1GX9AUjOFBQUXLhwAdsboBx63rx5sbGx7j7m6HaQy+XkqjyGYZyvAXDRCFaZi8Vi8gO9G0/dEfgUDz74oFqtZq1V/OKLLzo7O2EkHsfFAJqqq6tr37595LwTmPJ73333ud0o3IFDKpWy6pqMRuMAf3egPoDFYiE1AI/HEwqFvT/sAecLIiQgIODee+9FTwBMi46Ojj179kCVhEuxOo6x2LNnT0dHB2n963S6e++9lwz+eNLLAohEIpZ7ZjKZOM7VAFBxikdGURR0BiNciiCGA6Aku92+YsWKWbNmQf4bDAyJRFJcXLxv3z7Qfi7yyHAbYrF47969RUVFGK2CTPasWbNWr14NzSLk5z0JfD4fng6EF8MwFovFaVEgIPre8f7e+wg8RqIAuFzuT37yk4CAACyOgFqarKysr776SiqVugIxwQ1IJJKDBw9mZWVBUQD29fv6+j7xxBMe9l5IwKNBhQ7+5HtXZw9RA7Dq/j3yWMlwMrQObtmyhaZp5H/ggZMnTx48eFAqlQ5tKYMT75bL5UokkgMHDpw8eRIcdAxeWSyWp556KiAggDR+xpxjRwIw5YUscBp4oGKgPgCeLMBNx4B+L0iuBkMoMTHxRz/6EZSBoHSRyWQnTpz4/PPP+Xz+WPnE0MPA5/M///zzU6dOwS4zvHOtVrtp06bU1FSapt2ukGmw4DlA/sSZDICTQlijH1h6wCMVApT9rVq1asOGDZ2dnWQ3nFwuz8rKevfdd3U6HZjdoyYLoKxfJpPp9fp3330XLB+8AWgLvPPOO9etW9eb+t29bLFPYB72dgNqyUTtEKdCsM7RM1K/AwHogU2bNq1YsaKzsxMb54EES0tLd+7cWVBQIJfLcWXgiALcWZlMVlhYuGvXrtLSUhb1d3R0LFmy5PHHH+8d9vFU0ISNCmCtiulzbwvQ8HfmIAycAex2O3Yi96kQPAb4dE899RSHwzl69KhKpcIRolKpVKfTffDBB7NmzVq0aJGvr++IjtNiGEYqlXZ1dR06dCgrK4vH42FiDlR0R0fHwoULt2zZ4qnCngVsz2Ll+DAohB+7XQ3sIBiA5CGaprFmmPw6jwQOFfzZz34ml8v37dsnk8lAM9jtdtAJWVlZBQUFixcvzsjIYJ2MswC5iJycnCNHjrS1tUFdBrmmtrOzc9WqVU899dQQNgW5NaxWq81mI+PyrCRVP0fx/QwA3AO9Lwi73Q6hVjcdCj1YAEnZ7fbHHnssJCTkvffes1gsUqkUg2NSqdRisezZs8dgMCxbtsxoNDr3NBiGEYvF58+f/+KLL0QiEdkDRVGUxYFHHnkEMr7jivo5PVlasgMGgtTOdIJZBXd2ux0qTkl4tleAvaArVqx4/vnnQ0NDYasS5kkoilIoFBcuXOjq6nJu3SgOODl27BjMtQXqh1IfrVYrlUp//etfe3a9wwArNTE0zBkYBuokyeVyUPooDrHgzgNaIgebJI6Li3vppZdWrFhBHj3uzMQqOicCWl1NJhNO+AFu1Gq1aWlp27dvnzNnDtzJeHgRLOh0OtIH4HK5MpmMMzAM1AeQSqXkfnpkgN4tkR7/AiA2KpPJnnrqqRkzZrz99tvQQYaiGqd0OBdCoZCsQYJrPfHEE9DmMh7i/beDVqv9TmSTx5PL5RznmkBisZg1fYVVcj2ulC9YOAzDzJ49OyQkBIZRgkgWi8USicTphccQdYVWNZz67+vrC9RPlvp4vC1KAp5Uo9GQP+Hz+aQP0P9pDNQEkkqluAkYxDx51XESdGOBy+XqdDocn8gwDE3TCoXC6R30OIgJxxZhwgumlbFmnIy3F9HV1YUeMHT/gAk0kLEXg2AAEGzwV4qiYPrKOEm13A5dXV0ajQazYzRNq1SqkTCB4L2q1Wqc2wWNju3t7ay5TOOK+nkO8sMdz6iEnWwC4eJo9AEoiurs7GRtnho/mhfLY+vr66FnAMNwarV6hLoFKIqCyjYsTrFarfX19Z40nGawAIpHBgAlDKOynFkNCgeqVCpxEwGPx+vs7IThEyh4xo/sQQorKyvD2Av8MDAwcOQKIoKDg1l1nX1uxh0nL4LpGdeAcWewFVUq1cBl0CAMGNzIB9JIr9eD/h2HADFst9uvXr0K1aCgAMVicWBgIKkYnQXweoODg9EPhu3Q+fn5eDPjSvYjurq6YGo/li3DyNoBiqFBaIDg4GB8rzB+qLW11aX2Azg394R+LYCs96Qoisfj7d+/v6KiArrDoPvWz8+PFBNOBH6/r68vlFoAv928efOrr76CgnhURLD3m3XP/T8pxw0Bt93a2mo0GtEKtdvtQUFBA/8S/qA0AGoW0DV1dXVpaWmuo3mHfwNkogOyvL3LYI1GY3Nz87Fjx44ePYqBAZjHFBcXJ5FI9Hr9SMQGIBIaGxtbW1sLC6Jh3csHH3zQ0tKyePHioKAgkUjUe7cxsMTthoFyx/qtDRMNDQ1WqxUro3g8HjAA6Z0OqxYIvwv1L/yQx+PV1dVxPAggL8myv/b29rq6uvr6+sbGxpaWFo1GY3Sgo6NDr9fjslFcGZiamsqan+d0K2jmzJkXLlyAcRXArkKhcP/+/d98841arRY7oFQqg4KCQkJCJkyYEBYWplaryU4G4G2Op6C2thaLAiEExNIA/b+OQTBAQECAUqns6OiAMB9FUQ0NDawiJBcRJ4OKhcPxgVUDefWysrL8/PySkpL6+nqtVguF39B2BNUQfD4fQgLw4DweT6/Xr1q1Kjg4eITEP453DgkJmTdv3uHDh3EiLMMwCoXCbre3tbUBfYMJBLyhVCpDQ0NjYmISEhJiY2NxmhNN0yxd4XYJBLjb6upqCEOjGCIXN34vBsoAUIkeGBjY2toKUzf4fH5zc7NWq1Uqla42cel7bwbtReBkiqKsVuv169fPnz+fn5/f0tIC5bUCgUAsFmOIjfw/lqPxeDyNRpOcnLxo0SIwRkfuuWBx06JFi+rr669duwZDYVH+QT0waedAzWJhYWF+fv6XX37p5+c3bdq0OXPmJCUlAdHQDn+djCy51HvsB2DtaLVa2FwK78Vms/n6+pJDOwGsDAn5mAP1AUBvhoWF5efn4xq5rq6upqYmmJLrLgeHwOKZtra2s2fPnjlzprq62mazicViVrc72WCK5AV/gDrk5OTke+65B8cxjOhtg39y//33CwSCK1euQIkKGQBgRT+gaQY+ADNDT506NWnSpAULFsyfP1+tVvepDdwFzc3NpElitVonTJgAKxFuNwSJ5fEPwgnmcDgTJ05kTdyurKyMiYlxrzACnA5FUW1tbYcOHTp16lRbWxsIe4yikLtfcSYKCH60MXg8XkhIyJw5c6D3fCSin70Bip7H4z3wwAORkZFnzpyBWBz46yDOWUKdzN9DirS6uvrf//73/v37Fy5cuGbNGl9fX7djA0yDmM1mkUiE1mBERETvD/czvGdwDBAREYFTxwAVFRWsexq1ExysuMXIJkVRZrP50KFDBw8ebG1tlUqloDQxaIhlz1arFSibx+MJBAKhUChyQKFQ+Pv7x8TEREdHSyQSaI0YtQcHLjWbzZmZmYmJiSUlJeXl5W1tbQaDweyAxWIxmUzA5zA5Ajxm5G2hUCgWi7Va7WeffXbixIk77rhj9erVuGnLjXKaN27cIFUfn8+fPHnyoL5hoAwAJxIWFubj46PT6cDqEggEFRUV4EGOvvk42MthyeTVq1c//PDD8vJyqVQKZjT2OQDdm81mm80mFApVKhWEUwIDA1UqlUwmE4lEQgfgBEwm08h5vf2Dy+UaDAY+n5/igM1mszpgNpsNBoNGo2lra6t3oL29HWa7Q0E1qjI+n+/j42PQ6997773Tp08/9NBD6enpYEljdZNrAgxyhmEqKytxCDYUQYSHh/c5FeJ200wGwQAMw6hUqrCwsOvXr8NVhUIhxAeDgoLI7vjR5IQBXg6oHxrYv/nmG4qigPTRl4VMk8FgEAgEYWFhcXFx0dHRQUFBUqkU2Bvi7sAqFovFbDbjNlXOGAGIAPUPj8eDYmw/Pz+IWYET3NzcfOPGDQhqGY1G6CnDNB/lYIP6+vrt27cvXLjwscce8/HxcX0e4HK5ra2tdXV1kImHGHF0dDSYc/3kOoZuAgENRUdH5+bmYkmcVqutrKwEBsBPjiYP9H8h0uwpKCh48803q6urYZo2i/RNJpOPj09KSsqMGTMmTJgAmSYQqL0nILmUkdDb3CfH+FEUFR4ePnny5AULFkDsKC8vr729XSgUdksxhzaw2WmRRMxlOMePHy8tLX3qqacSEhJY5pBLBYiAFCsqKjQaDZSIQ5dSTEwMRC9YUskJGgB/JzY2lpwYzjBMUVFRRkYG62OuAxCNhw4d+s9//gPbXcn4PZC+Wq1euHBhSkqKv78/2BLkKDhXe6J+0HtOGcxIBH0FnDB//vycnJwLFy60tLSIxWKKomjGztB2hsNRqVTNzc1/+tOfHn744bVr15L99QNMrI4mioqKMMMNiIuL6/OTztEA8JtRUVFKpdJisUCwic/nFxcXAwu62gGhafjOO+8cPHgQ2ppR8EMhoVQqXbp0aWZmplqtBoMejtKT2guRh81ms8lkkkqlixcvTk1NvXjx4rfffqvRaCRSCZfTLctsNptIJGIY5l//+ndNTc2Pf/xjgUBAllG4iICD91hcXIwd0jRNK5XKqKiowd7h4Ow8hmH8/PzCw8OLiopgAZtQKKytrW1oaJgwYYJLkT5oSaPR+Prrr2dlZZHOLgh+i8WSmJi4bNmykJAQs9kMpO9JNQK9AXRM07RerxeJRMuXL58xY8bRo0dzc3MFAgEMm+g+Ii5XpVIdOXK0vb39l7/8JYxgIaerj+1bBgunoaGhpqYGuxTNZvPkyZMDAgL6vL1+7pk3hG3SU6ZMIeuidTpdQUGBS7UFg9Gv1+tfeumlrKwslUpFljAZjUaxWPzAAw88/PDD/v7+MFPAjULgwwQu+NBqtSqV6qGHHnrwwQfFYrHRaLzlHHMYG21TqXwuX7788ssvQ7ExHqCLnFJhYaFWqwVPHSTa1KlTbzesu597HpzAgy9KTEwkQwQ8Hi8nJwf+7AoZMYiRGQyG7du3X7t2TaVSkVuU9Xp9VFTUk08+mZqaajQarVarJ1k7gwLlmKhlMBhSUlKeeuqpqKiobs+H7zgNhzmkVCrz8/O3b9+uNxi5PUNxxhxAhDk5OeTadj6fP3369CF821AYICYmJjg4GEYh0DQtEomKi4tbWlow28IZO8AN2Gy2v/3tb3l5eUj9oP11Ot3s2bN/+MMfqtVqiN+7iDwbK/Ac0Ol0arX68ccfnzt3rl6n5zIcLo/L6YmsX7uW94/XX7c7IgesMcujf8NgzLS3t5eUlECkDgKggYGB0dHRQ2hSH7TJC5uCEhISTCYTRIGgQf7q1auuYyC+9dZb2dnZpOy32+1Go3H16tUbNmygadpisXi2uT8EVWCz2TZu3HjX2nUQ+eX1VIWoVD7ns86//fbb3fGiXmVRo8wJoIXy8/Pb29ux+M9kMsXHx8OU7MGS3xCJYObMmZhThJu4dOkSBkY5YwTw1Q4cOHDkyBHY8YjV2haLZf369TC1k1XC7QWn58XpdLpFixfdc889Nmv30YFK7+6yVasPHjx44MCBPkfAj6bIg2tlZ2ezwrIpKSlDY8WBMgBZJMPhcOLj4/39/a1WK7CBWCwuLi5uaGhgNSOPDpFhMyhFUUVFRR988AHUx5NlM3fddRes/r1dY5QXXMfL1Wq1mZmZGzduBBMX/slutysUiv/85z95eXnoEI++LQTqvb29vaioCOwfGA3t7+8/bdo0TI0P6n6GogFgP0piYiJYQaBDu7q6QAmMvmTFtiy9Xr9z506G4fB4t1qkIeazatWqOXPmQG5rlO/N7cDr4YHVq1eTW2LBW9i1axdMoRoThxje6eXLl9H+gZLk+Ph4CHMPQagNlCB650EyMzNJehIIBFlZWaws9KhJWbjuhx9+WF1dI5F024IY85k9e/aSJUvGqmTNfXlg0aJFpNQAPd/Q0PCf//xnTAxINFzPnz9PjqnlcrlkIcJg7fCh0ASQdUJCAo7FtNvtIpGorKysvLxi9Ed0gPGTk5Pz9ddfOyodrBxOt8QyGo0xMTF33nknaiovBgiuw7O84447YmNjsc0NBj+ePHny4sWLZGZgdN41aKGqqqri4mKxWAykb7Vag4KCkpKShixth8gAEAuaOXOmyWQCwwuK7M+ePdsTi+SMGmBG2scff+x4TwyH0300NptNoVBs3LgR7tbLAIMCtyfpeffddyuVStx5AzXwH330Ec7DG+WZaOfOnSNH8ZlMptTUVHJdyGAdvGFZBfPmzcNmHJqmxWJxVlZWz3T8UYqHwnuCMkYcUgL942vWrAkICPBGPIcGrqO+wN/f/4477sBRFziM6MiRI6PpCQC5G43GrKwsGE0CIVqhUDhv3rzhMOEQKQM0YHR09JQpU0BFwt00NTVkZWWxWshH+ly0Wu2+ffvIET0GgyEpKSk5Odlr+g8HlKOcZMaMGSkpKegQw2rAQ4cOdXR04M6UkX7XIOYuXbpUW1sL5Xrg/kZHR8fFxeGglyHkYYdFHDweb9GiReRwTIriHz9+HH4yCkkxOJdvvvmmoaEBezVpmpbL5StWrBj4tmQvbgcwJpcvX65UKqEAzG63CwSClpaWb775Bt7ySNeAofsLnUx4OavVOn/+fLTEhkZvQ2cAuFhmZmZoaCiUm4NsKCkpycvLGwX9CHyv0+mOHTuGE7soijKZTBkZGUFBQWaz2Sv+nWUIzZs3D5vgICJ04sSJkVgGdbsQX6EDsJMcyx/mzJnDsvtHKROMfpJUKp07d57JZMKBagzDHD58eBRS5aBnsrKy6uvrQS1CWkSlUqWlpcEtjcR1xxsoh0yZNWtWUFAQOAOwsLWh4Za5O9JWEBDS4cOHydHwBoMhMzOTnEk1tKsPS0DChZcsWQz6EQ3EnJyckpKSkTYQ4fvPnDmDCylgQGdycjI0djn9iuMWtMOqTE9Px/QwDIY6c+YMVkyMUCEMiP+KiopLly6B+If7kclkS5cuZX14BEsh+lECoaGhaWlp6CRBBOarr74iPzYcHu3nXKqqqm7cuAHiHzVSamoqmcb3YvjgOSRLUlKSr68vegJisfjGjRuVlZWjMBvzwIEDYNBCwN1oNCYnJ0dERJCJ134CQawi1u9s1HPK/a1atQp9UBhinJ2dXVFRgS2IeItOz4pjmobH45nN5tjY2KCgIC8DOB1Wh20ZHx+PZws7mi5evIifcbr4B/Vy8+bNrKwsDPaDzbN69eqBX5HV0knSxnAZAIRBXFzcjBkzWBmKvXv39jmi0Yn2D/TyYRCAx+NBUtALp4PryCcmJCRAlzAmxfLy8sgiHKevaOBwOF9++SXkW9H6nz59ekJCQu/pD9/7Vc7XABjuXLduHTidwBIymSwrK6u4uJhUAs6SynDFxsbG6upqGAsDIsrPz2/SpEnezNdIgOsIvISHhwcGBqIVJBKJqqqqGhoakAycqHiBvsvLy8+fPw/iHwl33bp1g/I3RlADgNy12+3Tpk1DJYDx488//3wkwkHwPcXFxVqtlnQ8Jk+erFAovOH/EQLtqH+JjIzExDBkyoqLiwe+kmjggEv83//9H0o0Pp9vMBiA0sjk13Cu4gQNgPHXu+66CwMCoASuOOD0cBB8SWlpKetOoqKixrwlzYPBdUj9qKgozEYBioqK0BZwlowD8Z+fn3/hwgVo9cL3vmHDBrS0hy9bnWMqAIlPnz49LS2NrD7gcrmfffYZRCSdpSIhDgBzIcmxMFKpNDQ01Bv9HFHYbLaQkBAYxoZZ4Zs3b+JgKKdIH4zpffrpp1hkAMXtMLqP9DqG2d7kZFv53nvvRaMcNlgVFRWdPn2aVALD1APwu11dXS0tLTicwmazqVQqGGrp1QAjBK5D0CgUCj8/PxQ0AoGgtbUV93U75UJA3+fOncvPz4eZ1Zh5uOeee5zb0Oc0BgCWjYyMXLhwISgBUIgikejTTz/VaDQsHhgy4JSbm5t7L8fEfLAXIwS7Q+TjKlgs0mxra3PiJUDYf/bZZ/hCYfzUvHnz4uLi8NJOsbicyQBAnRs3boTEMPAA5Mw///xzXEnkFPZtbW3FzAicGoxE9jLASIPL5fr7+5PDdy0WCzCAsxw8Lpf75ZdfVldXIwNAd8e9996LhrSzxrY6jQEwHBQcHHznnXeiJwBZ9MOHD5eVleFU7uFfrq2tjeVUwLYfL0YaDMPA2klypayzVqaDg1dVVXXgwAG5XI4Fjnq9fs2aNcHBwU7fRudkDQAyeO3atREREdiICJPr3nvvPQzlDp8NNBoNi/dgEoTXARhRcHvG0PZ05XaPkmCY7lUd8IHh9IHgDpt3330X1TvU/YeHh8O0apxl5ixV72QnGOwciUTy8MMPY7QYQqL5+fmHDh2CTprhKy+z2Uz+laIo6BMd9hN48T2ApjAHAwD9dL9J1usYwsuFAUQ8Hu/IkSM5OTko/iHF+dBDD8lkspGIcTs/YwrzwzIzMzMyMtBPhTK1Tz75pKamhtVPPVjAEbD2UcOqUy8DjA743aC43dMTu0mXw2GgaXg4cg2CPPX19bt378ayH/B9MzMzZ8+eTY7gdyJGaqUzh8PZtGmTQqFAbxgsubfeegsLp4dzibGdTzaewdxyvYByuI7m7z6S/YOK0qDh9Pbbb+MGOhBzCoXi0Ucf7fP9OkXejQgDgDccGhp6//33gxLAcVq5ubkHDx70hms8BUw3XTJ9iJ5BRWnAuP/qq68uXboExSywo8RgMNx///0hISF97v11isgbqaIxcAZWrlyZmppKDldSKBS7d+8uLy8fpiHU+3LO+iovBgiHCHNUKPA49mGIMyDumzdvfvzxx2j6Q7NrSkrKypUrRzS24XwGICP9FEX9+Mc/lkqlmLyAiNDOnTuxjXgYl+L2/OfFKIFLrs1z/MSxT4PDMEOcFgoGlcVi2blzJ+zdImtbNm/ejCXGTgkejgYDILNCIXRoaOgjjzxiMBjgSeDBSktLP/zwQzI1NliTDmJw8B95Ol7LauTA/W5Fcbf5D6ft4AEWBvhaQTJ+8MEHxcXF2PEImeCHH344LCyM9H1HorVwZOvmgZVXrFiRkZGh1WqBB2D1yP79+0+fPo3uzmDNGIecuPVbrF/08sDogOnrnHsX6vTzWmGzS1ZW1oEDB3x8fDDyo9Vq09PTV65cebuRfoO1iPqRjCPLAJi22Lx5s6+vL9lSLRaL33rrrZs3b4KiGM5QdS/Bjwm4vXr9BiWJwPSvqanZtWsXLFzEvg61Wr1582YQbU4JffbpMQNXDG4/wBAAAZ+AgIAf//jHsE8Au+lghSNWzg3wclj84/iDl/ZHG8z3vZqBUAv4tUgA2NcKY4g2b94cEBAw8I7H4dzzoMejDwEg4zMyMtavX6/RaKCGGZyBioqKf/7zn6y77D/Chdnl7vgbYwf3Cz0BL8YWzABeIu7f3rlzZ3l5OZn26urqWrduXWZmptPTXr17gm9pGM6oADIDDzzwAERF0SFWKpVnzpyBwc6siNCAPVr4THdOfqTu3gsHBpXV6gewwvmzzz47deqUY5z9f03/5OTkhx56iCX7hx/bIF1n0pMehAk0TMBVBQLBz372M39/fxxaaLfblUrlnj17zpw5AzUUA5w1SZwIxFs5PB57hYcXTgfTk7Jlhe96e729SRbeLCxzOHfu3CeffIKOL1S8BQQEbN26FVffkV84zHfaJ0WNqgbA1Jifn9/TTz8Nf8YmOrFYvHPnzsLCwtvtIeyNnvOFSKg3ADqqsPfMoL/dB/okWXjpsMftn//8p0gkIn/O5XKffvppPz8/J5r+A8Gojg8BZyAhIWHz5s0Gg4EcskfT9KuvvlpXV0fuIRyAv/WdejgX2eQ8DsEMQPqA7K+vr3/ttddomsYIOCx3e/zxx+Pj40eo4q0fHTLa83PA1l+2bNm6devQIYYJMxqN5qWXXmpvb2fpgdvjv49E07TRaISKaK8qGGlwv2vkfK+xipZPe3v7yy+/3NnZKRKJsNmls7Nz7dq1y5Ytg89wRhejzQA4X/uxxx5LT08neUAqldbV1b344osajQZ4oM+TJVyZWzfPdBdjcT/7bE9+fr5CofDmwkYUXKKApbdVDX8gzx8tHxBwdXV1OOaEz+drNJo5c+Zs2rRplC0fBG8M60l+/vOfR0VFkRliuVxeXl7+4osvQqSoH5MG6ovwyChKYDAYPvzww6+//looFPa5z9kLp4DpmVmCswqh1p2sUScZA6hfp9Nt3779xo0bMFIFwz5xcXFbtmyBhOmYRC/GZoQgnKBcLn/mmWcCAwNxnhw0EBcVFb388ssw9ZaVJMbDXbp0qVwutVhMFMV11CTSAgFfKBQePXr0/fff12g0WFjihRPBdQz88/X1jYyM1Gq1drvdYDCIxWJYVNo7Nwzerclk2rFjR0FBAQY9odonNCT0mWeeuV2rl3PnCN72icbKWoBQGnRA//GPf9Tr9bhvD9RlUlLSs88+i5KeJVR4PN65c+feeOMfHA5XJIJJRP9dneDj43PnnXcmJSUZjcYR8qvGLRhH0MJkMh09erS8vFwkEq1fvx42ZZGzsfD9mkymV1555erVq2TQ02w2y+XyF/70woTwCb3f72hiLBkARD6fzy8tLX3hhRcsFgtOHubz+V1dXdOnT3/22WehRhyJGPOIBoPh0qVLe/bsaWxsJFtIYVCHzWbLzMxcvny5WCw2Go1jpWE9mAf4fD50OwUFBfn5+bGGdIBHazAYduzYkZOTgzPLYKctj8f7wx/+MHXqVNpm4/XsFhpfDIDWpM1m4/P5169f/8tf/oIhUWgI0mg0cXFxv/vd79RqNRkigF9sbm7R6bRms2Xv3i+uXr0ikUgxnQwHqtfrQ0JC1qxZM2XKFLPZDC/AywZOAdMzrwr2BoSHh+MqO7T7tVrtK6+8kp+fT8p+q9XKMMy2bduSk5PHJOzjQgwAQF15+fLlHTt2cLlcdGEhSjBp0qTnnnsOpnLDJjI46/b29sbGJrFYwudT586dPXTokNVqxW15uNfEbrfPmjVryZIlPj4+BoMBpwp74axyd7VaHRYWhgwAWr2jo+Pll18uLS0l7X6bzWa1Wn/1q19htc+Yy6OxZwCSBy5evPjaa6+RPAABhMDAwG3btkVGRoLMgLNua2traWmlqO5PymTymzcrvvji/6qqqmQyGbbaAK3r9Xo/P7+lS5cmJyeDT+ZVBU4B16HA1Wr1hAkTsJMLsl2vvPJKdXU1TEUAy8fmwM9//vO5c+fechhc4B24BAOweOCvf/0r1EsjDxgMBqlU+stf/jIlJQXGTPB4vNbWtubmZkgoOvbUi6xW69GjR8+dO8fj8TDVgprXYrHExsYuXbp08uTJ8FcvGziRAewOgEf32muvtbW14VYLsJTsdvvTTz89e/bs//b4QveM46vGaq69qzAAjkbi8/nXrl3bsWOH2WwWi8UYFwJj5sknn1yyZAnIj7a2tqamJsyoOxxlSiwWFRYW7t+/v6WlRSaTkYUrIPspikpNTZ0/f35AQIDZbAaHzMsGw2EAlUoFDEBRVFZW1htvvAG2KFo+0Oz7q1/9KjU11UUsH1dkAFIPFBcXv/LKK1qtljxHu91uNBo3btz4yCOPwIBomJBOliVCRlmj0Rw+fPjq1as8Hg/HtZNfolAoMjIy0tPT1Wq1yWTy+sfDYQClUhkREcHhcL744ouPPvqITETCRkeJRPKb3/xm+vTpzl0j4IEMQPJAdXX1Sy+91NTUhA0TcGoajSYzM3PLli1cLreyshIGCJNPAYpYKBQWFBQcOXKkvr5eKv1vgAhr8kwmk1qtTktLmzlzpq+vr9coGgKggSskJMTHx+fNN988fvy4UqkkY0Q6nc7Pz++3v/1tdHQ0hPs4LgaXYwCSB5qbm1955ZUbN25AJAFuFUJDERERjz76qL+/P1SVfndlWneBNIwoNRqNp0+fPn/+vNlshsZT/Bi4ZSaTSaVSzZgxIzU1FQYwmc1mp+9781Qwjt7urq6uPXv2FBQU+Pj4kNkYiOBt27YtODjYpaif9DdckQFIHtBqta+//vrFixdZh2s0GgUCwYYNG2bNmmUwGIhM2a0OAeABGJpbW1t74sSJ69evczgc2DhCNgcBG0il0qlTp6anp0+aNInP53vzBgOhIYlEcu3atb179+p0Opz+BDGfzs7O1NTUX/ziFyC8xjzef7vmGNdlAIyp0TT9zjvvHDx4EOKbqF5tNpvZbJ47d+6qVasEQqHJaOJRPO6t6qZb/fLASEKhkKKo0tLSU6dOwVA6WOuN4Qg0iiiKioyMnDFjxpQpU1QqFU3TVqsVDTAvMwCgfJ2m6aNHj545c0YgEKDRD0ek0+lWrVr1+OOPw89xpx3H9eCiDIDAgzt8+PA777zD5XKxZAh+btDrwydFbNiwMWLipO48F4fDc4xs4vYwAP4fcmTXrl07e/ZsTU0Nn8+HUCmrrt1sNtvtdrVaHRcXN23atIkTJ4ITAoG8cZ5HYxxnJZPJamtrv/jii8rKSihlQ6kERSiPPPLIXXfdNYbBTc9hgP82L/N4ubm5//jHPzo6OqCkFu6cx+MZTSahULB82fJ58+YzTDcFUxSvZ1rEfwHyXiKRWCyWa9eunTt3rq6uDrQBWcoLyWar1Wo2m/l8fmBgYGxsbFxcXFhYGMRVLRYLy4jijA/QNA0RnqysrCNHjphMJjLvDtO/lUrlT3/607S0NKdsgRgJs2eIJtCYszKYQ42NjW+88UZeXp5SqcRZiBjcnDo1fu3adSEhoQaDjmH6nqgKGlkikZhMpry8vOzs7KqqKg6HIxQKyfFE6FhbrVZw4GANfVRUVEREBOwIoh2w2WzkmbrIK3cuGMcDSqXSlpaWgwcPXr9+XSwWY+MenJVGo4mPj9+yZUtYWJhLubxurwFYtGu1Wt97772vvvoK9pTgO+hWBd0hZ+nSpctmz86kqO666NvlXMA/Fom6k8clJSWXL18uKyszdWsSIUwlAAFGriOHOhYul6tQKMLCwsIdCAwMVCqV8CvAD6yJCcgVYy5Bhmnxc7nc7Ozsb775RqvVSqVSNHvgjRiNxhUrVvzwhz8EneBqVqITNICLABXr6dOn33nnna6uLiiEBvJCXzYqKnrlyhXR0dGQ5Lrd+0CjiGGY+vr63Nzc/Pz81tZWLpcLfnOfk56AE0AjwdLc0NDQkJCQwMBAlUollUpRmUB1AGoqMgg7wClgYwt7Txitrq7u8OHDhYWFIHTI5Lper5fJZJs2bVq6dCkqao6LgSV93CAM2g/Q7GloaPjXv/515coVzHNhSAfiObNmzVq8eLFarf5unJQN+EWBAxqNprS0NC8v7+bNm9CWiZzA6i9DZrDZbBD+EwqFUqnUx8dHpVL5OqBUKmUymUQiEYlEYD2DRsJsKES6YFI8x5Vg7xENBoPh3LlzZ8+ehUgxK5mo1+uTkpI2b94cHh4OhzAKsn8gY6MGDvdjAAAS9L59+/bs2YOvB3NYDMMYDAZfX9+FCxfMmpXB5wuMRn0/ZjrwFUZIW1tby8rKCgoKamtrIdeGnMBiBhThIO/tdjvpoANfAQOIxWKRSAQ/4fP50PMQFxc3ZcoUHBs85mAcAEsmPz//+PHjDQ0NEokEU+lQiajT6cRi8d13371+/XqyRdjt4K4MgFTI4/EqKyvffvvt/Px8qVQqEAjAK8BlHGazedKkSUuXLpsyJZZhOP3XQmO7GZCpzWZraWmpqKgoKyurqanp6uqCOguBQIC+AavrlPQ6SMsHzSHWrD+73X7PPfdkZGRADzRn7MA4IBKJeDxeeXn58ePHb9y4AUUleOek4P/BD34QGRmJKUuOe8KNGYBMGNvt9v3793/xxRdardbhFXT/CzoGUN0wderU+fPnwzuDn/RDcCQnQL1dV1dXXV1dRUVFZWVlS0uL0WhEGY9DDXrzA6DPMWnw/Uaj0c/Pb8uWLbhAljN2pE9RVE1NzdmzZ/Pz82maJotH4AF1Op1MJtu4ceO6deuAGVyqtLNP9B9+cG8GYHnGdXV1H3zwQXZ2tkAggDJSlFsMw5hMJj6fP3Xq1Dlz5kRGRnI43drge8t+kAJA8EOXd1tbW11dXXV1dVNTU1tbm16vh04/2NZKURSr5rH39gOkKpqmRSLR1q1bId02ysTEOG4DpH5NTU1WVlZeXh4UopPlg/DUVqt15syZjz76aHh4OGmFujg8nwFIVcDhcL799ttPP/20qqoKLCLYygpswOFwjEYjRVGxsbGzZ8+OjY2FV4tFLP1fgrTsIc5ttVp1Ol17e3uzA62trZ2dnVqtFqJPZKgHtQT6IYDOzs6UlJRNmzaNpiuMgQSxQ0xUVlZmZ2cXFRX1Sfo2m02v10+cOPG+++6bO3euG5H+QOA5DIATyyAhcODAgYMHD0KcFN4ovHL4GHgCkydPTk9Pj4+Pl0qlkPpFPvneyyEzoNSHIKDZbNbr9RqNpqurS6vV6hwwmUxGo9FkMlksFsis0TQNdxseHr5x40alUgm1dyN9UNhsLRKJjEZjSUnJxYsXy8vLHS11bNIHc1+pVK5evXrdunUSicSl8rtOgYcwAAm7nebxusmxoaHh888/P3v2rNVqdRTScex2MD/AKOKYzUa73R4cHJzkQGBgIMMwUOkw8NfMMmkgtgOMQU7IAYqHsCnygEAgUKvVEE4dUarCGBd4LK2trdevX8/Nza2rq4Pp3OTAQyB9g8EgFArnz5+/YcOGkJAQl43xDxMeyAAsi6ioqGjfvn2XL1/mcBiptLuYh6ZvTdEC+rQ6IJPJYmNjZ8yYERkZCeY4NGEOUCewrt57PiZp9mC+Alhi5Aoo0NSBGK7BYKiqqsrNzS0pKdFoNAKBQCgUskgfhr1RFJWWlrZ+/fqYmBggfdd3docGj2UAUuxxOJycnNwvv9x3/fp1R6OMlMvlObQBNsd0c4XDCucEBgZOnTo1Pj4+LCwMwuFQH+qsrG2fkx6dCJavArvY6uvrix1obGyE+nAIbTE9NwOkD4OuUlJS1q5dO23aNFxj6mFmz6AZgJx55EYHwXIMHGyQc+jQoWvXrlksFolE6sjq34rTQyMHh2O3WrvNdKFQGBQUFBsbO2XKlJCQEKh+AesFowqucxRksBLtHJPJVF9fX1paWlJS0tjYCIP3BAIBvEr8PM+RLTEYDCKRKCUlZc2aNUD6TuT5wT7LaF5xcAzgOq98sCC9t5KSkiNHjly6dEmr7R5I6ugq7s5SgUIg60CBEwICAiIiIqKioiZMmKBSqWClIZQDjRWVsIgeBhVCxKarq6u+vr6ysrKioqKpqclkMqGpw+oI5ThKu00mk4+PT1pa2ooVK2JjY8kMI2ccYGxMoNHnJTSKkFjr6upOnTp97ty5+vp6Hq+77gVGbsHrxyQamOkwPUUulwcHB0dEREycODEoKEipVAJhgWsLuV68orO0BMujgC+EsiKw7qxWq0ajaW5urq2trampaWho0Gg0MGAGVAFJ9/D4EAez2+0hISFz5sxZtGhRaGjoGEr9MYRn+gD9sxwp4QwGw8WLF8+dO1dYWKjT6YRCIWSFsKwIfgXEp91uxzpQuVzu7+8fHBwc5IC/vz+kHXD5H4JVBzpAoOXNIwDfbLPZMPnQ0NDQ2NjY2tqq1+vBVYVsHcp75Hl4KLPZbLFY5HL51KlT586dm5aWBl0+ZCnb2Kp6VzSBPBIYIYG/VlVVXbhw4dKlSzdv3gTLByInvev7sdQZmyQFAoFMJlMqlWq12tfXV+WAQqGQSqVisRi+h7UDoh+HCmuHQPOYzWaDwaDT6TodaHegq6sL0s/gv4L9Q27/xC8n6V4kEkVERKQ7ANlczneNw3GI8csAvWMmIAhLS0svXryYm5tbW1trsVj4fD50P6F1hCDrf2gCSJQikUgsFksIgMsBQrp3ogBmE5lMJoPBAIkzyKBB+gxzeTweD0wg1sh48q6w0BqGtIWFhc2YMSM9PT0mJgbFPOOd/uJlAASOtoS/2my2Gzdu5ObmXrt27ebNm7BhAPrF0KruHelnRWBJQ4hFpv23iaHR0tsE6v09JNGDXgJukcvlERERiYmJSUlJ0dHR+GgeH9kcOLrP38sAJJCyyZRndXV1oQMVFRUtLS1QtIMuJnYSo7lPTukajitMto+R30OSLwxUhdQy1PH7+/tHRkYmODBhwgT8tnEV2yHRW8q4d0fYyIE8F+QEMgNqMplqamrKy8vLysqqq6ubm5sNBgM0CoPN0ztdyuqBHLiHR/rfrLYb6MSHICyfz5dKpf7+/hMnToyLi4uJiQkPDxeLxXhRNPEH4n54JHr3Q7pxT/Dog4ylkOLTZrNBUXRNTU1VVVV9fX17e7tGo4G0MX4ewSoFhS8h27RZl+ttQUH0UywWKxQKX1/fwMDA8PDwiIiIsLCwgIAAcgoD2Rnn7gmckcMtTvAywMDRO5FE/pNWq21tbYXoZFtbW0dHBxaEQjE9iG0y1YCeAFkyDcoEWhrkcrlSqfTx8VGr1QEBAYGBgX5+fr6+vnK5nHVv5IpSL7n3A68GGHHlQAJCkGazGUI6ENWB4AwppzFqJBKJyHgRJCVu982kmB/hZ/UoDMUH8KrRQeVrnUiaZPiV5QoP+6698GqAkUfvfsjvBctJ8GLI+F6P38sAXoxrjLuosBdekPAygBfjGl4G8GJcw8sAXoxreBnAi3ENLwN4Ma7hZQAvxjW8DODFuIaXAbwY1/AygBfjGl4G8GJcw8sAXng+ercc4V+9DOAFZzzgdkWf/x8LeLkMctPnNwAAAABJRU5ErkJggg==
- ID: 6954b7c7-2487-423f-8600-436cb3b6dc0e
  Hint: Size
  Value: 22201
- ID: 6f47a0a5-9c94-4b48-abeb-42d38def6054
  Hint: Mime Type
  Value: image/png
- ID: c06867fe-9a43-4c7d-b739-48780492d06f
  Hint: Extension
  Value: png
- ID: cb09946f-3218-4823-87d2-d5007c199a96
  Hint: Dimensions
  Value: 256 x 256
- ID: dbbbeca1-21c7-4906-9dd2-493c1efa59a2
  Hint: __Shared revision
  Value: "28b231b5-a0c5-40c6-85d4-4510fb960bd9"
- ID: de2ca9e4-c117-4c8a-a139-1ff4b199d15a
  Hint: Height
  Value: 256
Languages:
- Language: en
  Versions:
  - Version: 1
    Fields:
    - ID: 25bed78c-4957-4165-998a-ca1b52f67497
      Hint: __Created
      Value: 20260908T231005Z
    - ID: 3f4b20e9-36e6-4d45-a423-c86567373f82
      Hint: Title
      Value: "avatar-block"
    - ID: 52807595-0f8f-4b20-8d2a-cb71d28c6103
      Hint: __Owner
      Value: |
        sitecore\zach.escabedo@sitecore.com
    - ID: 5dd74568-4d4b-44c1-b513-0af5f4cda34f
      Hint: __Created by
      Value: |
        sitecore\zach.escabedo@sitecore.com
    - ID: 65885c44-8fcd-4a7f-94f1-ee63703fe193
      Hint: Alt
      Value: Avatar component icon
    - ID: 8cdc337e-a112-42fb-bbb4-4143751e123f
      Hint: __Revision
      Value: "02165ad2-8cfa-4d21-888f-f87ae5f8a67d"
    - ID: badd9cf9-53e0-4d0c-bcc0-2d784c282f6a
      Hint: __Updated by
      Value: |
        sitecore\zach.escabedo@sitecore.com
    - ID: d9cf14b1-fa16-4ba6-9288-e8a174d4d522
      Hint: __Updated
      Value: 20260908T231840Z
DB: master
