---
ID: "39b2d5dc-851d-4df2-8689-4b4807fe5a08"
Parent: "cc896c61-ddba-43a6-a3c9-ce5a1e6c97be"
Template: "f1828a2c-7e5d-4bbd-98ca-320474871548"
Path: "/sitecore/media library/Project/starter-collection/coreworks/Icons/card-block"
BranchID: "00000000-0000-0000-0000-000000000000"
SharedFields:
- ID: "06d5295c-ed2f-4a54-9bf2-26228d113318"
  Hint: __Icon
  Value: "-/media/9FC9BE7DDE6940F3BDD5D8F00B0A81D1.ashx?h=16&thn=1&w=16"
- ID: "22eac599-f13b-4607-a89d-c091763a467d"
  Hint: Width
  Value: 256
- ID: "40e50ed9-ba07-4702-992e-a912738d32dc"
  Hint: Blob
  BlobID: "4a3e63a8-692c-4062-821d-201322f113bb"
  Value: iVBORw0KGgoAAAANSUhEUgAAAQAAAAEACAIAAADTED8xAAA5jElEQVR4nO19abAdxZVmZdXd71v0EIhVAj2EAWEDhgYbEAaMkGWEbGODWQTCv9zTE46O2X45prsnJjqmY/qfp3+4p6M7PBgJGbwIGzsksduOsbGMLQNmZISQHiCBsHbeu/utyonMk5mVtdz93qpzpfqw9e5SS96sc06ePCuhlBoJEpyuMOMeQIIEcSJhgASnNRIGSHBaI2GABKc1EgZIcFojYYAEpzUSBkgwHOj29DGyrZMxGmuCBENHsgLEAir/hxf09JCMY8QA9BR6TqT91xh+EyEdBnlqYPxUICrhPiTSUZiKIwjp7/d2vsFozh0PUEqJwf4zTSZPKf9vXPhnnBgA6B5mOQFOOI5NiEGIZYwJxoMBGOE71LQY6dcbjf3797355p7Dhw8vLMzXGw2TiRvCpBBlyoMmepj05T8QfiP7QpdM7DT+Rx4Lx1GDEn4hg1JHHqn0Foe/YPeUn1D+vVTr5X/iNHYLQincif0M7WeJ+2vvBZN7PzQNkxC+gLFfCFof+6X8tbwXiAX+8+Ga4srqaupz/gIGRJnsNhx5CPsh+pxr06i/ZTMD/zFKt6zpyYlzzz3v4tmLl110YTqVNgzDtm3TNMdiERgDBrAdx+KP99ChD55/4cWdO3d+8MH79XrDFNTrezzwXIGYxL8KnGjFY5EfK5bRrwAfuPtUIED1jhomJxY4gEimgVM4ZXDiZLTrpQFBtZwhJLGGzL/+UNiRGqupX8g/p4T9x0biv5LLn/7pkLwMwwa+F5cHxlL35V+yv7r88EyV4XJ1Jps7/9zzrrv+L2699bZzzjmHPzjbNC15aSEDsAE7AwD1l8vlHz219dntz5z86GQul8tkMkzAyOchfoJGAW1+FBOAaicANCQpWBzAFxL2QknGsMsY1DKIwxeEdjeCZQGoTsfg0y44H9RtdjFH3oMTLJseTZzDIudQNmZYTNg/JnxO2akwVMcjMEzOWTAf8D2sHoFNPGMdx6k3G7VqbXrR1B133HH3l+7O5/O2bVuW5VtbUAE1Azi2Y1rm7t3/73//y7/M7Z+bmJhIpVJAO7Zt203bdmxdZwDp2v6ahLCnSl0CkuepS6gn5XgkqvdrXSK3vCMnQmBRj3z2CXj3BFd56gIaKQIZg6TmqiBTvTwMAGew4QOJ85eEM4AQ+pLtgaXhE7aAcTkD0wT3UiumFOqWZaVSKcuy4G2z2VwoLSxfPvuXX//Lyy67VKpDnW1fsQAvA4Dw+PnPf/7tf/42dWg+n3f4Uluv1ZvNZqFQOGNmZmp6Op1Ou9tiqfAooqKaFBcSGZQP+FZq6oKWJGXIb7mCAHQpX4qvuFxXaoyQ9HCMZ6FX64O4p1KBggzgcoKHI5Ri4n1MLt0DrQP1CpWMqV46szLOEFPDX9sGNaUKZEhqVndjy4e6i1IH1XsfFTebzY8+mj98+HC5XLasVCaTZjsk0ypXyqZFvvHv//qmVTfatk0kE2ADUgZwHMc0zZd+/tI//dM/5XL5FFtG2VzX6/ULL7zw6quvnp2dnZ6ezmQykv48EDqHVHUUhYA6q5R0lwjkea52DMfAtlR+pW0o/SuNVBA8I+EyUl3Z7KibqfOCX6oL6sZcsVXXBuAZmkaswd8IR1D+iTxQmgDUxgp0RLHrhQHoDCMu2Gg0Txw/vm/f/l1/2PXuu++k0xnLYvaKpm1X6/X/8Nf/cdXNN0pdCB0wMgBQ/+4/7f67//Z3mVTaNC3DJLVKdWJiYs2aNVdddVU6nW40Grbt0X90BD50/QAd7w7kpY70Xcr71rOdDmzHxWLj0XH8NpmQ+7Z5Ih0fllgOdA4WRgHvUULbIe5uvwvVK3h3+IGmSayUlUlnGo36q6++9swzz5RKpWw2S6nhOM2mbf/t3/ztypUr4bEayICOAWA85XL5m9/85gcfHMrnc4ZBK5XqsmXLvvrVry5evLhSqTiOEyr4B4SiYN8LfWB9XzuUwnzXb/WLur+1vhBJOxVfxIQtx7eTUVCbXIC7bCkbjtEWIIkIMQuF/JEjR5588sn33nsvn8sbxKhWq+ecc/Y//I9/yBXyBH6ia7GKXylCx5HwsH781FPvvDNXKOQMg83ghRcu+9rXvjY9Pb2wsMBt3iOxMav1xPei1TrT07Xb3DH0dv3dWuzK4Sz3H+EOUdcL3oGKf+F//uM63pdtO7iSv7CwsGjRokceeeT8886v1qrUoPlC/p133v3J00+bxKSGIxdEzx49RuBiAHD0/vnw4R3PPTtRnHAc2mg0pqYW3Xff/el0ular4dQjEyhYllWr1bLZ7H3331ecmLCbtmM7hUJhxzM7jh45YpqWZCcsegcuBnAcZjZ57vnnTpw4ZqVMvsGqr1275owzZmq1GkINMkEQpmlWq9UlS5bcccfqer1uUCOVTh87euzFF19Sj5gBh+6NiqSY+K/Vai//5te5TJ5So1qtLF8++/GPf6JUKifUP0awLKtcLl991dVLly2r1WsGpZlM5je/3dlsNE3TVF5IAwEQUZXNt7b79u07dPD9dDpNqWHb9JprrrGsFLadeoKOcBwnk8lce801zWaTUprNZg+89967777Xb0DuacAAsCa+uefNep3JiaZtT01Nzc7ONhp1nGEksQNMYTgnhxBSr9dXrFgxOTkJzuByubJ371uuTYm5pOPnBBQMoDlkjYMH34eH2mw0zjrrLJg+nM+4P8gI1EF/kS+s1UAGQoht29PT00uWLGk0GsCnc3P7tSNQDBsFA4hQFv7n5IkTTN1nC6UzPT2VTqfdbdOpgmHxQDCkostrRkN5lNJUKjUzMwNP0LLMw8eOwi7Z46aOFSkDGWr1OgtX4wFk+Xweg5AYFlp5f/u+QmgMSK/n0pHpIeDSyeVyatdbq1Z93xpxA8UKIMGmw2GxuSLehMV+JhhzmNJ8RwymFMmPHQTEz4COwtxALTdq81RAK2nX/SLQvXrTJuIoZlD5F03SMF4GGOnqPHS0p+MBH3YbVSc8Erbt7XxDJSO2S4bFfvM0Nshni5sN8DGAnugY7eS0fxht6Rs28W7Ecfd1EQYkvo4BpIFxeuLEjYgB2pBKyImb+jEygPepRDRBvqjM7kKsxccsrwpSgX1ZZU4wETIc7cm3FX3rUavBiwSMpMrUDJ+bpG3G53DhCn6RakH0ZNR4gY4BdKHArUGjvp0/hSWbzfJ9G1CVJtZb0gtkGkgPv5Ynz28QfiPfTTsOslelJdTi5DhOrVaLTe4SL8HjyBNGxwA6IhBRngJbhpFOp/fu3Ts//5FlsbhFuRH3pIMJEtRoW/AtsURhFpEF46YyemnOl2bAPB5wUZm12EGDD12mgiuAHj0FbqmpqamLLrqo2Wwa0YNAkQ03R03VqYgXqBkgytmhPGBrx44dL730kgzYUjI8RODKnEtWW0GO1pQp53zpYOEwVCi74gg380QmarEEWmo4lGsEnH0cwgteiHoSsqyET6UJDijID7oRGbQg23Zuv/12CNKMV/+mTD1EkSSMjgHUc1S5HJHclFqWdeLkyVde+W0ul+Xhd2CoVkp2q2clnBZQA4glfIhyQY7IxNIOhF8VdgXBM5Kt3APFQkPDHVjtsyiDVbeaTedXv/q/11577fT0dLPZjJQHZAUibeT+xTAWoGMAVXJDlk+OyGlPCOEhK7wwCC+IwgS4EOdySCHSV9dr2c5BZJG7ebmi7lSAkt0ruOsDhwMXgYVCrBsu97RigFBKUh+63igeoza8VM/uAfMmahSwxU7xeqxAxwAAmKyo3QCifIh4LplMFhLQfDny4aQmyVVDl6N3S9nJ0zy5ubK2kP+s7meHUlqr1fhLxzBE9Z7IQKQJSCs/Aetq/BsAjAwAmajx3R62j6RWq997770XX3xxtVoNzcUJVAfRr9FBsnUZhwPXaeVB7kZ4O46Ty+X279+/adOmdJpV7RxGfnNv0PhNr9aIpWg2Ogbw0ofjrSYb0f3hTy6Xyxfy3STgBxVxXoRhUBGnW5D6uxilNJfL8ewid0NvRAuqlxCSCcG8RgUKOyg6BtDs7rHcXg2DEbTdtJtNlp3TxWl+RhU80Lsm18bMr+/Lu/EGsJ/AqyepD/TwRxr5FLtldnkNFQMB0DGAV15EayUAE74oMsilL5P+7Tz23dQ4GFbuCxij9GWh1yuLUm9uGR8y4MC6v7Moqq4sHMwthyIWCAUXeqGUVF6GP8oby9urt7GsQh1t/L2q8t7yo7EsrFTVo+b/wmjip35UK4AvdgVeREuCbnH8Hix0QVVkRCXrgkGgfUnxWGiOsH/YYEGHUybi+IF5BYheSdXDd/gwunhIYcEOwx6WJu91lazXBEhQoqI3g1J37+uOHEmoO54VADaRIPOdmFbqnikjGKEwxGz3bvwPvV47jomlwLO+iFsM+g+qFYCgGRJvSCZi4HrDcB/qCOo+qHLtUYLoA9A+SRjAD0idFhWEIw6G0yC8T+CwFyOLY8EeotNK90bFMavUDW1RsVVJXaBQiPrZwswX7QS5LoiQSGMMT6sn6EWnPR2iojXAEz1qXL6AWCAMWhA6BvAWzo58gkjLbJJoeEA3APRHH8Gi6pFb/cOcK14vo/4uXqBiAJUxqj+/aOWuG7Ho37WN4FYh1v2RclrEdRSJezs3xl3CTaCLF3isQK67REtGiV5QyP0ZGaHRU4+s1m1HwfxM34tW5SE6so2vimhknEDFTxNh4W7aNEu3QCF8UQwiLBo0+gVShKqL15EE63ZjOW3Pcq0yJGMHCbA0D/vWjsAxXnQM4JX50a7Y+p9RxkHoArvL8oah2lE3dO+7y/CaPvWzBRdfyfZlPTRFPg1UICb6ITcEHnQcY/Aq/a1JZHBFqE0sQ5s6KL4XPd0reJ0I4LKBJ2GIFxUQDb2NeIFqBdAXTQgaidoMKhXW0SYh4C1dOBLIxFaZ08DFXFgK3enNACZIA55TqzqVxzJD+ha8JQapKBgX3cfkAzPE3V3bAqhGCMgfEwPIQHzRvTzGaDjdGNWSbkY6tFNpZaDKpMGqveiJafFvAHDtAeQLiJyCjyKoDeeB9NB0SDeJjECH6xZAE4JGwSdtIACKQXCoB6PLBpVvFYm0oNRh4PtxVZ0hpiT90LDn/kYy6nSFbiCKfLgmNhJDsjduBhDgqqGMyHdXzEieGbsbi8SGdF6wUmDYqA1Cu7BX0SyS8SgeRHcu8tROHAsAPgbg06PlBlBcExJXV8b+koCxgcg/8SVn4t0DCPhcNJGbCpioaqNpRJD/pd8LbqfKUgxJGYvauEzBsOFGVxFRBxIBO6NjAAYtGDTKgOheMwxHCq1Qu1GtVntqhNH+whFrdQSSK5gCRIhcYMVPQVAZCCMDQHVZ8TKeAYgnxuB9SH1Qfx+2F8dxCoXCH//4x127di1evPjWW29NpVKDlLNV0Q/RW98pWwGgKIqyafBS2Dg6pWJkAEp5H1mYvKgzuIW8cqMxSGdqbkXilFKTo6de347jFIvFX//61z/60Y8Mw2g0Gh9++OGGDRtM03Qcp799sF6gc0QqEAmz2MJ0msr8o8kUMLHFzgQIN8HMGgkv4tpudgzPDIblBJUTx3Gy2axt2+VyOZfLdXl3x3EmJib+8Ic/PPXUU7lcrlAozMzMvPHGG0899VQmkxmGJXQkRl0SsNhKGQIkLv4nnP0MWJYAPCuAPhcDmb37htipseZeXdUD9b3QYdt2oVB4++23t27dWqlUbrjhhtWrV1d5m+g2V7Zte2Ji4o033njyySfT6TQo/c1mc3JycufOnYVC4a677iqVSoPJheHTHOnCUy4cm4YnIQaDUQvhCuDa3qObILVAy1JcfdRdC1L/d7/73WPHjjUajW3btm3fvr1QKLTR6OCsPXv2bNmyRTU4ajQaijFeeumlF198cWJigvnqevpxEZpuaXDedOOPmxCDwgaKigHc7gnxWIj7XY99z9K27Xw+/+67727atMm2bbDkTE1NvfDCC9u3b8/n854Udeo5a25ubvPmzY7jWBar4l+v188++2wVvl8sFrdt2/bb3/52YmJCa7keP2h7T7MWDKf10UQh/lExgELsLhItiYn2JkGBjg8dOrRp06Z6vZ5Op2HbSinb1z777LPbt23LFzgPaLHAjuPAWZs3bW40GkD9pVLpkksu+cY3vvGZz3ymUqnAALLZ7NatW998881isdjrOjA6kEB1sNAsP78fGscaYOILHBc1kDnsqKKA3P5V2ge9wbbtXC539Oixxx57rFQqZTIZqE5eqVTgFxWLxeeee277tu35YoEXxWE2Sdu2M5nMsePHvvvYY6VqOZVhqn+lUpmdnX3ggQeazebq1atvuummhYUFMCgRQp544okPPvggl8v1yAO6IWaYoF7478qdvjwBjFUc4ydwhwCOjDBUDACLpEjfjiRxzwtVuwDEc9cxZNCCN5vNfvTRR48++uiJEyey2SzQ8dKlS9euXVutQociA3jgmR3PFAoFh7NHJpMpl8ubHtt08sSJbIadVa1Wzz777AcffNCyrGazWa1W77rrrk984hPAA6lUqlwuP/744/Pz85lMpgceYFRnqp6WkXnZqQptF8kw8kMThRUIFQN46yjFE7Po3hqaAXfDA1zXz5RKpUcfffTo0cO5XNYwjFqtdtZZZ91zz1fWMNyh1BimCz3zzHPPPlsoFNLpdLPZ3Lx586FDh/K5HDGMerU2MzOzcePGYrHYaDSgYavjOPfee+/y5cvL5TK0rjl8+PDmzZtt206lUj5ziioAETpa4eOD19SIAmoPoBX64NGG8Yt/VAzgeYTyZbRzFLxbwAsWPMlxnEwmU61Wv/vdxw4dOgTUX6/Xp6enH3nkkUWLFh0/fox3572jXC7DTysUCju2b3/u+ecJIZs3b56bm2ObY37WxMTEI488MjMzU6vVwBAEPa7T6fSDDz64ZMmSWq1GKS0UCnNzc08++WQqlVKlJbrcq0Qsd4nwCPjaxGOJs8XDACHqKae3GLZ6rqjyErwuXJWelk6n6/X6Y49tOnDgPW7kYXRcLBYefvjhxYsX12p1y2JKy+rVq2+77bZSuUR4kk8+n3/pxRe/9a1v7d27N5/PO47TaDTy+fzGjRuXLFni68wHFqHJyckNGzbAygD+stdee+0nP/mJz7IUDtGTi/+6COOrqMwx4u033RxvSqANc/zAwwCttp1xOINFZbiu2mtTSrds2TI3N8fUesdpNpk69NBDD5977rmVSoXTMWOVSqWydu3am1fdvLCwwN7zHe3x48ez2SzslS3L2rBhw/nnn18ul4NdyUzTrFQqS5Ysuf/++2HLATzwq1/96oUXXmjlHHAXBKjKwO0wkcYXGqrbFDTccQOiEWyAcTGAkrxqSMQ0WZveCOGIRsHUkT78lgCtwzStJ5743ltv7Skw46Zj27Zpmg8++NDSpUvL5TK0GVaMXalU1q9ff/Oqm5U3N5Vinnig5vvuu2/58uWlUkme5YdlWeVy+ZJLLvnyl79cr9dhDEyb2rFj586dQeeA34YQg1WBgTMcr8jL5gs8whCWh6KYFyoG0HdosaWeaHEsLYUUUH8mk/7hD3/wxhtvFItF2KoahvHAAw+sWLGiVCr5pDhcs1qtfuGLX7jllluUWRO2y3fffffKlSsXFhZaUT/AsqyFhYVrr73285//vNpRZDKZrVu3/ulPfyoWi8ADnmglYd3VyxJGTHZEFFo1ZYY3xALxBoRG3EDFAEbYE4ryaSnmE+No83xyudyPf/zjXbt+XyxOQBEt22ZS/PLLL28lxWHPUK0wsybbD3CUy+V169Zdf/31bWS/DtM0FxYWbrnlllWrVoE2BVy0ZcuWAwcO5PN5tQ5oloTYBS0VyX0uxWMhPDzBcAK6UJBllKKG8NQyMRX+bT6f/+lPn/71r1+emJgA2d9sNu+5554rr7xyfn6+DR0DD8B+YNmyZe+///7SpUsvu+yy4IrRBrCjWLdu3cmTJ19//fVisZhOp6vV6qZNm77+9a9PTk7WG3WTME8THlD+ry7yk2C4zog8idtzr1b1CQuFwjPPPPOLX/xiYoJpPpTSRqNx9913X3PNNe2pHwBPvVarXXHFFWvXrr300kur1WpPpAAH27Z97733zs7Ock8zi5I4ceLE448/3mg0UhZzDijujVfTprDzhkRI2S2PV4eOc1R4GcC7N9LTOKIG11RDErVeeOGF559/HmQ/qPXr16+/7rrrOmrwvotXKpWFhYVardZfjgt4wR588MEzzzwTciZzudw777zz/e9/H6KJjHjbHWsQHTp8Ee9JZbguEPGTM32splMOmB1/+ctf7tixo1AoQnJ8qVRau3btjTfeCJva3m4mY3v6Gys4ByYmJjZs2JDP55vNJoQbvf76608//XQul+NUx/blukBRyUbRgvJ/5HiUeTRuzsTIAGFzErXXUIStiBw/Q0Xk/+Y3v/npT3+az+cNg63gpVLp9ttvv/XWW/ug/qHANM1qtXruuefef//9wKKUUnAOvPjii4VCwbZ9DBBfIQbi9t0EdYjFAiFQg1AxgKoD53kf+TbA9fICxdi2PTk5+fvf/37r1q2Q3EgIWVhY+MxnblmzZk2o3yoymKZZLpcvvfTSL37xi7VaTe1Stm/f/sorr0jnAGiVsQSYEJkMaXp7ZWAhPCzj4BASN9Afl8SYjQCy//XXX/vBD34AaYqc+ks33njTunV3wgY0XpimWSqVPvWpT61Zs6ZUKqmSKj/84Q93794NPDCAqjUgYM2RhYHceFsUXjBsDMDga+YQ+VZJdcagSu9/8803n3jie6bJLO6EMDP8pz51/Re+8AWgfhTrOOeB22+/fdWqVeBmBnzve987ePD9yckp22bakTw86mA4Qz5FdwQ8KR4D0DGAXlAAKgdEZgiSegLMCXEcOjExuW/fvscf32wYxLJSpsk0n09+8pNf+tKXwHqDgfoBkEiwfv36q6++GpzEqVSqVqs9/vimI0eOQMyFinKKclyGqjUvtTC++02sQO0AlmPCjTJavvqo78n/EBaoyKJ6pqamDh48uGnTYzxSjUUdLyyULr/8sq985SuNBjO5GMgAHol77rkHnAOEkFwu9+GHf3766achaC8OgzIlhLIYCCbzVW6MDE9FMIcIGUCLCIoyQV7yl8kpKZNJHzx44NFH/w9P7c0QQsrl8uzs7P333w+uXzyy3+ccME3zgQceWLLkrHqdrVFQUs6r/0Q+cqIy7KDuAYtnTaxA4dCd5bEMgFcxYwrPz372sxMnTmQyLMGlUqlccMEFGzZssCyrpzJvEcM0zUajMTk5+cADD+bzOdtuhnkboq22RA3le6BEeSGwTCA6BtAi0uIQVBC3SJjCQCmFfCuwtW/cuDGbzTYaDbTUr2UOVM8777x77/2qbds8RhXJgInBil6K10gMQQgZICbxINdn3RJKCKnVameeufjhhx/O5/P1ej1Gk3/3sCxmFFq58oovfemL1Wol2Ig1ysEQ3ZDtbnzZUoBBlCB8nO5GjagquRForpCyp93HNE1I7X3ooYdZiOWYUL+eOfDpT9/Ic5H1aopRy12q+aENoQJBM2i3UFyMQPdEVQCokMMRmkG5qULeXUbabNy4kaf2ihT1MQI4B9asWbNq1c0qyZjSoTQZ6A2Q8sYCNbjglyGhKGpjIXyojibrdffN6KElo9m2XSwWH3rooWCK+njBtp2Pf/zjQ2qu0Q8cKcZ47x32ieiPZCb5AOHgsxNp6rZ7Y9WKq9Fo3HnnncuWLYs31Gc4zoEBOmsMAUzf0dd1/gcB6SPNCIMwY5XHF7nb0m1sMUa73jbgmehu5+PoKY/CMMAZIOvSqYzl2DkBHQNAEoq7b4pPTUSSszcEwIaTI3rjI5F7XdgASNCkUXYrcDkhSC+2StEYTNSDQwY/xJsTaUAHcr4F0BxhOCYYIQOAqQKaVEc2STJXVXssOOMdOkKfMwhA4GXZRCyCqsUSIahpUstiNVFkTCgO2sfJAK7oF4hqsjyhYnGV0BkC2gZZRu98dbhOS3RPMHe4a/0RYgW6PYAymUUbtsVr9UEBTUkk0KCAp7G2ExMqw9WTcYXj6QZq9oNKGQNXO6I3qsqIYTGHsVQAx88ALqKWVqKAguCCdDrNU8tF5amBLiwrxEYMSA1Lp9MhHeuiBYE4K0+HGAztAbAygDAbRAt4HKJHJCGHDh3KZNK1WjtLKPMviWhfaWH05T7BO/boRVskaRPhjXC047pJ/lSGKbU58Ter9FSXZMhkMh9++GFc+ZCG6JAN4ah6tjcWCxtCBtBpJ/pIRrFZTKVS27ZtU+Sld4F28+VlDj0ncWoStyiQr/2PbJYLbSHcXP/AdtCXDO23xrYhGig4Kw6SV1XHQx8NPtwod31Ue63bNJRvIH6gYwCekssjICK2VhPWz123/KTTae8R/F+34YlI75NSXdIrBHlpVOtlmz4HF/pawa0D12Le4Naq30xU0tc0DIuQlFYQWqt7gGOnhI4BtJY6kTrMoVWjaZJarZlOs/52AXrlPbTdDTooPzxtn9u3hQYFJXAC+X5dUH8/SevAaWKsbYvAEUKazaZlWdlsNsoOk0QIfgi0FVHQ3AqEgPwRmkEFXP9NFNNEiNFsNhYtWrR69WqpLYRQMBdixOF5TWK3zHsJqBqmoqREL4Ie6rfx/8Hq52u66HkbHJVaWNrssNWJlmV99rOfnZmZaUYYHUSFTU1Mlxo4EhMzuhVA1O4TKnN0gNyXT3/6hksvvbRcFg3tgipHILcQ9nbaFo+/aqXwtHjqPk7TrywkZugYgjuT4H31XXI+n5+ZmVG994xI4Bk8CqGPmwFcxCEgarXa1NT0okUzvs99JNhfmFAnmuu/bo+7DngZwDdIx3Hq9Xoc5hci/lJ0sUDoGIAHL8YmKCAToNlsBj8f1i0GFL0DjkRfNKKBW46FuJkePCMMxYKAjgHCDekRj6AFkQ1CfD6L6uDo7zox9AijwACBSljCN5yEQwsQn1Ey8GH88GnbPZ01isHomk+MI+kIk3nCZEQeB8QCYXAF42EAKSd05yiVbdUwIdQaE4uy4XcDe2+NBlQ0SmVCzWUB7g0wYgceBkAwGX0haHgRhvkIxa1vDKHmoFhBuAqkR4DGlunhA4qdOIdbN8/9LIbE4J4RpDMMlIdhDAAtREpLgkl6hHUAlxYUSgokGB9yb1FwG/rDaJ8zpzAKDkDHAK5Tn8cExT2cBANBruesr4IK14vMwT+eewA2TSwtWKo/opaY55gE4wZqsEcqE8PAChRxaGo44h+BhAynAdVfhtmrWlUJ9Y8vKAtvEQZb7UMUDxQPA8hWIiIlUVd+cBTRSzCoIuSTYgkDeKBqh0FROCqVn0T8jzeozDLVc1zhQwx7dzx7AAleOABChH2LZoIxBRUPEvR+I6ZuZdhXAAmR1seaMmIJmEowAHQxBo4A4RjGYb3FswJI16ArFhLSP0VApAdM2vKUcyz+R4xnBVD5JPFLhQTDhQie8lA8lueMhwHUTjd+qZBgJGkenjoZOMgfCwMo528w9yq+QSUYFlQKp1uAnmUHoHi2OBhAo3lPOQUMZoIEg0FINBEKKn2dzMqN4uHiYAANfIckJQZjhegKeCQYBfjTZPXu3TggsdQbGJBCmQzZf3p4Apygeqq+W7wu/ueLZQUQfaQYWNyI+jjGgsYJhgJvMVNFbyaSbTCWFQDyB3kghJsrJMuUoxAVCQaHUnswuMBwrQBeqR/WYznB+INqjxFFIAQmBpDgVVzhFZI5SjAEeMvV8aRIAwOwqEAuoHQwU3pYGpFkg37KsOFZZ/sHjtxxMkB/VW+lU9EpnvXLgC4BcSu3+BiAg5kJ/HmkPQAKwWYyGSwUNOao1+u2bffJAxDhZUJ6E2yIeSCEiSIWCCkDcFNZn9Gg0N2oVCrt3r272bT9qhR/DP6NturrNYzCg77B+F70VhAqpIlG+I1Cbx1cA0OImMj65S0ua1nWsmXLCoVCo9HopyKqngesXMJQJCV++sfHANJxCO9of7J/fn7+O9/5zvvvf2BZLcoge9yT8laux15cCw4LWUTCrtkVcQRZWuNAFSSsX0oGkvnv5TvMc4ooLODyTmiVLtMtHeQvxq2OJ4Q4jnPeeec98sgjxWKxj3VA3sNn+MeyMqNjgGBz855AqZPLFV5++VcHDx5YtGjGtnWvgre8IdwhjAFEwLoDyTn8vaxt464bgdGFthLrXEQRdGFeJpN3WtINJcJjxEai9Q2B9oodLSqODLfRe9WoVmIiNI3y2ntCH4c1wH8py7IOHDjw+uuv33rrrQsLC30rQjISwkBl4cDCAH4ZB8lDfckIx7GnpqYNg9X7D4o9lZ/BWuHpHmfqErokd2LYajgyWZ90ywCdquGqdH+2M+Q3JwZxoFOrdggXzCHlYdwFI5RqoWmS62/1XYCdwFpyANsJlodqhd6q5YSQRqNhGMbMzEz/2wCI/WEjom4jQhzeHSwM4BNpotlK7wulaVqVSu2KKz7+uc99bteuXe61WqOTkOZaiXdB4jQZQt8qlkM8aVnqXak5vFuoakTMkz+ZYUR3i9IQ3cbtlSE1Gxlir/XK0LUmPnd8SRENuTy/RjvQA91l6+ksdtttt11++eXVarXfktS86ZsbCYRD+KNiAA1S2+i3RxiorXfcsfqmm26ybSnD+0R4VFILvmTxjTzvQ3ZH1/pGyqvZokamoAfVMb31L9VEpWQwt9kQ0FWIpThsq+2pH+ryJdUHEGwFkk6n8/l8rVbr93GIqxP9NZpYIKwMMNgWiVJaqVRTqZSv0+OIAXJdK2bEpD3X7NknJl82HE7/lrcgdhcX1heBoY3VEJ3P2tr7+WRWhtAt3PNjmXECw0KAigE8dkhpmusTvpagwcZBrUooa0X3QzaaQj8Jp1vYGRCmyQszHyN6+WuYQVaoLZSvS6B2t/6JHlrUgkKCptHe7cWwClH5RihdQW0QPhmc+uXGSozXQAM8DMD0ajdpSK+gMchFW7eY9rVcb3FWi6/Cn6DYQhvCgR2U8WpXyzeeJleAeieGYXSW0PYVhvq9IWw9DFsN38V4pg32OSjCcFAMggOFVXhIULo1zwXxwDW7DuDpDr1gj5CWJTramBExFWB6c9+gyXTCswII8O2R+J8srj0uCNJ6BA+ZDm9tJMMaU/BujN/59kfeJ6kK0RGukzLB+ILoTh5VDohbrVBwAFYGcNdncOWimKwE/UJ43933SGpCIGQArvo43MwBeiKSiUrQJ0L1WAwGUKQMIB2p4HoV/qREERpzEPij+eFEUZTYczbQbYI1EEotJCFTCQaHCLeTa4LID4j7+eJkAJ4NZrAC0XGPJMFAULG3HKZw4GGSafgoTC6JelPZBGMPwg0/wmWdWIFag4fxCqcqhpS5BEOB39mmIqPjBjoGEEGDIlxAvUowliBaXVxP1seQ3OCnIAO4GtApFh5xGoO4UaZahjQOyYaOATTNEEvIeIJBwKNrpYPHLQbEYmZjt4FiZAA9KFrkJ8Y/SyHA0eVWB2pvCYUEHD0FB4ENFJsZVBP5PJiemjz3qd99QFsBA142s73xzn+GFs6r8lw63n3Ej1mPuHZDTUUQzpB4ggzwE0D7EUXS3c+wLO+IGEAUDHPnxJEZAn1ciqVxZLPZVt/Lf0OkZujDln1uPce4Wa5h5U6CQwp+2DGRpTslIUhMYrQgO3jiT8v0aqLVjNDzgXTU6/XO5S3a/woxRiVCmGzDoH+kUPYTl3/6SpqjlKZSKcdx5ubmoJZTMNHbd3xgDP7PJUG5hwmrtswkYTVIxNoFq0PIjUJrPOoFk33JawFaVEQkCrcIl6q8rWfk3PEkS1Cx9HvIkQ9SvOFNBAu+SKVS55xzTiqVajab/S8F/spDGKQ/MgbQIbNp+5kk0zQbjcYTTzzx1ltvBXP55MNWabZwF29VBv4XiFPl+fr4wVSV/TgVhhG8Xg1OZZ/5S6eYYVuckNpY8kZBctcWNHkUuBFJStiUWRlCJ9SiTDlCk+PUW8dxZmdn77vvvnQ63d+2VXKyppHhoH6MDOB9wFC6puvkcf60isXiyy+/vHv37qmpKcfpJyUFRLiWN+iyBKwDjK6g66Fm25PxXbKuBfvU6bhjZjEfYZzjymnIHuETITKV/dlkigG0Ug+GxXhUsjHruxBax8JhOdO+Kiw+Krcsa8+ePX/84x9vuOGGUqnUX34wT6TWmuSxeGj+X9z7YHQMoCnWIIvZLPUUPksp5WVx2dPtQ2KBXsHJjhdkY2oY1AWC/0uth9d5AgqH7EKuvjgylx5qaImcX23tUHJYaCOsvpDXJi5K6MC/QMOQTM9OMMGQqMSErlbJwGPiBpWz38FHBwMR53pUIKotAqEqom3bMKUDWi15dBcvhQT1IBIrUDg8W9OeZ9w0zWq1unLlyuuuu+6NN94I3dIFoFQgsQ9k0lLu24T4dPSqD7LlM/uQbzINVueMsqonFBYC4ABxjtesazii+4GK9yZAq67I14o+wC34dYHB5DIUpFfF7bIIFStJAUqXI3YNrWeChtWDUNxy/fXXr1y5slqt9iH+NdaSucFCG4uf+lEygLbTHETg3H333bfcckuj0fAxQLDsDejlYrWR8acBtgGm9IpQ9zsQ87pxqa1F1U+JyozjN8gEjwm3UUlDe6B+UAciI4Eiu8Gfn8vlFi1a1Gw2+1sB9LLYvF4GvAy/b/RAyABDmBRKaaPROOOMM6KZYllv1LvNHHZCv2eT24NFNWQcrQ1NAr56uvV6feCZJIZheW3c8VM/TgaQ6N8D5qnq2vft3UqE0T4qtwTvwFcaVjQVGYD6Xe+vtttH0hwAMQPQ6B9b0J2kXgckqKiVqzjEdwodiNwHjYDtQQWKALDIeJ2OFA8PIPDFeRFfgBTpkvq1iL3gvrLnAhYjiCnCFRREua7PFiNplJMfoAiGQ7gCuOophk1SggERrDMJluHe65meZisABvGQYHBoUkz3d5iQ+Rc70DGAT4VIFoFTCER7jUW6IWSAEHdMglME1H2FRLIhZACBRPafwnnxlEUzoRBt6BjAF5KIYZ+UYGiQ/VuhSaeBAAgZQBmwcRSQTzAsyLBATvp9tsE9HcygDEhsZAmGBOEHU/0BwASEQclFtwJ4G2smhdFPDRDPo+Rt0nzyLa4tAVIGSHBqgwa8AHHZPJAyAIt/R1hJNcEg0HtbUoJki2eiJH1B+ZQ1HE1wKoBCKz7IZ8PRIRgpA3DIFFx/P9wE4wuqNePT8uPiBkIGGK/OkKc+yGDiOjy4i6f2GwiAjgE8VXpwzNFpDjpM+wy6B4rQD6DlMQ2wT1LFDmJ3uWMYQzcgsoBFqMAfqCwcvwD3A7gJ8khCXRAygKse9k01lNJsNmtZVn91gaLE0NIWW12/bVW87hm4Vq0OwXGlvL+icEz8efHoGEAWUpXvSJ/Uv2fPntdeey2UAXw1F3yVEfSyPC1G2O2YAgUpSLjE9Q5ouMtFy2KPrZZHAt9qBZ0pveKKK6688so2qfHt60rIokCGZVrqrbpXvEDHAANmykEJp4MHD27atKler5mm5duEhRJlaEmcjsMYULdpw0gjVZk6MDBx1SDqCCZ59dVXi8XiihUrarVaN/zvL1QqrqtF/wg7UPwcgIcBhjMXlNJ0Ov3OO+/UarWZmRlVz7UNTSse0IViNFq7XiZc1GOMcLdAWpGysEKLeUilUsePH9+/f/9ll11WrVY7MkCrqfN6f5O6QH7obbEF+pggQki9Xp+dnS0WC8eOHUulUsIFA/doWwPHHco47FmHDhJamo5VmKSWZV2yYkWzyUptd3mpYHsEVXRMV8Bi5wE8DGD4U6f7WhOgHNA555yzcePG3/9+F5QHDTKAT/MJrYzZMTu5jULs74nYogK753heU9RfQS6gsPk2MOrXhV42+Laj3kW0MpFMJjmOaVpXXXXlRcuXd6n/tNYM/R/GTv0YGQD6ObC//U4OIaRWq1144fKLL14B1Y/FdQMyqe/9a6+nd3+F9nVqg5dqRf3DAqVM/Nu2XavVTNMccG2UVUv5s3VQeKEQMkBX4qrj6fV6rVZDrcmEl/nEp30RbY/U6phuhi3jW6BpgbB+xb4IIGUAsR8czMYS++T2AZxjJpohoV/4Cu+JevNG3ECwCLUAlxW8yU+CuEG9PQR6PVe91D7G0ikbIwNoU+NonWUTxAw6MM3qmxckSx1GBmjVvzHBOIOAl1++xSH/ETKALmWwTFKCQfcnohiELJTOW4SF9hWMHOg2wdAJUfRr8ciMUxCx++BIL9EcfcfSSX+3NEOLBkkoni06BkAhFuITpcOwt/QzGDqy0HGtOaxrl+Pl0g0MQKkCndIsgNbQSUc47cIGqnUMFL2+Ywc6BtDsBKdgeiQq6idhsRKjANP4eVdU+Rb8wAkDhMITMWgggR41FIGLbRAXuHrRffAFHeWSK0OMeKEbjej12LgYgWIQXuh7I4IqFsDXUT00/iwYYBdxoH/HMQTPIhFtPFypzyKjcTh40G2C+dMQwXAqeiReBAPO2oRVK49p9Pacjp/rO93QHKChQ4T+COjiA4tyi24FEJGg0EVtGGtAqPzu7yLttQVFWO3TKUdmaen2sFZrlzEqaPEsBJ2Ci44BBCT9D7gAtIr77xW+sPtW7KTzQKtjUO2DFUa2XrXqvWkiMfUhUYE8YVKev8OmlgFlcMdzQ1NqfJ8MllYScqQxGOhIdyasGLRWDEK+QiIHkKwAvjRIyuqCclNxjArDEBccZTsaugVpKFcjozZthQsCFByAhAF08FQJv1jqJzauo8N1RNBzKQchrIiVJTqC9BTf5Rw3tjexAnWjdLuPBIfC2AlB/ad9NvCw7thThZVoy7FQ5c3k1aHFnJhsY5ysAOEYje6PIOBIMvXw9bo2lUj0LXsr0qejTCz2pmKz16YJ6zkKoYaKASKNAMNpjfFhWNbbLrPsySg3Axrja/3C4gYqBnCf1mkQEjraNaH9TTseQIbKA2FFYrA8X6x7gFO9brPPYzCKi7f/pA2ItiAMa36CPEBwCF8Ug9Chi8NxUFLQzVtXFUo6+bPp0NZhYG9l0gB649tiHBlhyBlg5BwQ705gkDSUUMfCMPLWSfeLUheHEZNZfCghDnfui8QA3iY1/qJASBlgKNfpfnIx8ECvZ43a+0vbfqsYr8uHxY9iVeW0YbOqQBiAjgG4wBCwbbvv63T9bCLdgKIaAw27aZcaVPcD5i0aBKuYbg4AlvZX6Bggk8nKDaJRqVRGnauBYRUG9PRL20cc9XQd2u/pXZ5Yq9Wk3ZPmclkkQgchAxCogbV48RnQ1sU0zePHjzcaDX1NGPIt0VB/e+t7y4LSLb7t6b6GtuXtPvyum9AmQoht28eOHbMstg1wHOess84atd9t7P0AF154ITyJVCp1+PCRjz76yLLcLi+ji9zEgJ4qlHQsIt09SI8b8Y4tF+DzVCp18uRHhw59kE6DtZ2cf/754o48FgjD/ONhADEXl192eS6fbzaapmnNz8/v3bs3k8kMsky3AR4e0MfTaqihpwynXjntU760PpE5etPpzNtv7+UiLGXbTi6bveTijwl+I45hotA/ETEA2yA5ztKlS2eXXwS9GCzLeuWVV9r0ZkuAFZQQo9lsvPLKK6ZpQdueC5ZecNHyizxZrwiAhwFMYpg2dUzLXLXq5nqzzjfEmbm5uV27dhWLxUEsQgkihm3bhULh1Vdf3b9/XzabMahRq9c+/ekbUqkUtCyRgaHxAw8DgNOEtdFcdfOqs88+u9FgHamy2eyOHTs+/PDDfD6f8MBYwLbtXC539OjRHTt2pNNZSo1ms3nm4jM/+9nb3IQnHF4wbAzATJ+OY09PTa+7c12lUrE4SqXS449vKZcr+XzecRIeGAPqr9VqW7ZsmZ+fT6Us0zQXSvOfX7t2ZobZ95DQPVIGAP3QcZx1d975sY99rFQqEUJyudz77x/8t3/716NHj05MTFJmT+uYTdTHLDOh1Pq7Nm/9Z0FC55iD9DSHlD8VSunExMSJEye+853vvPfee7lczjTNUql06WWX3bV+vaR+KHZjInGExRYO2QYO60xovv32vr/5m/8KTdoIMarVSiFfXPv5tZ/85LWpdKperzu23doQ0Ue+Bd+YtYqYD+Tt09B3Wpfp2B/wYMloBK7R+Ti+o7VSViaTaTQar7766o7tO+bn57P5LDHY3jebz/39f//7ZcuWwmM1kAEjA3AesE3T2rlz5z/+4/9MpTLpNGv322za9Xpt+fLZ6677i+XLl09OTqbT6UiXVI3Ue0o1VKe0dRv1ui8MK6WhIahvjCgns9FsfnTy5L59+373u9/Nzc1lMhnLYppPrV4jBvnmN7955ZVX2o5j4aN+vAzAHYfUNM2Xf/Pyt771vxr1OjcEOYbhVKtV23YmJyfPOOOMRYsWZbNZ/Sy9/rDbcVV8JwJx2YdaUQJYvN1z+Et/lKUgfl7MgN9CqWFu8Lxpwjmi0TQnaOr4QrtZnVioDg6X4nqX8IxC2EywqIQopCx/mnxkanjyR3lnAUbou1orlqDimuAWCHKXuiMMlf9S7j6r1+snT5w8cuTI/Pw8rAOEzYQ5P79QnCz8l//0n6+66mqf7EcVgYKWARhs27Ysa+/evd/+52+/tWdPsTihOr83m7Zts//rx0sa1t969BL+EHSy5oQiHrir9TIdPviARFND13Ok7wQYJaeYwZsVOwBlihgstkM6TMPUCclWnmCQkOACdnHJAr4vJee6v0uFWPsYoLsES6pfKuxzzwFQ8dmyrFQqRSzGFYZhNBqNcrm8cuUVf/VX/27ZsmU4NZ+xYAAQY2wdqNVqTz21ddu2HcePH0un0plM2rSs4JLue9jqhSxQLBhEVilgznhxJ3aEzNQm1PRSANit5b5QErUU7e5hactDINRwYC8sZrj/MiBQI6mnbQ0wgG+Chk6IRKxlXCQ5Tr1eazTqZ561ZN26O9fftR6s/pipHzkD+FfMw4eP/OKXP9+5c+eB9w6UK5U2KrO+smsykpO3KTlA6iCySBM/iAtvpRxpJe1ZOJd7FV/VV9BlxJMWzCbWFtceFJ4IG1ywAtmDqliYLv9Fo+k2k+abCv1LyMyigz16lyH5A8oXiksvXHrDp66/5ZbbFi1aBLqlnBO8GAMGUPLMYlKfvT7w3oH9+/f/+fCHJ06cKJcrstQwU8Ll4eJfrRObkPvKEsffg/wy/EqCivQSrayYchLMagXe0jRrRliUstQn6ewE9UqsHnwpclcIPmw+ZJEhCDAptdWtoEawj4p8cWiqdJK2kQkpzmWaJleK2FyqHQHV8hK1yFBXK5O/T/EhXJStZpy5zWw2MzU9dd555188u+KCpRfA947tMI3IGAOMBwMAOMnBkjoWc3sagnK9S2wGxgLjxAAcILOYSO4joKqN/aEn00Tw4Bant6mAqe+A9TTclqcEbqHvnkXuObxte8cuQeWlWp2l1XsTK6daIsaG+seRAfxQKr6yfoS2fvA1hvC1ivC9CEI/q+3prpbOj/FoDqEp8EoVAUXO570K3ELoP7LUQuhQ3WN09cZXiMWXlULdI1nlQm8vo5Bfesq0bxt7BuhVkLc/IFCRRVev2xgH3Y0HaO090Ed3BwI7abfzfRteQibsx7r3oy2nQrDigK69scCpxgBxo3e5iFWS0vEn7m6QMECC0xrYzbQJEowUCQMkOK2RMECC0xoJAyQ4rZEwQILTGgkDJDitkTBAAuN0xv8H5mkGkA80qjcAAAAASUVORK5CYII=
- ID: "6954b7c7-2487-423f-8600-436cb3b6dc0e"
  Hint: Size
  Value: 14789
- ID: "6f47a0a5-9c94-4b48-abeb-42d38def6054"
  Hint: Mime Type
  Value: image/png
- ID: "c06867fe-9a43-4c7d-b739-48780492d06f"
  Hint: Extension
  Value: png
- ID: "cb09946f-3218-4823-87d2-d5007c199a96"
  Hint: Dimensions
  Value: 256 x 256
- ID: "dbbbeca1-21c7-4906-9dd2-493c1efa59a2"
  Hint: __Shared revision
  Value: "8b8d351a-7111-42ba-8e62-d1f326f27844"
- ID: "de2ca9e4-c117-4c8a-a139-1ff4b199d15a"
  Hint: Height
  Value: 256
Languages:
- Language: "en"
  Versions:
  - Version: 1
    Fields:
    - ID: "25bed78c-4957-4165-998a-ca1b52f67497"
      Hint: __Created
      Value: 20260908T231008Z
    - ID: "3f4b20e9-36e6-4d45-a423-c86567373f82"
      Hint: Title
      Value: "card-block"
    - ID: "52807595-0f8f-4b20-8d2a-cb71d28c6103"
      Hint: __Owner
      Value: |
        sitecore\zach.escabedo@sitecore.com
    - ID: "5dd74568-4d4b-44c1-b513-0af5f4cda34f"
      Hint: __Created by
      Value: |
        sitecore\zach.escabedo@sitecore.com
    - ID: "65885c44-8fcd-4a7f-94f1-ee63703fe193"
      Hint: Alt
      Value: Card component icon
    - ID: "8cdc337e-a112-42fb-bbb4-4143751e123f"
      Hint: __Revision
      Value: "2c9159d4-2893-4623-98f5-bcc16dd1bb43"
    - ID: "badd9cf9-53e0-4d0c-bcc0-2d784c282f6a"
      Hint: __Updated by
      Value: |
        sitecore\zach.escabedo@sitecore.com
    - ID: "d9cf14b1-fa16-4ba6-9288-e8a174d4d522"
      Hint: __Updated
      Value: 20260908T231826Z
