---
ID: "005b7eca-38b0-4111-92f5-fee303cf211e"
Parent: "95649513-a2f7-4608-b1fe-b1f2035a0c41"
Template: "ab86861a-6030-46c5-b394-e8f99e8b87db"
Path: "/sitecore/templates/Project/starter-collection/starter/Components/ui/badge-block"
BranchID: "00000000-0000-0000-0000-000000000000"
SharedFields:
- ID: 06d5295c-ed2f-4a54-9bf2-26228d113318
  Hint: __Icon
  Value: "/-/media/fc1b05103fb84f80a5d902f37a9e2a1f.ashx?thn=1&db=master&v=2"
- ID: 12c33f3f-86c5-43a5-aeb4-5598cec45116
  Hint: __Base template
  Value: |
    {1930BBEB-7805-471A-A3BE-4858AC7CF696}
    {44A022DB-56D3-419A-B43B-E27E4D8E9C41}
    {D0F6BE14-2A2D-4C56-ACB5-80CAA573B8E2}
    {8BA7DAC6-32ED-4378-BD9E-5DA5B0F9848D}
- ID: dbbbeca1-21c7-4906-9dd2-493c1efa59a2
  Hint: __Shared revision
  Value: "b75df652-1faa-4fe9-b343-a6d18277a0f9"
- ID: f7d48a55-2158-4f02-9356-756654404f73
  Hint: __Standard values
  Value: "{1490BE3B-F07B-47D3-BDEC-DFBF02E29C65}"
Languages:
- Language: en
  Fields:
  - ID: 30e85e5d-e00a-4864-b358-7624d511deb4
    Hint: __Unversioned revision
    Value: "81891f32-12a5-4dd1-b69c-4276bab3200e"
  - ID: b5e02ad9-d56f-4c41-a065-a133db87bdeb
    Hint: __Display name
    Value: Badge
  Versions:
  - Version: 1
    Fields:
    - ID: 25bed78c-4957-4165-998a-ca1b52f67497
      Hint: __Created
      Value: 20260813T214906Z
    - ID: 52807595-0f8f-4b20-8d2a-cb71d28c6103
      Hint: __Owner
      Value: |
        sitecore\zach.escabedo@sitecore.com
    - ID: 5dd74568-4d4b-44c1-b513-0af5f4cda34f
      Hint: __Created by
      Value: |
        sitecore\zach.escabedo@sitecore.com
    - ID: 8cdc337e-a112-42fb-bbb4-4143751e123f
      Hint: __Revision
      Value: "cc73e71d-8b33-434a-a0be-da0327b29fac"
    - ID: badd9cf9-53e0-4d0c-bcc0-2d784c282f6a
      Hint: __Updated by
      Value: |
        sitecore\zach.escabedo@sitecore.com
    - ID: d9cf14b1-fa16-4ba6-9288-e8a174d4d522
      Hint: __Updated
      Value: 20260909T151727Z
DB: master
